{
    "version": 3,
    "terraform_version": "0.10.0",
    "serial": 2,
    "lineage": "42a83c94-a79d-40ce-a79e-3bd31828cdd2",
    "modules": [
        {
            "path": [
                "root"
            ],
            "outputs": {},
            "resources": {
                "kubernetes_namespace.dev-workspace": {
                    "type": "kubernetes_namespace",
                    "depends_on": [],
                    "primary": {
                        "id": "dev-workspace",
                        "attributes": {
                            "id": "dev-workspace",
                            "metadata.#": "1",
                            "metadata.0.annotations.%": "0",
                            "metadata.0.generate_name": "",
                            "metadata.0.generation": "0",
                            "metadata.0.labels.%": "0",
                            "metadata.0.name": "dev-workspace",
                            "metadata.0.resource_version": "5096",
                            "metadata.0.self_link": "/api/v1/namespacesdev-workspace",
                            "metadata.0.uid": "519d4b38-9ca9-11e7-9a00-42010a8a007a"
                        },
                        "meta": {},
                        "tainted": false
                    },
                    "deposed": [],
                    "provider": ""
                }
            },
            "depends_on": []
        }
    ]
}
