{
    "version": 3,
    "terraform_version": "0.10.0",
    "serial": 10,
    "lineage": "c5a9d95c-e41a-417c-a4cf-6c55fc472f4f",
    "modules": [
        {
            "path": [
                "root"
            ],
            "outputs": {},
            "resources": {
                "google_storage_bucket.blue-world-tf-state": {
                    "type": "google_storage_bucket",
                    "depends_on": [],
                    "primary": {
                        "id": "terraformstate03102017112805",
                        "attributes": {
                            "cors.#": "0",
                            "force_destroy": "false",
                            "id": "terraformstate03102017112805",
                            "location": "US-WEST1",
                            "name": "terraformstate03102017112805",
                            "self_link": "https://www.googleapis.com/storage/v1/b/terraformstate03102017112805",
                            "storage_class": "STANDARD",
                            "url": "gs://terraformstate03102017112805"
                        },
                        "meta": {},
                        "tainted": false
                    },
                    "deposed": [],
                    "provider": ""
                },
                "google_storage_bucket_acl.image-store-acl": {
                    "type": "google_storage_bucket_acl",
                    "depends_on": [
                        "google_storage_bucket.blue-world-tf-state"
                    ],
                    "primary": {
                        "id": "terraformstate03102017112805-acl",
                        "attributes": {
                            "bucket": "terraformstate03102017112805",
                            "id": "terraformstate03102017112805-acl",
                            "predefined_acl": "publicreadwrite"
                        },
                        "meta": {},
                        "tainted": false
                    },
                    "deposed": [],
                    "provider": ""
                }
            },
            "depends_on": []
        }
    ]
}
