{
    "version": 3,
    "terraform_version": "0.10.0",
    "serial": 27,
    "lineage": "4d0fd58d-9ceb-4501-a2b5-4c807f3c108e",
    "modules": [
        {
            "path": [
                "root"
            ],
            "outputs": {},
            "resources": {
                "google_storage_bucket.blue-world-tf-state": {
                    "type": "google_storage_bucket",
                    "depends_on": [],
                    "primary": {
                        "id": "terraformstate02102017102925",
                        "attributes": {
                            "cors.#": "0",
                            "force_destroy": "false",
                            "id": "terraformstate02102017102925",
                            "location": "US-WEST1",
                            "name": "terraformstate02102017102925",
                            "self_link": "https://www.googleapis.com/storage/v1/b/terraformstate02102017102925",
                            "storage_class": "STANDARD",
                            "url": "gs://terraformstate02102017102925"
                        },
                        "meta": {},
                        "tainted": false
                    },
                    "deposed": [],
                    "provider": ""
                },
                "google_storage_bucket_acl.image-store-acl": {
                    "type": "google_storage_bucket_acl",
                    "depends_on": [
                        "google_storage_bucket.blue-world-tf-state"
                    ],
                    "primary": {
                        "id": "terraformstate02102017102925-acl",
                        "attributes": {
                            "bucket": "terraformstate02102017102925",
                            "id": "terraformstate02102017102925-acl",
                            "predefined_acl": "publicreadwrite"
                        },
                        "meta": {},
                        "tainted": false
                    },
                    "deposed": [],
                    "provider": ""
                }
            },
            "depends_on": []
        }
    ]
}
