{
    "version": 3,
    "terraform_version": "0.10.0",
    "serial": 12,
    "lineage": "c116ef32-753f-4b0c-8e5f-1ca4cb3ec0d4",
    "modules": [
        {
            "path": [
                "root"
            ],
            "outputs": {
                "gcp_cluster_endpoint": {
                    "sensitive": false,
                    "type": "string",
                    "value": "35.197.108.182"
                },
                "gcp_cluster_name": {
                    "sensitive": false,
                    "type": "string",
                    "value": "googlykubycluster"
                },
                "gcp_ssh_command": {
                    "sensitive": false,
                    "type": "string",
                    "value": "ssh coolusername@35.197.108.182"
                }
            },
            "resources": {
                "azurerm_container_service.bluekuby": {
                    "type": "azurerm_container_service",
                    "depends_on": [
                        "azurerm_resource_group.blue_kuby_group"
                    ],
                    "primary": {
                        "id": "/subscriptions/77ad15ff-226a-4aa9-bef3-648597374f9c/resourceGroups/bluekubygroup/providers/Microsoft.ContainerService/containerServices/bluekubyhouse",
                        "attributes": {
                            "agent_pool_profile.#": "1",
                            "agent_pool_profile.4286314600.count": "3",
                            "agent_pool_profile.4286314600.dns_prefix": "kuby.house",
                            "agent_pool_profile.4286314600.fqdn": "",
                            "agent_pool_profile.4286314600.name": "default",
                            "agent_pool_profile.4286314600.vm_size": "Standard_A0",
                            "diagnostics_profile.#": "1",
                            "diagnostics_profile.734881840.enabled": "false",
                            "diagnostics_profile.734881840.storage_uri": "",
                            "id": "/subscriptions/77ad15ff-226a-4aa9-bef3-648597374f9c/resourceGroups/bluekubygroup/providers/Microsoft.ContainerService/containerServices/bluekubyhouse",
                            "linux_profile.#": "1",
                            "linux_profile.1362204836.admin_username": "coolusername",
                            "linux_profile.1362204836.ssh_key.#": "1",
                            "linux_profile.1362204836.ssh_key.994404834.key_data": "ssh-rsa AAAAB3NzaC1yc2EAAAADAQABAAACAQC3Wwmr3DXQJwDeVRtuMQx2k3jGXPDOPDMHiT+AVfhmwqwGMCDCOpeJo4CK6s6nIvOqr+XREgccHgGu8ao58CX8rUi9bL0BxNtKbrTaevWd7w+JoJAG3jBXmsXYyhkH2wkyf4qw3ba740XZdq6/gBqr5S+QvB7lkL+qPa7IgfaU4dcwK2dzgW+Rs0/aS6cdio5HS7mmuDSScst8nA0FH6KlvMchdiA40AC/OhJ+FJlT6esR1hXVLf1GiZAqZfnCXDVBHOichpcFSLpsl/2a3RPvMJEsVco67gZ+xJ7Ex3buVv6qpaR3H08x9xhSYNCyCM5UfAXeu20fJeSCvZAOyCgnEMbBH6HtHY9uRHo/8yqu7XzqJpHXDe2VOmn1VPjbl21GIZUZfE9HVaXQR620YBQ/NanxTT9BXdDPXMBsPZA6EiYEIn1SKxL8Ze82aIlkVCaWkoHHGHxWAIXjOGkD3tPEJ4TuoDxtIEmu4ERnHLB4+4WKDgFZKVgAOM60xaCOvfDnZW1SA75fuyy+AHShJsZivGyY+jtaTMwSGOyeAtX7wJClWCGWM0zH8JZinWfz+RBh9qwMUCXgavHxVnu2Jc5vATTDB/Vw7oJz19XZRCZThx5deTmCAN+AeVv/0FH3PKtI4EHsVgOR57VAq9xXMrMJ6A/03t5NG23lWolijCNT9w== adron@thrashingcode.com",
                            "location": "westus",
                            "master_profile.#": "1",
                            "master_profile.1498715451.count": "1",
                            "master_profile.1498715451.dns_prefix": "bluekubycluster",
                            "master_profile.1498715451.fqdn": "bluekubycluster.westus.cloudapp.azure.com",
                            "name": "bluekubyhouse",
                            "orchestration_platform": "Kubernetes",
                            "resource_group_name": "bluekubygroup",
                            "service_principal.#": "1",
                            "service_principal.408466820.client_id": "d2fcd2db-3c91-403c-9e09-a48e57ebde42",
                            "service_principal.408466820.client_secret": "",
                            "tags.%": "1",
                            "tags.Environment": "Production"
                        },
                        "meta": {},
                        "tainted": false
                    },
                    "deposed": [],
                    "provider": ""
                },
                "azurerm_resource_group.blue_kuby_group": {
                    "type": "azurerm_resource_group",
                    "depends_on": [],
                    "primary": {
                        "id": "/subscriptions/77ad15ff-226a-4aa9-bef3-648597374f9c/resourceGroups/bluekubygroup",
                        "attributes": {
                            "id": "/subscriptions/77ad15ff-226a-4aa9-bef3-648597374f9c/resourceGroups/bluekubygroup",
                            "location": "westus",
                            "name": "bluekubygroup",
                            "tags.%": "0"
                        },
                        "meta": {},
                        "tainted": false
                    },
                    "deposed": [],
                    "provider": ""
                },
                "google_container_cluster.googlykuby": {
                    "type": "google_container_cluster",
                    "depends_on": [],
                    "primary": {
                        "id": "googlykubycluster",
                        "attributes": {
                            "additional_zones.#": "2",
                            "additional_zones.3926883567": "us-west1-b",
                            "additional_zones.4078194094": "us-west1-c",
                            "cluster_ipv4_cidr": "10.60.0.0/14",
                            "description": "",
                            "enable_legacy_abac": "true",
                            "endpoint": "35.197.108.182",
                            "id": "googlykubycluster",
                            "initial_node_count": "2",
                            "instance_group_urls.#": "3",
                            "instance_group_urls.0": "https://www.googleapis.com/compute/v1/projects/thrashingcorecode/zones/us-west1-b/instanceGroups/gke-googlykubycluster-default-pool-88d0078a-grp",
                            "instance_group_urls.1": "https://www.googleapis.com/compute/v1/projects/thrashingcorecode/zones/us-west1-c/instanceGroups/gke-googlykubycluster-default-pool-56e41b5e-grp",
                            "instance_group_urls.2": "https://www.googleapis.com/compute/v1/projects/thrashingcorecode/zones/us-west1-a/instanceGroups/gke-googlykubycluster-default-pool-20808610-grp",
                            "logging_service": "logging.googleapis.com",
                            "master_auth.#": "1",
                            "master_auth.0.client_certificate": "LS0tLS1CRUdJTiBDRVJUSUZJQ0FURS0tLS0tCk1JSUMyakNDQWNLZ0F3SUJBZ0lRRW52ZURYUXBxVlZoL2VLaW9IQ1lYVEFOQmdrcWhraUc5dzBCQVFzRkFEQXYKTVMwd0t3WURWUVFERXlSaU0ySmlNamxrT1MwM1pHWmpMVFJpWVRRdFlXTTRPUzAwWkRsa1ptSTFZemhpWXpVdwpIaGNOTVRjeE1ERXlNakl6TnpVNFdoY05Nakl4TURFeE1qSXpOelU0V2pBUk1ROHdEUVlEVlFRREV3WmpiR2xsCmJuUXdnZ0VpTUEwR0NTcUdTSWIzRFFFQkFRVUFBNElCRHdBd2dnRUtBb0lCQVFDYzFCOW9qSVlVUjNITHkxVFIKUnMwWUs3Q1NMK1dkU2h3ZVJhc2hnRG1DVlVxTzB2RTY3VFdrcWQ0VnZkNnNTZ3NieWNmeDBaN3FzUUxxelEwdQpmcHNOMW5NZ2Y5SEVkK0lROUNTLzJ5aU5EQ0ZmSEZxNmJXNkFUUVRYc1VGN1V2M09FRTRzVWZuT210VmhlejlWCmY1R09vMUhmbzRXd3hYTHp1OXRWaG0vY0owZW10RWFZTnhTcTNoUXZ3RTNNak93Z3pjNkFCalNVczQ5NXFJMDkKMXQ4b2lHSEU2OEVFSzBHTWlBR2tPZytOYjlyMEJFWDhzTUo3RXROZW1BWXhtY2ltOStZWXcxUFFwTG02N2FmVQpwQU5PQkxpdElHUXVxVVVxYnJVUEJBRDFNRUlpL3J6RXVsWENBdkFwZk9IN2tYNTVFS2ZDQnB6d2tkbEV5aURICm9WUVRBZ01CQUFHakVEQU9NQXdHQTFVZEV3RUIvd1FDTUFBd0RRWUpLb1pJaHZjTkFRRUxCUUFEZ2dFQkFLQVEKZzI5U2laWXpHOXN5TVB0S2EwakhMRHJDUnQ3TG00ZGRSbkE0WVZKS0MzaUtjMng1Rml5N2VBUyt1Tno0bVlndgpGNldKMVYxUkZYczJ3OUUwMUx4d25wSUNNS2FBWHljKy9oT24rcnEwWE0ramxLZGVtODhqeFBRVkFOV2dVYUJ0ClVoSlpjUUVmODBFOC9KU0RoZTc2VGtDMjhsUCtQR0pmYVVxU0d6Vk5HRldCcmJuWlByUDRvTjV5M3NKVFQyMC8KcVl6YUhhQUh2RnVKWkhtOHBLYlpUV3JqTHhFb0ZIWHZhSzJBRVdMdnV4STNacnV2Z1VKS0p0TUt5RkNuSlYzeQpIZUFQVjJ1TWZ3UU9zdGdqS09wNGFRTVhXNHRidWdWTFlQRm1GZGxIOWxST1JMU2lraEhjQ0dpWUQ3L3VGRzhyCmJnMURvUHlBMGwxL2pXY3Y0S1U9Ci0tLS0tRU5EIENFUlRJRklDQVRFLS0tLS0K",
                            "master_auth.0.client_key": "LS0tLS1CRUdJTiBSU0EgUFJJVkFURSBLRVktLS0tLQpNSUlFb3dJQkFBS0NBUUVBbk5RZmFJeUdGRWR4eTh0VTBVYk5HQ3V3a2kvbG5Vb2NIa1dySVlBNWdsVktqdEx4Ck91MDFwS25lRmIzZXJFb0xHOG5IOGRHZTZyRUM2czBOTG42YkRkWnpJSC9SeEhmaUVQUWt2OXNvalF3aFh4eGEKdW0xdWdFMEUxN0ZCZTFMOXpoQk9MRkg1enByVllYcy9WWCtSanFOUjM2T0ZzTVZ5ODd2YlZZWnYzQ2RIcHJSRwptRGNVcXQ0VUw4Qk56SXpzSU0zT2dBWTBsTE9QZWFpTlBkYmZLSWhoeE92QkJDdEJqSWdCcERvUGpXL2E5QVJGCi9MRENleExUWHBnR01abklwdmZtR01OVDBLUzV1dTJuMUtRRFRnUzRyU0JrTHFsRkttNjFEd1FBOVRCQ0l2NjgKeExwVndnTHdLWHpoKzVGK2VSQ253Z2FjOEpIWlJNb2d4NkZVRXdJREFRQUJBb0lCQUJnUThUVHhBNDVQSEdaaQpzSVJnOGc0NGZpTWcySUtYb2RML2EvQjdKZGdiVUpLMFNqSjV2bGFqZnFJbGZldEFmWTNwSEJhK3pUMUVwcWJ6CmlvZE5CR3hPTVdLV1d0RmtlRHVUeTZQcGRNS1lUdkt5ZmpYSG4wSnZEMFF1UGxjM2VCMU1JVUxwM1lUWCs5QzIKd2hSVHZEbUFWSXNXSStqcGsrZFZONlpiT0FVM2dGbXVEZmpFRWlDY1REbDc2MWNZcENTSXI0bGJQczNqeDhXNQpjWjFXdGIxdEhPSHdFNVR5bmR2UEJTb0h2SVg2UUtNL0dDVDRFTmtrdWc3dHIrKzVzeVErWGhsVWQvc0pVSDJrClJNNGhmVTZsMnh2SWE0T1FsL0kxMWpSMUtNWVdRYW1rT0Jrc25od0ZkSExXSGUzbmI0Uk5rYkJZZlBOVWFySDQKemZLNGVZa0NnWUVBME5pOWkzVEFrZjY3ZHZsZ3RtQ25QZ1Z3clBrZldqV0R2WERISWpRSmsrZko3cysxeUFhQQpsL0s2MXBnekp1cFp5Nm1NZnlmMU5MK21oa2NSN1laeVNYYUxOeWFwckZBUVZCUTRLU0RBK3hMYXBENjZzd1JICkVMa0QybHhRRVFuNWN6TnVHQmtYdEs1aUlTb2FVbzVVK3hvQ2RKbE0wZFNqaS9jMW5OWkpIajBDZ1lFQXdEekMKT2ZXZUdIVUtPNFdpNWhPbFAyWW5tUFhXL1pLUXZHS2FoSCtzNDBxbVQxaGIxaGR5aWhPb085aVBTRE82QmtybwpUWWxuL1dYQXJkUk55eVhiTDdocXluN2dlWVNSanVPbmRUa3BSc3UzK0w3WXhDRStHTWRPeXR1TWVlZFJsK0VpCmxUV1ZLQVczSldKVzIySTBnbllxbFErU1liUjVCOU9qYnh0Mk1JOENnWUFlMkJQT1Y5VGsrdmtXemlmUlo1N3IKa3dRY0Y4TGdvTXl2R3N2ZUtrOUx6OHpMLzFNNmtuTkZmYXpJYXJ3TFFFczR2L2FuQlBDNjlKOFViOFNmRHQ4cwpLRnpSTFYyYnZFdGRENHRuejVXUXZ5MFpXc1phRUFTcTNKaE1GSndpbUJXR1JRODZjZUpGWmdmS0hCeTlHcFpFCmE0ZjNUbmpBK0tXYTAwelF0L2tlaFFLQmdRQ3BKODJ3dXBSMjZPWXNJaGVKWk5nUHhaQXFaSWpkY0U2enRnQkoKZng5ZWtaMXVURTNqUVpha01VL2orVmQ3TFNrUHlISkphQk45UWtBZHRhY09qeTBqL0o3YnVIRkYvSVVvdXVIcgpvSFRWdXdVVGVMdTlPWk11c3BKK3Bsb2lHbzRObXltWEtpTXBxSDNVQTRoeVd5UGhlS0ZYc1BBWjBYaCtqcGhOCmVGaXp1UUtCZ0ErVkNRd2dWcjRTWCtEWjJQM1NnVUIzWFM1VElGbmhjSzB2V3RpYU5jOEl2d1ErdUUydFJnUkEKMWJ5Q3NCL3lVRTRrdVVKQVdWbG9nbm5pM3pYSkdSZnNXcUd1aHFOb3lNNDNibXhRMWdKb3R1WGhQZWhUNm1lZworSllNenJCWGdxMEZDcUZnckowVjFwaDhDbHJEM0d1RTJ2b1FIeDgyZStxSjU5Ly8zbnVwCi0tLS0tRU5EIFJTQSBQUklWQVRFIEtFWS0tLS0tCg==",
                            "master_auth.0.cluster_ca_certificate": "LS0tLS1CRUdJTiBDRVJUSUZJQ0FURS0tLS0tCk1JSURERENDQWZTZ0F3SUJBZ0lSQU5ITjd5Q1RDSWhIUk9XcUpFdUNYcDB3RFFZSktvWklodmNOQVFFTEJRQXcKTHpFdE1Dc0dBMVVFQXhNa1lqTmlZakk1WkRrdE4yUm1ZeTAwWW1FMExXRmpPRGt0TkdRNVpHWmlOV000WW1NMQpNQjRYRFRFM01UQXhNakl4TXpjMU9Gb1hEVEl5TVRBeE1USXlNemMxT0Zvd0x6RXRNQ3NHQTFVRUF4TWtZak5pCllqSTVaRGt0TjJSbVl5MDBZbUUwTFdGak9Ea3ROR1E1WkdaaU5XTTRZbU0xTUlJQklqQU5CZ2txaGtpRzl3MEIKQVFFRkFBT0NBUThBTUlJQkNnS0NBUUVBdmJoNDVIbVhsM3pBWmxuU1JVVGZNZnJNYzlxYnZjS3J3N0tNK2czawo3dTIvTXZaRWxjSWgxbXJhTzEwdzZFOGhTb1BRenhmU2trc3YzTHliaXBQd2NnU2pYN05PRUlJbFo5OWlDMWQwCnZ5T0JZc1Z4ZUVGQ3RUcFF0TnVJZjRvNHlVVm5Pd1MwMHBiSUpzbGdnUHlZNytEanJJbFlDSEdrckwyOTlQV08KdjMvb2ZRYjY1YVZZUTZSUGRNNmlQem4wOE9KTTBwVFVkcTkvZ05XbW1ESU1kL1F0K0E0eE8wK1p1UldUTm8wLwpaaGhOK2c0bDVjcmZDYjZKNWhTOVhlWmtZK1E0SG5PdC84VVpkb2N4bjlGKytqUEJJbVVHb1E3N2JqaUp5MzdUClY4WHFJdlJ1WUEyVk8rM2JaZTl1M2IwbmMyOFVRak9EWm1GTVc3cFVqclA0cndJREFRQUJveU13SVRBT0JnTlYKSFE4QkFmOEVCQU1DQWdRd0R3WURWUjBUQVFIL0JBVXdBd0VCL3pBTkJna3Foa2lHOXcwQkFRc0ZBQU9DQVFFQQpNU1A0TUlTTHgrU29ydElaaTFGQVRNcjc4NDN6anY3ckFnY2dwVVBxQU82b2NENUZPQjFJU044UWhJTkh2a1JJCkp4NkJ5UklSZVA0ZS9OYnE0aDdjWFR1aTF6OUhIbmdUdkFEeEZTL25nZ1FjbFdFMTV1Z3d2REdWT1kvaExmNUwKZnZJYitLbmZZdi9zaW9kQnRFa25IV1VFSnBZNWdSaGlFNFNRakZ1bkdRQUVBalRvTFBPczVPcnI3M05TeERtSwpIdVczKy9jVkN6MnozNzN5eFhrbzk5RjhhbExYR204ZGNlOEx2QzY3cWRIZnFybGs4U2EwbTh4bGJ4Q2RTb0I2CkFVd1NhMGhWQVRCaFY3L3dtdTlMTkw4ekc0R3F6am1na0RtUkFCeFU0OE5Xc3J0eDcxRWlmM2dpRDdZdjZ3NGMKcjBUTVZiMEtFcDRzTVByQ3J2QjNrUT09Ci0tLS0tRU5EIENFUlRJRklDQVRFLS0tLS0K",
                            "master_auth.0.password": "coolpassword}",
                            "master_auth.0.username": "coolusername",
                            "monitoring_service": "monitoring.googleapis.com",
                            "name": "googlykubycluster",
                            "network": "default",
                            "node_config.#": "1",
                            "node_config.0.disk_size_gb": "100",
                            "node_config.0.image_type": "COS",
                            "node_config.0.labels.%": "1",
                            "node_config.0.labels.this-is-for": "dev-cluster",
                            "node_config.0.local_ssd_count": "0",
                            "node_config.0.machine_type": "n1-standard-1",
                            "node_config.0.metadata.%": "0",
                            "node_config.0.oauth_scopes.#": "4",
                            "node_config.0.oauth_scopes.0": "https://www.googleapis.com/auth/compute",
                            "node_config.0.oauth_scopes.1": "https://www.googleapis.com/auth/devstorage.read_only",
                            "node_config.0.oauth_scopes.2": "https://www.googleapis.com/auth/logging.write",
                            "node_config.0.oauth_scopes.3": "https://www.googleapis.com/auth/monitoring",
                            "node_config.0.preemptible": "false",
                            "node_config.0.service_account": "default",
                            "node_config.0.tags.#": "2",
                            "node_config.0.tags.0": "dev",
                            "node_config.0.tags.1": "work",
                            "node_pool.#": "1",
                            "node_pool.0.initial_node_count": "2",
                            "node_pool.0.name": "default-pool",
                            "node_pool.0.name_prefix": "",
                            "node_pool.0.node_config.#": "1",
                            "node_pool.0.node_config.0.disk_size_gb": "100",
                            "node_pool.0.node_config.0.image_type": "COS",
                            "node_pool.0.node_config.0.labels.%": "1",
                            "node_pool.0.node_config.0.labels.this-is-for": "dev-cluster",
                            "node_pool.0.node_config.0.local_ssd_count": "0",
                            "node_pool.0.node_config.0.machine_type": "n1-standard-1",
                            "node_pool.0.node_config.0.metadata.%": "0",
                            "node_pool.0.node_config.0.oauth_scopes.#": "4",
                            "node_pool.0.node_config.0.oauth_scopes.0": "https://www.googleapis.com/auth/compute",
                            "node_pool.0.node_config.0.oauth_scopes.1": "https://www.googleapis.com/auth/devstorage.read_only",
                            "node_pool.0.node_config.0.oauth_scopes.2": "https://www.googleapis.com/auth/logging.write",
                            "node_pool.0.node_config.0.oauth_scopes.3": "https://www.googleapis.com/auth/monitoring",
                            "node_pool.0.node_config.0.preemptible": "false",
                            "node_pool.0.node_config.0.service_account": "default",
                            "node_pool.0.node_config.0.tags.#": "2",
                            "node_pool.0.node_config.0.tags.0": "dev",
                            "node_pool.0.node_config.0.tags.1": "work",
                            "node_pool.0.node_count": "2",
                            "node_version": "1.7.6",
                            "subnetwork": "",
                            "zone": "us-west1-a"
                        },
                        "meta": {
                            "e2bfb730-ecaa-11e6-8f88-34363bc7c4c0": {
                                "create": 1800000000000,
                                "delete": 600000000000,
                                "update": 600000000000
                            },
                            "schema_version": "1"
                        },
                        "tainted": false
                    },
                    "deposed": [],
                    "provider": ""
                },
                "google_sourcerepo_repository.kubycoderepo": {
                    "type": "google_sourcerepo_repository",
                    "depends_on": [],
                    "primary": {
                        "id": "projects/thrashingcorecode/repos/kubyrepos",
                        "attributes": {
                            "id": "projects/thrashingcorecode/repos/kubyrepos",
                            "name": "kubyrepos"
                        },
                        "meta": {},
                        "tainted": false
                    },
                    "deposed": [],
                    "provider": ""
                }
            },
            "depends_on": []
        }
    ]
}
