{
    "version": 3,
    "terraform_version": "0.10.0",
    "serial": 3,
    "lineage": "e4a9c08a-ff0f-4148-9045-e42845ea0d39",
    "modules": [
        {
            "path": [
                "root"
            ],
            "outputs": {
                "gcp_cluster_endpoint": {
                    "sensitive": false,
                    "type": "string",
                    "value": "35.197.37.239"
                },
                "gcp_cluster_name": {
                    "sensitive": false,
                    "type": "string",
                    "value": "googlykubycluster"
                },
                "gcp_ssh_command": {
                    "sensitive": false,
                    "type": "string",
                    "value": "ssh coolusername@35.197.37.239"
                }
            },
            "resources": {
                "azurerm_container_service.bluekuby": {
                    "type": "azurerm_container_service",
                    "depends_on": [
                        "azurerm_resource_group.blue_kuby_group"
                    ],
                    "primary": {
                        "id": "/subscriptions/77ad15ff-226a-4aa9-bef3-648597374f9c/resourceGroups/bluekubygroup/providers/Microsoft.ContainerService/containerServices/bluekubyhouse",
                        "attributes": {
                            "agent_pool_profile.#": "1",
                            "agent_pool_profile.3381225627.count": "2",
                            "agent_pool_profile.3381225627.dns_prefix": "kuby.house",
                            "agent_pool_profile.3381225627.fqdn": "",
                            "agent_pool_profile.3381225627.name": "default",
                            "agent_pool_profile.3381225627.vm_size": "Standard_A0",
                            "diagnostics_profile.#": "1",
                            "diagnostics_profile.734881840.enabled": "false",
                            "diagnostics_profile.734881840.storage_uri": "",
                            "id": "/subscriptions/77ad15ff-226a-4aa9-bef3-648597374f9c/resourceGroups/bluekubygroup/providers/Microsoft.ContainerService/containerServices/bluekubyhouse",
                            "linux_profile.#": "1",
                            "linux_profile.1362204836.admin_username": "coolusername",
                            "linux_profile.1362204836.ssh_key.#": "1",
                            "linux_profile.1362204836.ssh_key.994404834.key_data": "ssh-rsa AAAAB3NzaC1yc2EAAAADAQABAAACAQC3Wwmr3DXQJwDeVRtuMQx2k3jGXPDOPDMHiT+AVfhmwqwGMCDCOpeJo4CK6s6nIvOqr+XREgccHgGu8ao58CX8rUi9bL0BxNtKbrTaevWd7w+JoJAG3jBXmsXYyhkH2wkyf4qw3ba740XZdq6/gBqr5S+QvB7lkL+qPa7IgfaU4dcwK2dzgW+Rs0/aS6cdio5HS7mmuDSScst8nA0FH6KlvMchdiA40AC/OhJ+FJlT6esR1hXVLf1GiZAqZfnCXDVBHOichpcFSLpsl/2a3RPvMJEsVco67gZ+xJ7Ex3buVv6qpaR3H08x9xhSYNCyCM5UfAXeu20fJeSCvZAOyCgnEMbBH6HtHY9uRHo/8yqu7XzqJpHXDe2VOmn1VPjbl21GIZUZfE9HVaXQR620YBQ/NanxTT9BXdDPXMBsPZA6EiYEIn1SKxL8Ze82aIlkVCaWkoHHGHxWAIXjOGkD3tPEJ4TuoDxtIEmu4ERnHLB4+4WKDgFZKVgAOM60xaCOvfDnZW1SA75fuyy+AHShJsZivGyY+jtaTMwSGOyeAtX7wJClWCGWM0zH8JZinWfz+RBh9qwMUCXgavHxVnu2Jc5vATTDB/Vw7oJz19XZRCZThx5deTmCAN+AeVv/0FH3PKtI4EHsVgOR57VAq9xXMrMJ6A/03t5NG23lWolijCNT9w== adron@thrashingcode.com",
                            "location": "westus",
                            "master_profile.#": "1",
                            "master_profile.1498715451.count": "1",
                            "master_profile.1498715451.dns_prefix": "bluekubycluster",
                            "master_profile.1498715451.fqdn": "bluekubycluster.westus.cloudapp.azure.com",
                            "name": "bluekubyhouse",
                            "orchestration_platform": "Kubernetes",
                            "resource_group_name": "bluekubygroup",
                            "service_principal.#": "1",
                            "service_principal.408466820.client_id": "d2fcd2db-3c91-403c-9e09-a48e57ebde42",
                            "service_principal.408466820.client_secret": "",
                            "tags.%": "1",
                            "tags.Environment": "Production"
                        },
                        "meta": {},
                        "tainted": false
                    },
                    "deposed": [],
                    "provider": ""
                },
                "azurerm_resource_group.blue_kuby_group": {
                    "type": "azurerm_resource_group",
                    "depends_on": [],
                    "primary": {
                        "id": "/subscriptions/77ad15ff-226a-4aa9-bef3-648597374f9c/resourceGroups/bluekubygroup",
                        "attributes": {
                            "id": "/subscriptions/77ad15ff-226a-4aa9-bef3-648597374f9c/resourceGroups/bluekubygroup",
                            "location": "westus",
                            "name": "bluekubygroup",
                            "tags.%": "0"
                        },
                        "meta": {},
                        "tainted": false
                    },
                    "deposed": [],
                    "provider": ""
                },
                "google_container_cluster.googlykuby": {
                    "type": "google_container_cluster",
                    "depends_on": [],
                    "primary": {
                        "id": "googlykubycluster",
                        "attributes": {
                            "additional_zones.#": "2",
                            "additional_zones.3926883567": "us-west1-b",
                            "additional_zones.4078194094": "us-west1-c",
                            "cluster_ipv4_cidr": "10.60.0.0/14",
                            "description": "",
                            "enable_legacy_abac": "true",
                            "endpoint": "35.197.37.239",
                            "id": "googlykubycluster",
                            "initial_node_count": "1",
                            "instance_group_urls.#": "3",
                            "instance_group_urls.0": "https://www.googleapis.com/compute/v1/projects/thrashingcorecode/zones/us-west1-b/instanceGroups/gke-googlykubycluster-default-pool-44008a54-grp",
                            "instance_group_urls.1": "https://www.googleapis.com/compute/v1/projects/thrashingcorecode/zones/us-west1-c/instanceGroups/gke-googlykubycluster-default-pool-8b9e6a1a-grp",
                            "instance_group_urls.2": "https://www.googleapis.com/compute/v1/projects/thrashingcorecode/zones/us-west1-a/instanceGroups/gke-googlykubycluster-default-pool-a0b7ab22-grp",
                            "logging_service": "logging.googleapis.com",
                            "master_auth.#": "1",
                            "master_auth.0.client_certificate": "LS0tLS1CRUdJTiBDRVJUSUZJQ0FURS0tLS0tCk1JSUMyakNDQWNLZ0F3SUJBZ0lRRVExWjJYcUluWTZTOWNVTTVVUDU0akFOQmdrcWhraUc5dzBCQVFzRkFEQXYKTVMwd0t3WURWUVFERXlSa056RmpOakJpWWkxbE9UUmpMVFJqWXpRdFlqbGtaaTFqWTJSall6TmlNalU1Wm1ZdwpIaGNOTVRjd09USTVNakV3T0RFMFdoY05Nakl3T1RJNE1qRXdPREUwV2pBUk1ROHdEUVlEVlFRREV3WmpiR2xsCmJuUXdnZ0VpTUEwR0NTcUdTSWIzRFFFQkFRVUFBNElCRHdBd2dnRUtBb0lCQVFEd3dPRWtyN1diN1N1M2hUVEMKMEljcTZZdlk0dVU1ZmNPMXMzaVJnT1hSOUNZaktrWVhiWnZYUDcxekdlQ0c1ZHVPcU5hN2pEQVk5VktmR2I0SQpVd0U3bjFOa2ZvcCtrTi9vY2hCRjdvY1FaelBoNFkzRnZiOVlPUDQ5Vy96c3ljQ0RiV0lsbERuTkhKMGE3L1N0CkFhRkw0YjV5ejZGMDF1MXhMVU9Wcnd6L1dna2tUM3NsSVBCOFVUbnVSMzRWOWJCYmV3M3ZEeVlZNHFrS2FIK28KSXoxT0ZGOTA3R2pDQ2YxSHRCeDJqNk9ncFJjYTF2eDJBS3dZTURrSkJHKzFhSTBSSU1qcFdoQ2x1czN3QWh4WQovbFEzNDZuclEyUjZncjB0WnRBUWZHNUlWNVh0cW5PNTlROGNkSzY3YWlQRWFHR3I3YkRFeGQyaUZtdG9udnlzCkV4MjVBZ01CQUFHakVEQU9NQXdHQTFVZEV3RUIvd1FDTUFBd0RRWUpLb1pJaHZjTkFRRUxCUUFEZ2dFQkFEbXMKaTc0VC91SXRWbTREdENwSVVndjkyWDdNQjkwa2hmcHQ4YVRKMmM3cjNSS3RHZ2ZybWVqNUtTU3BzKytaTmxpTwpnSkJ1SUtCZS9vc2QzbGpCTjFlNlBVMkdjR3JDQUV4ZDZ3ZVFHNU5PVnJjSWVyRXMrRTdGSEhkOGRTQ3JyS0xzCmN2aVQ3SkcrVCtWOXpxRm92OW1BVDZjbGc0czZDRkh6WGlxY3hqMGZKakZMTzBidDdmNW16dlA1L1NYdnFlNmcKVCt3TkNpeG9UaEwrVVhBYWZvc3pMSGlnVW5UR3d2QlNScXJZOGw1WlEwK2ZRb0c1elFSeHhWRlRnV0ZzaUVTMApiVVYzM0FHR1JMdVN1ckIvVzFDREwwRmxPQkJvOEZNWVhKYnBxOHo2NjJzZU1ndFVsa2ZXeUFWNmVaSjNaY20rCkYwczkxWTAvSTM2a1RyUTNBRUU9Ci0tLS0tRU5EIENFUlRJRklDQVRFLS0tLS0K",
                            "master_auth.0.client_key": "LS0tLS1CRUdJTiBSU0EgUFJJVkFURSBLRVktLS0tLQpNSUlFb3dJQkFBS0NBUUVBOE1EaEpLKzFtKzBydDRVMHd0Q0hLdW1MMk9MbE9YM0R0Yk40a1lEbDBmUW1JeXBHCkYyMmIxeis5Y3huZ2h1WGJqcWpXdTR3d0dQVlNueG0rQ0ZNQk81OVRaSDZLZnBEZjZISVFSZTZIRUdjejRlR04KeGIyL1dEaitQVnY4N01uQWcyMWlKWlE1elJ5ZEd1LzByUUdoUytHK2NzK2hkTmJ0Y1MxRGxhOE0vMW9KSkU5NwpKU0R3ZkZFNTdrZCtGZld3VzNzTjd3OG1HT0twQ21oL3FDTTlUaFJmZE94b3dnbjlSN1FjZG8ram9LVVhHdGI4CmRnQ3NHREE1Q1FSdnRXaU5FU0RJNlZvUXBick44QUljV1A1VU4rT3A2ME5rZW9LOUxXYlFFSHh1U0ZlVjdhcHoKdWZVUEhIU3V1Mm9qeEdoaHErMnd4TVhkb2hacmFKNzhyQk1kdVFJREFRQUJBb0lCQUZxYnJPQmF4TlhYVUFHMAp2Mk9taVlpTDl4YjhaZHJhUzBMaU5ibEZNcmx1MHIrZlZGdlM0N2tDQXpJRGhpNGU2aC9weVU4eWRwT2VHS2RLClQrdmdHWEd3Qi9tbGFrZ3lEQ0wyY3N0dTl5UWtRekY2NnhtRnpUTE4yRm1OZWtZL3RCV0NvRktXVTU2dmF5MU4KSzkvRTRraWx3RUNEaGpkc0FGYjgreGVsbHhXdXVTT2JiV3lsM2ZKVWQyMDF2Q1JOMnlxZkpCZ25MKzVuaGJwMApNUmxmeHUxVi9ZTnNFY3diM3hZS1IyckxTVmNnUGNFNU5QcSs4TVUrcUVkWGM5MnJnb2VmRnhndTlPRWxFdjJyCnlhcVhDYUptRmNYWXpSbEhPUWQ4em94NkNWUCtEOFNCaU9Ec0J4NUNLUWplWXVjcEQ2cy8zT3VxNFdJSHQ4V0EKLzZRNytWVUNnWUVBL1dJN1Y1a3JqUVp0OWdpWEtrdGVTb012aDhQOEdMSWZYeWpvaWxpWmw2b3F3SXVsOVBsNApUSHQxb29YTE8wR0lnNVRmMGdPemRseUNGSEFUeWRYUkp4QldwUUpMWlNOeEpMT0o0TlE5OWJsK3NaMEhwOHFnClp0TCs4cStyaTJNMzhOcVBXRjU1YlpUOHdweWdibGo5SDlWN1F2RlFRVk10RncvL3JzM1I5QWNDZ1lFQTh6MUQKRis2R2tKNHFLQ2hFMW9GT0EwcGptSnZjWjlhcy9qSmxMS3ExZERsc2tKVjFSU0N1T0g2dGFkOTM1dkNzRkNMVApMZTh4bzBCU0NKZzhydFJMaVNLSk00Zld6eUQrcG1wdU5wTCtudG1STVlRSy9MR3FmcU1xTG5lTTZtNFBwelR5CjdPcW5KbWpZNXNPdERlMDlxZVVtREM4N3VkWnd2MVRZd0RqemNEOENnWUVBM25Fa1k0eW1QUklONnRZenp2K0gKY2FhbFRXenluY09SNHZxSTJ4dFpDMXBxV2NxL0VNY0pveXNuWkZ4TXhHS05zK1k0YjZpc0hoYXNZOERZdm5JbApRVVFJcktmTkJLY09wd2V1M1YrMlhVaFJQeC82SG9XMk4wNjRYdGwxb2RLaXc2RThBbm85NDhQTitoT0NqQjAzCmFvRUJ5dzBLUmE3OWdLZWM4UnJqWEhVQ2dZQnp2L3gwb0FLVFFXRUlXUmxoQm9sc1VYTVJ4V0hlWEM5WWkvelAKZzdEenpQdlgxZmZIWEtUcnA0UzRkQ3BuMExIaXB5dmRtUTBEQmZIRHUwWnRZQU5PRUF4QVpHMFpoamNJVkc5OApNdmxOK0hUNm5qNW9QOWZGaWJuaUFPd2pCeHNWMDhHaWNvdjJZRUNQbUNCN0Z5R1gvcjdiWDRMSmpiMTduMUhDCkw1ZlJHd0tCZ0FMNmVmYmlkRkpJdjIyUEpCNFlHa0FlYnBlUUo5OXg3Z0R6M2pRVkd6WVV0aGdPSkVBdlRPUlUKWEdLc1ZJZjdveHdXZGJIbzZUSnBwRzZJLzZjL1FCQVdzeFRKMDl4Mi94U0h4ekMzU25EeEZmNEd2R1hmUitGVwpSelovNXlPTzVUNTlZaFNuYTlTeHpTVkhTeUZBSXNQUTRpaCtSU0V2amJ3SlBkN2x6T2xwCi0tLS0tRU5EIFJTQSBQUklWQVRFIEtFWS0tLS0tCg==",
                            "master_auth.0.cluster_ca_certificate": "LS0tLS1CRUdJTiBDRVJUSUZJQ0FURS0tLS0tCk1JSURERENDQWZTZ0F3SUJBZ0lSQVBhWXF3T0V3NHpiYVk3dklQTjdHaWd3RFFZSktvWklodmNOQVFFTEJRQXcKTHpFdE1Dc0dBMVVFQXhNa1pEY3hZell3WW1JdFpUazBZeTAwWTJNMExXSTVaR1l0WTJOa1kyTXpZakkxT1dabQpNQjRYRFRFM01Ea3lPVEl3TURneE0xb1hEVEl5TURreU9ESXhNRGd4TTFvd0x6RXRNQ3NHQTFVRUF4TWtaRGN4Cll6WXdZbUl0WlRrMFl5MDBZMk0wTFdJNVpHWXRZMk5rWTJNellqSTFPV1ptTUlJQklqQU5CZ2txaGtpRzl3MEIKQVFFRkFBT0NBUThBTUlJQkNnS0NBUUVBdTBiSjR4b3FEcXRsRW9iQ29USXdEd0JSbE13Rk9rSGNQQXM4dU9CagpldEZRQWNTZlRuam9jN2dhc3FaMmxFVTcwbmlURllOd2dIVlRBNzJrN0g4UThRNTdwb0p2YWtjZHRpM3JrYXNHCkduSERFV3FVOVd3SWJJNTZUVlI0Zk1EWml3cmg5T20wRXB4QStiMCtqb0tZbGtoamMzUFNVazlFbkNVOS94b2cKM2hrZVdETDQ2aE1QODNrY1JSYXJuUGpjRVlURmp1UTNvdjhmR0hnN1kwYkxuZHJMZlhCK3crQlhlWmhFc2pmMQo3QUp5OEMzM2lCVmVXNkliQlVKZlNJa2R4dWM3N1U0SURhS01rejRycUJGQWJuUVYvNVRWQlhxekgxSWE4emtwCmFNenhDWkEyL1MzMDlKTnFwUUxPcmVyUTkxSWNhNkExK21kZkV6VkFHc25hZ3dJREFRQUJveU13SVRBT0JnTlYKSFE4QkFmOEVCQU1DQWdRd0R3WURWUjBUQVFIL0JBVXdBd0VCL3pBTkJna3Foa2lHOXcwQkFRc0ZBQU9DQVFFQQpQdEUyRml5VVJyZVdNcitNSWJ2WkpTYUY0Yk9VdWNvODZhWDlCY1YzTGh1VlFPMFJQdnpwUVZqTENDbkhscnAyCkJwNlFRVU1jWVYyMXFZZnJOUzd1anFEa2FJZWNLUDA4eG9aV2Z6OC80elpVYTZPM0dpblc1OEkvSUtZbzNKbEgKVnFlaVVsbkw0M2ZiUWdhNWdsQ2pMeFpJeHRwYzlxVVFlNDNEUkx5QXVOUEc1WmR1NVpyYXlUdGJEV2lNandpaAowZmRVNEluUXRRYnZoa1hrOFlpREJxRFBnL3NlaVRBdVlQVGwvdmVUemQ3cW4yZGEyUHFtQXVVKzBmbDA5a1lWCk5FYVAvR0lyYmlTTmkxd3JoK0dOdmE1Y29USEw1Q21VbzJQRVVrYXBPL1loYlB5eTFhZHNSK1REUWpzYlZ6S2cKOG51SG82YmNqeUtaT0F4V1k5QjdGUT09Ci0tLS0tRU5EIENFUlRJRklDQVRFLS0tLS0K",
                            "master_auth.0.password": "coolpassword}",
                            "master_auth.0.username": "coolusername",
                            "monitoring_service": "monitoring.googleapis.com",
                            "name": "googlykubycluster",
                            "network": "default",
                            "node_config.#": "1",
                            "node_config.0.disk_size_gb": "100",
                            "node_config.0.image_type": "COS",
                            "node_config.0.labels.%": "1",
                            "node_config.0.labels.this-is-for": "dev-cluster",
                            "node_config.0.local_ssd_count": "0",
                            "node_config.0.machine_type": "n1-standard-1",
                            "node_config.0.metadata.%": "0",
                            "node_config.0.oauth_scopes.#": "4",
                            "node_config.0.oauth_scopes.0": "https://www.googleapis.com/auth/compute",
                            "node_config.0.oauth_scopes.1": "https://www.googleapis.com/auth/devstorage.read_only",
                            "node_config.0.oauth_scopes.2": "https://www.googleapis.com/auth/logging.write",
                            "node_config.0.oauth_scopes.3": "https://www.googleapis.com/auth/monitoring",
                            "node_config.0.service_account": "default",
                            "node_config.0.tags.#": "2",
                            "node_config.0.tags.0": "dev",
                            "node_config.0.tags.1": "work",
                            "node_pool.#": "1",
                            "node_pool.0.initial_node_count": "1",
                            "node_pool.0.name": "default-pool",
                            "node_pool.0.name_prefix": "",
                            "node_pool.0.node_config.#": "1",
                            "node_pool.0.node_config.0.disk_size_gb": "100",
                            "node_pool.0.node_config.0.image_type": "COS",
                            "node_pool.0.node_config.0.labels.%": "1",
                            "node_pool.0.node_config.0.labels.this-is-for": "dev-cluster",
                            "node_pool.0.node_config.0.local_ssd_count": "0",
                            "node_pool.0.node_config.0.machine_type": "n1-standard-1",
                            "node_pool.0.node_config.0.metadata.%": "0",
                            "node_pool.0.node_config.0.oauth_scopes.#": "4",
                            "node_pool.0.node_config.0.oauth_scopes.0": "https://www.googleapis.com/auth/compute",
                            "node_pool.0.node_config.0.oauth_scopes.1": "https://www.googleapis.com/auth/devstorage.read_only",
                            "node_pool.0.node_config.0.oauth_scopes.2": "https://www.googleapis.com/auth/logging.write",
                            "node_pool.0.node_config.0.oauth_scopes.3": "https://www.googleapis.com/auth/monitoring",
                            "node_pool.0.node_config.0.service_account": "default",
                            "node_pool.0.node_config.0.tags.#": "2",
                            "node_pool.0.node_config.0.tags.0": "dev",
                            "node_pool.0.node_config.0.tags.1": "work",
                            "node_version": "1.7.5",
                            "subnetwork": "",
                            "zone": "us-west1-a"
                        },
                        "meta": {
                            "e2bfb730-ecaa-11e6-8f88-34363bc7c4c0": {
                                "create": 1800000000000,
                                "delete": 600000000000,
                                "update": 600000000000
                            },
                            "schema_version": "1"
                        },
                        "tainted": false
                    },
                    "deposed": [],
                    "provider": ""
                },
                "google_sourcerepo_repository.kubycoderepo": {
                    "type": "google_sourcerepo_repository",
                    "depends_on": [],
                    "primary": {
                        "id": "projects/thrashingcorecode/repos/kubyrepos",
                        "attributes": {
                            "id": "projects/thrashingcorecode/repos/kubyrepos",
                            "name": "kubyrepos",
                            "size": "0"
                        },
                        "meta": {},
                        "tainted": false
                    },
                    "deposed": [],
                    "provider": ""
                }
            },
            "depends_on": []
        }
    ]
}
