{
    "version": 3,
    "terraform_version": "0.10.0",
    "serial": 40,
    "lineage": "b42208be-51d5-4c60-be94-3ad1c81b1311",
    "modules": [
        {
            "path": [
                "root"
            ],
            "outputs": {
                "gcp_cluster_endpoint": {
                    "sensitive": false,
                    "type": "string",
                    "value": "35.185.209.184"
                },
                "gcp_ssh_command": {
                    "sensitive": false,
                    "type": "string",
                    "value": "ssh coolusername@35.185.209.184"
                }
            },
            "resources": {
                "azurerm_container_service.kubyhousecontainers": {
                    "type": "azurerm_container_service",
                    "depends_on": [
                        "azurerm_resource_group.kubernetes_house"
                    ],
                    "primary": {
                        "id": "/subscriptions/77ad15ff-226a-4aa9-bef3-648597374f9c/resourceGroups/kuberneteshouse/providers/Microsoft.ContainerService/containerServices/kubecontainers",
                        "attributes": {
                            "agent_pool_profile.#": "1",
                            "agent_pool_profile.3381225627.count": "2",
                            "agent_pool_profile.3381225627.dns_prefix": "kuby.house",
                            "agent_pool_profile.3381225627.fqdn": "",
                            "agent_pool_profile.3381225627.name": "default",
                            "agent_pool_profile.3381225627.vm_size": "Standard_A0",
                            "diagnostics_profile.#": "1",
                            "diagnostics_profile.734881840.enabled": "false",
                            "diagnostics_profile.734881840.storage_uri": "",
                            "id": "/subscriptions/77ad15ff-226a-4aa9-bef3-648597374f9c/resourceGroups/kuberneteshouse/providers/Microsoft.ContainerService/containerServices/kubecontainers",
                            "linux_profile.#": "1",
                            "linux_profile.1362204836.admin_username": "coolusername",
                            "linux_profile.1362204836.ssh_key.#": "1",
                            "linux_profile.1362204836.ssh_key.1858665892.key_data": "ssh-rsa AAAAB3NzaC1yc2EAAAADAQABAAACAQCaRP6U+UwBP6LRelSsO+tgzZGul5UNHiGMy0GlSI/CG4d8jpdt4OIbZLsWtFsyiyTyVhBzmShiZZh+V2j9vFojqPTTK34KBj35vo1EKwTgLFEDBvsDFZzjc7SrQZ/DuHN6eJnv2ot9+fSJpfB7tg8m9OUEnFs8oZFrAq+qOmT5DWFpXwIo9VgcisDHack9bTFVABq2nnHWex4Y1NA8xtM0Q/FQulQ2jX8iVRCVbEOcRE6IVnEaPMLol+7ilX/eW0Ojgg4Y5e8LBXqUGUuXQyURPfOXuaYJrZqGMrMNflrAiufh6HRXceT8/v4ExJGQvJdPnwyxIl1Dxv2HRYt0ImZhRxFvpw1+UsBgYc6Gfi3icBTsXuJDZkhIE2lL2qWiFKEsvV4zXbORjDM7EHvGk1uunVdvfJ22CpLC/7QI7VQtd3e7mBa1t+mSdkKgN121h5xkpDVuPViUMob7HiwlCNI81PowfYeuZx2S8ZOqjHTg9UEh2Q3IK7k5ZiAL7zrWpTOwID+H1BfgKJmeXfVW4v9iMOoZk9OKTXz5qACZtdntV21bxRyXUUHssTUbdpw3f+MQlKIEstvNI6BC7fTLVK1VXlEcDrfHAgNjDQi55iE0p8JrZU5rwkJBHhVSJlM6uG3rLAssyOLu2Qklltt1kxMIEg7jIKLIi1yVtEKkz2WhWQ== adronhall@gmail.com",
                            "location": "westus",
                            "master_profile.#": "1",
                            "master_profile.1771707756.count": "1",
                            "master_profile.1771707756.dns_prefix": "kubyhouse",
                            "master_profile.1771707756.fqdn": "kubyhouse.westus.cloudapp.azure.com",
                            "name": "kubecontainers",
                            "orchestration_platform": "Kubernetes",
                            "resource_group_name": "kuberneteshouse",
                            "service_principal.#": "1",
                            "service_principal.756725815.client_id": "d537b9b9-05ed-4c5e-ba48-2381b1e2b3f3",
                            "service_principal.756725815.client_secret": "",
                            "tags.%": "1",
                            "tags.Environment": "Production"
                        },
                        "meta": {},
                        "tainted": false
                    },
                    "deposed": [],
                    "provider": ""
                },
                "azurerm_resource_group.kubernetes_house": {
                    "type": "azurerm_resource_group",
                    "depends_on": [],
                    "primary": {
                        "id": "/subscriptions/77ad15ff-226a-4aa9-bef3-648597374f9c/resourceGroups/kuberneteshouse",
                        "attributes": {
                            "id": "/subscriptions/77ad15ff-226a-4aa9-bef3-648597374f9c/resourceGroups/kuberneteshouse",
                            "location": "westus",
                            "name": "kuberneteshouse",
                            "tags.%": "0"
                        },
                        "meta": {},
                        "tainted": false
                    },
                    "deposed": [],
                    "provider": ""
                },
                "google_container_cluster.primary": {
                    "type": "google_container_cluster",
                    "depends_on": [],
                    "primary": {
                        "id": "kubyhouse",
                        "attributes": {
                            "additional_zones.#": "2",
                            "additional_zones.3926883567": "us-west1-b",
                            "additional_zones.4078194094": "us-west1-c",
                            "cluster_ipv4_cidr": "10.56.0.0/14",
                            "description": "",
                            "enable_legacy_abac": "true",
                            "endpoint": "35.185.209.184",
                            "id": "kubyhouse",
                            "initial_node_count": "1",
                            "instance_group_urls.#": "3",
                            "instance_group_urls.0": "https://www.googleapis.com/compute/v1/projects/thrashingcorecode/zones/us-west1-b/instanceGroups/gke-kubyhouse-default-pool-aa1b4733-grp",
                            "instance_group_urls.1": "https://www.googleapis.com/compute/v1/projects/thrashingcorecode/zones/us-west1-c/instanceGroups/gke-kubyhouse-default-pool-124b8fd6-grp",
                            "instance_group_urls.2": "https://www.googleapis.com/compute/v1/projects/thrashingcorecode/zones/us-west1-a/instanceGroups/gke-kubyhouse-default-pool-59bea7c2-grp",
                            "logging_service": "logging.googleapis.com",
                            "master_auth.#": "1",
                            "master_auth.0.client_certificate": "LS0tLS1CRUdJTiBDRVJUSUZJQ0FURS0tLS0tCk1JSUMyekNDQWNPZ0F3SUJBZ0lSQU5wNStwWkM5b2xzUFlldENQMFB3ekl3RFFZSktvWklodmNOQVFFTEJRQXcKTHpFdE1Dc0dBMVVFQXhNa01XTTBNalV4TTJVdE9UUTFNQzAwWW1ZMExXSmtNakF0TkRRNE1USXhOakU1Tm1WbApNQjRYRFRFM01Ea3hNVEl6TVRNMU9Wb1hEVEl5TURreE1ESXpNVE0xT1Zvd0VURVBNQTBHQTFVRUF4TUdZMnhwClpXNTBNSUlCSWpBTkJna3Foa2lHOXcwQkFRRUZBQU9DQVE4QU1JSUJDZ0tDQVFFQXFCaEYrVTZjZWI1elNWZlYKWkZ3dGRNWXU4aUhhNVVnWWZKamxQUnJHRWtwNUd5bldwWWFPeEJLakIvT2NtM21LcllzbUcyS082RFl2cURLdgpJbyt6TGVlbzY3WThpZkdvQm1jUmNkNE5IdkZrRkIxV0RPa1p6UjJFbDB4NG5qODB1ZUt1VlVQcVByZFdiTFR5CnhoRkEyRDJ1K3RCcU1uWElHM2IwUjhxZW9qbUx4czlCR0RuYnBZNE1ERWdrUU8rbFZFTkNqQWNDUjh4VW5UUXoKSjF5NTk5SUozZWRjWTJ1V0pmMk1jdzc3Q1ZxMUhlZTlNYkVEY0F3cXlpVWZiTlRPUGE0QTdSanhIeWdQNG0vYwo4U1NXUWpreGhLWmZCR3pXY2Q0d1BxeGN6S1Zzb3hjSXRmbTBSL0hnd0M1Z3lxQVZQRGc1NVVlamVnMEx5QVlxCjEyOTR0UUlEQVFBQm94QXdEakFNQmdOVkhSTUJBZjhFQWpBQU1BMEdDU3FHU0liM0RRRUJDd1VBQTRJQkFRQ3YKWFdLVWExZ09hS3NyM3JMd0lJN3hCRHExT2xmU3JuMlBVZXBER1dHTnlCT2NLbCsyajA2a2hNUDVMT0dlenFGLwpGN1ErVEg4bGNMOW83dUJzRTZabFBxdVluM29FVURoY21UM09qWWdPNXplWTd4ZktGVG1TRjFDQzRxQURmSS80CjdncEswdkppWTgxTi9lOEIrYWwzVEZzUXU5WjRWREFlSWxocHZUK0t1bi9NRXJSTUdhSFpZT1IzMXliVldVOG0KdkJabm5OUWtPa2M1WHJRUzhmMkpRVXYxQmtrRmMzYUR1eitIazA0a2pXb3hxRWFhWFJvWlc2bFBSRE40UlFycAp5SXVZTnZWWFU0clVnY0pBa3dGWE5maTJOYjl3emhSZ0V3M25TMmhNem9BaDJKa2pPbGhyTGJDek56ZXhGUU9JCllSUzc4TUpHd1hDQTZhd2pSUXhLCi0tLS0tRU5EIENFUlRJRklDQVRFLS0tLS0K",
                            "master_auth.0.client_key": "LS0tLS1CRUdJTiBSU0EgUFJJVkFURSBLRVktLS0tLQpNSUlFb3dJQkFBS0NBUUVBcUJoRitVNmNlYjV6U1ZmVlpGd3RkTVl1OGlIYTVVZ1lmSmpsUFJyR0VrcDVHeW5XCnBZYU94QktqQi9PY20zbUtyWXNtRzJLTzZEWXZxREt2SW8rekxlZW82N1k4aWZHb0JtY1JjZDROSHZGa0ZCMVcKRE9rWnpSMkVsMHg0bmo4MHVlS3VWVVBxUHJkV2JMVHl4aEZBMkQydSt0QnFNblhJRzNiMFI4cWVvam1MeHM5QgpHRG5icFk0TURFZ2tRTytsVkVOQ2pBY0NSOHhVblRRekoxeTU5OUlKM2VkY1kydVdKZjJNY3c3N0NWcTFIZWU5Ck1iRURjQXdxeWlVZmJOVE9QYTRBN1JqeEh5Z1A0bS9jOFNTV1Fqa3hoS1pmQkd6V2NkNHdQcXhjektWc294Y0kKdGZtMFIvSGd3QzVneXFBVlBEZzU1VWVqZWcwTHlBWXExMjk0dFFJREFRQUJBb0lCQUh4ZHVTZkRLYkpKWGpLZApjWnhYTnFwM0ZyUytwNTJMd2RJdHJTMlFhWXVPM2h0aTBSU1dnWG8vNzY4cVptd0JlTUQ5ZXF3NE4xTkhBK3VGCjFGM1Z3OVBxMmVmTFpPOEtoQzU0ZzBlajZrRkNoN0Q2STNoWjNtVUx1ZFhYRmthK3JOdjdBdERDOXNTQUVNbE0KOTNIandmNDdaUUxjd0RXbFB2QlRDbGt6YURyTTlTTmYwSGs1dGI3WXVwNWJaSS9rT3U0azZBZStkZUtZdURmTApkL0h1Mk92Y3NVMlF2VUs4aFJsR1h6aUlNd0pzRXYxU0ZhZy9odklJK1JKb0RUMFFNS3FCdno3bVI1Vk1nN2IrCnRjSVlUejhKWk1tbWVPWnF1aXNMMEdIUzhZK1pKZW01QnZUOXFGWHVZTTNIazFvNUJnVzdWZnVMcVRISlJhREsKWm1CanRPRUNnWUVBM2FhM0dUWFE5cTVreTY4dmdlQ0pkalBneWhqZ3JtWUNtOXFqemk5UnhRYmxaNzFiVyt0Rwo4T0dVSGxZSE9yQTFVWlM3WUhXMGxuSWZsQURCMnZyMStvQ0VZcXN2UGxiTm1TVTlQYitiR2ZYU29tYzdTZDRnCk1JdmF4SGNZUWsrMTBSMzFyT0dKc2xYbHhMU1l4U25VUlFLL0NjQmZPL2srR2Y1QXpTTis1VmNDZ1lFQXdpVGkKSFRGaHd3RDMza3NuNktSYXpxK3lUdjJSdFJCM3JwN1AxZzFBbFVKcG9Oa2M1eWFkcC90b1ZFL3Q0aXFhL2JISApXM1J6ZEdBS3NCR21WNDBnaEoxQ3ZYZW0yRVU2TUhBUFNWSW5oNytKTnpQL2ZhazNPd3pNUGJZVElxQmIxUjNTCjFnaGRiL1Jnakdxb2tRUmVWVWRISGdmQlpQQ3VqVFhiSDJOaDN0TUNnWUFSQStaVWFod3pnNm03TlNTWmZNb3cKcDhUZTN0QUlzMDRKOXR2U1RUR2l4V2ZBOGZsY2NoQk5GNVFPVEI1YjlBRHoxVTRaRnBBWmFJTmlFampQZmFwNgpZM2xHTmN2M3BpUThXRzUrR2dKbkdNYmxyclVQYzV6Vy9UVjdGWVZvT2NSRVhGOXF1Um1mOWhZZ1pwaS9zZmxZCm51QlplRW9YU1lmcDZPbkNsYkg5R3dLQmdGTjZzSStFOEZoOVRoZVRrWEdEV2xpTlM4cVRWZGZaWU4wQkJMVXgKdFpkNG14ckN3SjdVQis1M09BRW83VXpXclJaeEh4dkFFdlR6WnlVV01jUnJ0cFBQV3lkRkQ4VG0zNEo4Yk5aRwpNU0U1eHJLcDlTMy9XUFJYS0d0UW95Rzhla0JGTnFjNXFaTytMTld6OXcrRUpWdmQ3a0tIYXkwUUlMNHZiaTBzCitxUnBBb0dCQU5nWFM1OHRZZ2FpTHZRMCtjUkxJcHhXWkpEVmJQYS9UMFNSOXB5aExJM0hZSko0bTJsaXZlK0MKQ3ZYdW10ZGhYclFoK1YvbUlZNUtjY0tTdkV1WTZQeGpENlRyQndhcDhvYmlWZU5EdlpkM0wweFEySXVOL1ZJQQp2TCtrdXQ2ZStlRWVQSitMa2RGSnVaWitGa0VraTJSTXFKb21DMUMrNXpqbENiSyt3aXZ6Ci0tLS0tRU5EIFJTQSBQUklWQVRFIEtFWS0tLS0tCg==",
                            "master_auth.0.cluster_ca_certificate": "LS0tLS1CRUdJTiBDRVJUSUZJQ0FURS0tLS0tCk1JSURDekNDQWZPZ0F3SUJBZ0lRVXp5a3AwRVFNcUlydERuZlJDV3dNakFOQmdrcWhraUc5dzBCQVFzRkFEQXYKTVMwd0t3WURWUVFERXlReFl6UXlOVEV6WlMwNU5EVXdMVFJpWmpRdFltUXlNQzAwTkRneE1qRTJNVGsyWldVdwpIaGNOTVRjd09URXhNakl4TXpVNFdoY05Nakl3T1RFd01qTXhNelU0V2pBdk1TMHdLd1lEVlFRREV5UXhZelF5Ck5URXpaUzA1TkRVd0xUUmlaalF0WW1ReU1DMDBORGd4TWpFMk1UazJaV1V3Z2dFaU1BMEdDU3FHU0liM0RRRUIKQVFVQUE0SUJEd0F3Z2dFS0FvSUJBUURBZ3lBWkZienlJVjQ5b1g2eWJ4cHlTdHpTR21RbENKcGNVVlIrYkRiOAp4cHRxYnRlVzhxQ1RmaksxMzFDa1UzbUpmay9PMUtRbzQyUmNiOHhzcDJhQVJaTDBKVTJtUFpNa1RNL05FYlB5CmFyUjdHby9RN1N1QTlyd1g4dE8zUUI4SjNqeThTblEyQnV6RXFVYy9TdnBuUXZ6UXJudUVWcmdadlExTURvWnEKby95a3RmREhrY3pVUHFKYU5BUTdQekxiM3NKQUNVNzRSajgxa0NxK0R1QWl2cFBHV2ZoeTBZVTdvNlM1Z3hlcApPUTd4VlpPS3c5MmNIZ29OYXlPUVM4cXBkb1RiMnZDSjIwelkzT1J3Q2h6dklGcjVSd0FEQXNPalZIamUrM3lYCkZKYjJGWm9pdGI0NDJlQ0V3Q1JlMnMrR0pQR1lnN24ySXA0VllmQUdnY1YzQWdNQkFBR2pJekFoTUE0R0ExVWQKRHdFQi93UUVBd0lDQkRBUEJnTlZIUk1CQWY4RUJUQURBUUgvTUEwR0NTcUdTSWIzRFFFQkN3VUFBNElCQVFCbgpycVhueHNVZm4zQmJFblVXZkpiTzVVendJZXBMMDZjWnZBdWNnZFM4VHRVUFlSNGkrNVF5SW9KMkZ6TDRBeHJLCm5ERnZBdEVLVU9pQ0ZLN1pJNm1hbURWZkJtTVV4NDBIMVljdjN1K2FJcnZUSEJTWEMvVnlzWWJNYkNOanN0Q2EKVTFteVBWenZva1B0SUhPRFZNRHRHZGJJRnp4ZW1tNS8zdFY2WHI4ZitTTVZTbGZkVG1vcHJYZFRFVDJmcXNGNAo3cDRWem9IR1NPQmFqWGNKVUk0Q0x2Zi9NSEdmdXEyWWFZTTEyYk5MREFtQ1VsWnhZWk5ZUWhoTnBtVUhleUNZClhldzUzczAzNzBZbmYzTUhUd0dlbHdoRHJRaEU1RFpkTVdKOEpiUTVNTHNmcTk0eDBqZTl6QUFGdFp4Y3lsbm8Ka0hYTUtHek93bUVXWURmc3ozdU0KLS0tLS1FTkQgQ0VSVElGSUNBVEUtLS0tLQo=",
                            "master_auth.0.password": "superSecretNope}",
                            "master_auth.0.username": "coolusername",
                            "monitoring_service": "monitoring.googleapis.com",
                            "name": "kubyhouse",
                            "network": "default",
                            "node_config.#": "1",
                            "node_config.0.disk_size_gb": "100",
                            "node_config.0.image_type": "COS",
                            "node_config.0.labels.%": "1",
                            "node_config.0.labels.foo": "bar",
                            "node_config.0.local_ssd_count": "0",
                            "node_config.0.machine_type": "n1-standard-1",
                            "node_config.0.metadata.%": "0",
                            "node_config.0.oauth_scopes.#": "4",
                            "node_config.0.oauth_scopes.0": "https://www.googleapis.com/auth/compute",
                            "node_config.0.oauth_scopes.1": "https://www.googleapis.com/auth/devstorage.read_only",
                            "node_config.0.oauth_scopes.2": "https://www.googleapis.com/auth/logging.write",
                            "node_config.0.oauth_scopes.3": "https://www.googleapis.com/auth/monitoring",
                            "node_config.0.service_account": "default",
                            "node_config.0.tags.#": "2",
                            "node_config.0.tags.0": "foo",
                            "node_config.0.tags.1": "bar",
                            "node_pool.#": "1",
                            "node_pool.0.initial_node_count": "1",
                            "node_pool.0.name": "default-pool",
                            "node_pool.0.name_prefix": "",
                            "node_pool.0.node_config.#": "1",
                            "node_pool.0.node_config.0.disk_size_gb": "100",
                            "node_pool.0.node_config.0.image_type": "COS",
                            "node_pool.0.node_config.0.labels.%": "1",
                            "node_pool.0.node_config.0.labels.foo": "bar",
                            "node_pool.0.node_config.0.local_ssd_count": "0",
                            "node_pool.0.node_config.0.machine_type": "n1-standard-1",
                            "node_pool.0.node_config.0.metadata.%": "0",
                            "node_pool.0.node_config.0.oauth_scopes.#": "4",
                            "node_pool.0.node_config.0.oauth_scopes.0": "https://www.googleapis.com/auth/compute",
                            "node_pool.0.node_config.0.oauth_scopes.1": "https://www.googleapis.com/auth/devstorage.read_only",
                            "node_pool.0.node_config.0.oauth_scopes.2": "https://www.googleapis.com/auth/logging.write",
                            "node_pool.0.node_config.0.oauth_scopes.3": "https://www.googleapis.com/auth/monitoring",
                            "node_pool.0.node_config.0.service_account": "default",
                            "node_pool.0.node_config.0.tags.#": "2",
                            "node_pool.0.node_config.0.tags.0": "foo",
                            "node_pool.0.node_config.0.tags.1": "bar",
                            "node_version": "1.6.9",
                            "subnetwork": "",
                            "zone": "us-west1-a"
                        },
                        "meta": {
                            "e2bfb730-ecaa-11e6-8f88-34363bc7c4c0": {
                                "create": 1800000000000,
                                "delete": 600000000000,
                                "update": 600000000000
                            },
                            "schema_version": "1"
                        },
                        "tainted": false
                    },
                    "deposed": [],
                    "provider": ""
                }
            },
            "depends_on": []
        }
    ]
}
