{
    "version": 3,
    "terraform_version": "0.10.0",
    "serial": 25,
    "lineage": "18fe72df-b86e-44e3-84bc-c7b741c0b022",
    "modules": [
        {
            "path": [
                "root"
            ],
            "outputs": {
                "gcp_cluster_endpoint": {
                    "sensitive": false,
                    "type": "string",
                    "value": "35.185.233.37"
                },
                "gcp_cluster_name": {
                    "sensitive": false,
                    "type": "string",
                    "value": "googlykubycluster"
                },
                "gcp_ssh_command": {
                    "sensitive": false,
                    "type": "string",
                    "value": "ssh coolusername@35.185.233.37"
                }
            },
            "resources": {
                "azurerm_container_service.bluekuby": {
                    "type": "azurerm_container_service",
                    "depends_on": [
                        "azurerm_resource_group.blue_kuby_group"
                    ],
                    "primary": {
                        "id": "/subscriptions/77ad15ff-226a-4aa9-bef3-648597374f9c/resourceGroups/bluekubygroup/providers/Microsoft.ContainerService/containerServices/bluekubyhouse",
                        "attributes": {
                            "agent_pool_profile.#": "1",
                            "agent_pool_profile.3381225627.count": "2",
                            "agent_pool_profile.3381225627.dns_prefix": "kuby.house",
                            "agent_pool_profile.3381225627.fqdn": "",
                            "agent_pool_profile.3381225627.name": "default",
                            "agent_pool_profile.3381225627.vm_size": "Standard_A0",
                            "diagnostics_profile.#": "1",
                            "diagnostics_profile.734881840.enabled": "false",
                            "diagnostics_profile.734881840.storage_uri": "",
                            "id": "/subscriptions/77ad15ff-226a-4aa9-bef3-648597374f9c/resourceGroups/bluekubygroup/providers/Microsoft.ContainerService/containerServices/bluekubyhouse",
                            "linux_profile.#": "1",
                            "linux_profile.1362204836.admin_username": "coolusername",
                            "linux_profile.1362204836.ssh_key.#": "1",
                            "linux_profile.1362204836.ssh_key.994404834.key_data": "ssh-rsa AAAAB3NzaC1yc2EAAAADAQABAAACAQC3Wwmr3DXQJwDeVRtuMQx2k3jGXPDOPDMHiT+AVfhmwqwGMCDCOpeJo4CK6s6nIvOqr+XREgccHgGu8ao58CX8rUi9bL0BxNtKbrTaevWd7w+JoJAG3jBXmsXYyhkH2wkyf4qw3ba740XZdq6/gBqr5S+QvB7lkL+qPa7IgfaU4dcwK2dzgW+Rs0/aS6cdio5HS7mmuDSScst8nA0FH6KlvMchdiA40AC/OhJ+FJlT6esR1hXVLf1GiZAqZfnCXDVBHOichpcFSLpsl/2a3RPvMJEsVco67gZ+xJ7Ex3buVv6qpaR3H08x9xhSYNCyCM5UfAXeu20fJeSCvZAOyCgnEMbBH6HtHY9uRHo/8yqu7XzqJpHXDe2VOmn1VPjbl21GIZUZfE9HVaXQR620YBQ/NanxTT9BXdDPXMBsPZA6EiYEIn1SKxL8Ze82aIlkVCaWkoHHGHxWAIXjOGkD3tPEJ4TuoDxtIEmu4ERnHLB4+4WKDgFZKVgAOM60xaCOvfDnZW1SA75fuyy+AHShJsZivGyY+jtaTMwSGOyeAtX7wJClWCGWM0zH8JZinWfz+RBh9qwMUCXgavHxVnu2Jc5vATTDB/Vw7oJz19XZRCZThx5deTmCAN+AeVv/0FH3PKtI4EHsVgOR57VAq9xXMrMJ6A/03t5NG23lWolijCNT9w== adron@thrashingcode.com",
                            "location": "westus",
                            "master_profile.#": "1",
                            "master_profile.1498715451.count": "1",
                            "master_profile.1498715451.dns_prefix": "bluekubycluster",
                            "master_profile.1498715451.fqdn": "bluekubycluster.westus.cloudapp.azure.com",
                            "name": "bluekubyhouse",
                            "orchestration_platform": "Kubernetes",
                            "resource_group_name": "bluekubygroup",
                            "service_principal.#": "1",
                            "service_principal.408466820.client_id": "d2fcd2db-3c91-403c-9e09-a48e57ebde42",
                            "service_principal.408466820.client_secret": "",
                            "tags.%": "1",
                            "tags.Environment": "Production"
                        },
                        "meta": {},
                        "tainted": false
                    },
                    "deposed": [],
                    "provider": ""
                },
                "azurerm_resource_group.blue_kuby_group": {
                    "type": "azurerm_resource_group",
                    "depends_on": [],
                    "primary": {
                        "id": "/subscriptions/77ad15ff-226a-4aa9-bef3-648597374f9c/resourceGroups/bluekubygroup",
                        "attributes": {
                            "id": "/subscriptions/77ad15ff-226a-4aa9-bef3-648597374f9c/resourceGroups/bluekubygroup",
                            "location": "westus",
                            "name": "bluekubygroup",
                            "tags.%": "0"
                        },
                        "meta": {},
                        "tainted": false
                    },
                    "deposed": [],
                    "provider": ""
                },
                "google_container_cluster.googlykuby": {
                    "type": "google_container_cluster",
                    "depends_on": [],
                    "primary": {
                        "id": "googlykubycluster",
                        "attributes": {
                            "additional_zones.#": "2",
                            "additional_zones.3926883567": "us-west1-b",
                            "additional_zones.4078194094": "us-west1-c",
                            "cluster_ipv4_cidr": "10.60.0.0/14",
                            "description": "",
                            "enable_legacy_abac": "true",
                            "endpoint": "35.185.233.37",
                            "id": "googlykubycluster",
                            "initial_node_count": "1",
                            "instance_group_urls.#": "3",
                            "instance_group_urls.0": "https://www.googleapis.com/compute/v1/projects/thrashingcorecode/zones/us-west1-b/instanceGroups/gke-googlykubycluster-default-pool-7ef22ee8-grp",
                            "instance_group_urls.1": "https://www.googleapis.com/compute/v1/projects/thrashingcorecode/zones/us-west1-c/instanceGroups/gke-googlykubycluster-default-pool-1e4f59e8-grp",
                            "instance_group_urls.2": "https://www.googleapis.com/compute/v1/projects/thrashingcorecode/zones/us-west1-a/instanceGroups/gke-googlykubycluster-default-pool-d4c7b5cd-grp",
                            "logging_service": "logging.googleapis.com",
                            "master_auth.#": "1",
                            "master_auth.0.client_certificate": "LS0tLS1CRUdJTiBDRVJUSUZJQ0FURS0tLS0tCk1JSUMyekNDQWNPZ0F3SUJBZ0lSQUwwRFN6ZHNLZnQ4TS9SR0IzVG1JZ2N3RFFZSktvWklodmNOQVFFTEJRQXcKTHpFdE1Dc0dBMVVFQXhNa1l6TmtNbVJsWWpZdE1ESXlaQzAwTmpnNExUbGhOek10T0dOa1pHRXlaVGt4TW1RNApNQjRYRFRFM01Ea3lOVEl3TURZeE5sb1hEVEl5TURreU5ESXdNRFl4Tmxvd0VURVBNQTBHQTFVRUF4TUdZMnhwClpXNTBNSUlCSWpBTkJna3Foa2lHOXcwQkFRRUZBQU9DQVE4QU1JSUJDZ0tDQVFFQW5xM3pic1RBSnlseSs5eFMKb2NaQi9sR1RXdk9oV2pYU1M5bXU0ai82d3lkUTJHTjRvME93T3JrRDNHREZHWk9reG5RYWNET250U0x2UmM1VAovNVRvZGUzUXY1alBhNHRDZEVWZWRHMU12cElHbTB3U1N2dHgvYVB0N3VRU3ZqVEsySlpYRTdnZmsyM0w2NG5ECnFxdUFYUHp1Z1pxNS9vcmpSOFphbnFMZmpldFNVOUI2dk4wM2VuNHphM3R0dG40OFVTTmVBb2RjQ0hoWG9LYU8KL2k0by9mWmVpWmRVQTRqUElNTjJja0FyQzNWVG1vSmFLVmJzSmdlUlh0d0ZkZU93U0RyYktwYWd4anhyMXM1ZQpiblUvVkhjMDYwQW1jb1pMd0tWcUQzN0VkcnIxYXY5bW0yRWZkaTVVdzAwS2VEQlBPcGNRZ0laYlF5L2FPd0l3CmMyUktLUUlEQVFBQm94QXdEakFNQmdOVkhSTUJBZjhFQWpBQU1BMEdDU3FHU0liM0RRRUJDd1VBQTRJQkFRQkwKcVgwdnQ0a25pOFJBT1dlY3Q3T1ZHdWt5ZHd2Vk4vdlg5Y3daV0JkZnJHYUVIUHduQUtQNE5tNEVzaHoxa0FDbQpVSkVGcGFRTmtLQUtWZW5tbUZKWDBZTWNWVkhiZmszNlVzVnpGaVR4M0ZpT0haV245K2duVlVidEkvb1ROelR4CkhrdGZ3M3k1QVAvM2JDbFJ2MitRaHFzUGFDa1pyN0xkSFZlZEF5alB5ZXAxd3ppUUlXMEVkWC9SS1NseW91YU4KQ1c3NzBvaGtydEV1aENvb0FjMXZtRXZ4QVpadzBxZnNGTEV1ZXVVMkVLaWRqWXdYWDdoa3BMTWVTa3N0VkY3WgpQeCtUanRlcEJlREV1NkxnYkRXblFNUS95MmpkQTJ0dzVSSVRUYkw5R3Y3RFg0bHQyREdUaWVGTlpSL2JWWjczClZYaHFQeCs5VWs4OVpoWllPNVpBCi0tLS0tRU5EIENFUlRJRklDQVRFLS0tLS0K",
                            "master_auth.0.client_key": "LS0tLS1CRUdJTiBSU0EgUFJJVkFURSBLRVktLS0tLQpNSUlFb3dJQkFBS0NBUUVBbnEzemJzVEFKeWx5Kzl4U29jWkIvbEdUV3ZPaFdqWFNTOW11NGovNnd5ZFEyR040Cm8wT3dPcmtEM0dERkdaT2t4blFhY0RPbnRTTHZSYzVULzVUb2RlM1F2NWpQYTR0Q2RFVmVkRzFNdnBJR20wd1MKU3Z0eC9hUHQ3dVFTdmpUSzJKWlhFN2dmazIzTDY0bkRxcXVBWFB6dWdacTUvb3JqUjhaYW5xTGZqZXRTVTlCNgp2TjAzZW40emEzdHR0bjQ4VVNOZUFvZGNDSGhYb0thTy9pNG8vZlplaVpkVUE0alBJTU4yY2tBckMzVlRtb0phCktWYnNKZ2VSWHR3RmRlT3dTRHJiS3BhZ3hqeHIxczVlYm5VL1ZIYzA2MEFtY29aTHdLVnFEMzdFZHJyMWF2OW0KbTJFZmRpNVV3MDBLZURCUE9wY1FnSVpiUXkvYU93SXdjMlJLS1FJREFRQUJBb0lCQUhmUVp3aFRuYmUwVDNNbgphR2xvdHZuZUJNTGZSUTFGcUhYSGQ0cTB2cGJPdi9lMEhDcEMrUFZPTUVFZC9KV1VhdzNDS3hoZm1KbG9PSDFnCkR3TGtJQ2F6bkRTZm9MYldueVlHSHcwUVhxdGl2WVJUaTFoOHhoUzd5L1BlMk53d0pwNGwzcmd3QmYrZkh5UEoKa1NuMGQyYy9RS1F4L1pEYXRFVEUzRFgrUzRqdlgxTmxBZ3RTMmZCRXVZaitXbFlVdG1EdEV0bVFvSUxaRUN6agpFVUk1eUgwcmdtZmlpZW84d285NjkrbXluQ1lCK1RyNnp6bUIxQ1FvVDVCRTVLYy9TSXc1dGpyMXE1eWtLcE9ICmZZTnROd3JGMXQyaGE5TStkbzVkOWhuYjBzY1J6QVI3UVRTVmd5UTlUTzdJOXdZYzI4Tjc4ZWRoamNzZUo1OVoKWWVGdlFqVUNnWUVBd2h5OXNSbTVaWnpsK3N1OGFjMWhOTHUveFV5Z2hVVk45MkRIV1NMSWdKTUwzOUY0ckdWbwpwd1F3WW92ZXg5ekdmcXlGS1Rta0EwVFRkNXRVQm5KRWFFOThBNFBCbzYrOE1HQktQZlVCRkVaSFJwSHcxSWowCkN4aXBkTkRZT0VVN1lnUHN1d1ppTHBaZ01rZVNKaTcyeDcwLzI5RlE3TSs1emZWemFFK3R3NnNDZ1lFQTBVVTQKZVFhQ1NGbEdLZDhLdUN2bEkrZHJZMzZ0K3B4YmxZb3VBbFJmeUZKUDFpL2tWUW1tR3J0MWVXTFBqRlBVNStraAprRDlPR3RrNVZtTHk1Ylg4cmtGVjdsVkQ2KzB1MnZwRGljV2JIdDlWV2U0WTRtSWVJUDNMeFliNzNMWCtXTUJzCnErZFIzcjQvdm91YzBMUnFjWHhoUXJwcXR5TXF0ZkthcGV0TzFYc0NnWUJ0aTN5OXltK25XYUVzSlBnaW1XWW4KTldGblBmUkU0YlM3UzZHVXV4MTkrZjQwaEdsZW1TZ3pRUmp4TkZBNGFHNllwRkhOenhxeFFaRTVxYTRFcVUzVAp0QytmYUNiS2NtMTR1NDZLWW84R1d4YjBTMzRtNDFjZVAvKzV6ZmFINHdJOU1VdlN6Q3B5Y2lpOWwwaHlSZ1M4CitoOWt0VDYvTmdkOHBPMUpTOVliV3dLQmdRQ01oTFJrMzYvL3NLSmlYemd0YnB3UVBjWm9LcG5jRzcyTGJodHkKeVFELzIvVnIxd0MwOFNPdDg0M3dFaDlYRkx0emRhRnA0SGdyb3d6VEt1SDZ5UGFBYzdLbHRHOUZMaUEyUGJHNApBdzRqN3NhNitodVBkMTdQdkZ0bHFUdlplZ0x0eVZldkhrWmxFTTV3dmdKd1NaVG4yeUxiMFp6eW1CU0gwLzF2Cng4OUpuUUtCZ0VNWGZtaU9STitoMUFORXVxM1k5dVhqSFNNd3NPbHVxV0srNnR1V0dnSFpwd0pzZFNNMGp0cHEKSjFuNGxkemc5bkpQUC8rSit5SUlkTlAvMEt5TkxJMnMvVDg1VWNoQldaN2lNWlhCNjhPYVVVOEcrQ1FWUFE3cgptcnJvbnAxYUluSUl5SUxsUkltMGt2OERPTDlPVHRVMzlDc0R5dkU1QkdtWW0xT1h3d1BxCi0tLS0tRU5EIFJTQSBQUklWQVRFIEtFWS0tLS0tCg==",
                            "master_auth.0.cluster_ca_certificate": "LS0tLS1CRUdJTiBDRVJUSUZJQ0FURS0tLS0tCk1JSURERENDQWZTZ0F3SUJBZ0lSQUl2R0VLNkMxNHBqUmsxdklaMjhrcTR3RFFZSktvWklodmNOQVFFTEJRQXcKTHpFdE1Dc0dBMVVFQXhNa1l6TmtNbVJsWWpZdE1ESXlaQzAwTmpnNExUbGhOek10T0dOa1pHRXlaVGt4TW1RNApNQjRYRFRFM01Ea3lOVEU1TURZeE5Wb1hEVEl5TURreU5ESXdNRFl4TlZvd0x6RXRNQ3NHQTFVRUF4TWtZek5rCk1tUmxZall0TURJeVpDMDBOamc0TFRsaE56TXRPR05rWkdFeVpUa3hNbVE0TUlJQklqQU5CZ2txaGtpRzl3MEIKQVFFRkFBT0NBUThBTUlJQkNnS0NBUUVBbHhOa1FuV2F3ZlFtK1FwK0F6c1RYRmU4bm9nVWFOTmpGS1JTNzFpNwpvTkdXb2hkR2lua0tXditsZDczUWhuVlF0Rkt4UHdhdWEvS0ZWdnNSN2VxenRaS1pLN1hRcjN3WW11bjBGZEc4Clc4ZStSblRrMlJjODdHY1hDYU5aQ25uNTd4T3BTSEtaU0p1RHM3cnlmb0RPKzlwdElMTmg2WTV2OWtCRlRNWXUKV0Uvb0xBUVYrREtlYm1JTDc1bDM0Nlp1T3RtbS8rV1llNFNiMHZnYlZEZlcxNmRxUmN2L0xHS1ovY2VWZ1IwSApWNDMrRWJYOWh2cVRUcW90cERXMVVTMHFnZFJPZ0NtcG9QTnpLdDlUM0JGKzlVVk9qOEo1OVVhOVF5VXUwb2FaCkUvUGZqQ05VNUYxSFNoRzRXc21qTGwyMzVoTnI5d00vd2paU2hYdUR2ZWdvVFFJREFRQUJveU13SVRBT0JnTlYKSFE4QkFmOEVCQU1DQWdRd0R3WURWUjBUQVFIL0JBVXdBd0VCL3pBTkJna3Foa2lHOXcwQkFRc0ZBQU9DQVFFQQpYZUtqRitQdmFqOEY2V0xYT1BlNW44cUVIelBsT29MQ0wzRWNrdXFEKzNsVllScVFrOTlNTmNibnhpd0F2aGlWCktrR0twdjFTWHVTWUdZNE4xT0hJc2JKczVOWDZmQTJaZUs4RXJWQlJxbEZoWDRzM1RSRHhESkJGY2JqeWpNY28KMVRma1krNVhrVlk2ZjVZdWpkYStGbzUzVUFxcytZSENQbGhzQ3lZaklUdW9VRlJrSkhvMDJ1YTRmalFDbGM3WAozZVRoRGJNWVk1eS9aT0FObEhNZFRWbXpYd3hpa1FiSTY2aVJKSHhYbWhGNFpCaVpiL0xzWTVwdVJ4VUd0c3p4CkxNa0FJbEdvbDZCQmdFd1A1ZnhaKzRHSWtia3ZDdXF5QXI0Y21ZellmeXBtRmRpVGZudit3U01BTTQybGc1TjQKZ2laVlBVZ1BTNFVxYTRydkE5ZFo1dz09Ci0tLS0tRU5EIENFUlRJRklDQVRFLS0tLS0K",
                            "master_auth.0.password": "coolpassword}",
                            "master_auth.0.username": "coolusername",
                            "monitoring_service": "monitoring.googleapis.com",
                            "name": "googlykubycluster",
                            "network": "default",
                            "node_config.#": "1",
                            "node_config.0.disk_size_gb": "100",
                            "node_config.0.image_type": "COS",
                            "node_config.0.labels.%": "1",
                            "node_config.0.labels.foo": "bar",
                            "node_config.0.local_ssd_count": "0",
                            "node_config.0.machine_type": "n1-standard-1",
                            "node_config.0.metadata.%": "0",
                            "node_config.0.oauth_scopes.#": "4",
                            "node_config.0.oauth_scopes.0": "https://www.googleapis.com/auth/compute",
                            "node_config.0.oauth_scopes.1": "https://www.googleapis.com/auth/devstorage.read_only",
                            "node_config.0.oauth_scopes.2": "https://www.googleapis.com/auth/logging.write",
                            "node_config.0.oauth_scopes.3": "https://www.googleapis.com/auth/monitoring",
                            "node_config.0.service_account": "default",
                            "node_config.0.tags.#": "2",
                            "node_config.0.tags.0": "foo",
                            "node_config.0.tags.1": "bar",
                            "node_pool.#": "1",
                            "node_pool.0.initial_node_count": "1",
                            "node_pool.0.name": "default-pool",
                            "node_pool.0.name_prefix": "",
                            "node_pool.0.node_config.#": "1",
                            "node_pool.0.node_config.0.disk_size_gb": "100",
                            "node_pool.0.node_config.0.image_type": "COS",
                            "node_pool.0.node_config.0.labels.%": "1",
                            "node_pool.0.node_config.0.labels.foo": "bar",
                            "node_pool.0.node_config.0.local_ssd_count": "0",
                            "node_pool.0.node_config.0.machine_type": "n1-standard-1",
                            "node_pool.0.node_config.0.metadata.%": "0",
                            "node_pool.0.node_config.0.oauth_scopes.#": "4",
                            "node_pool.0.node_config.0.oauth_scopes.0": "https://www.googleapis.com/auth/compute",
                            "node_pool.0.node_config.0.oauth_scopes.1": "https://www.googleapis.com/auth/devstorage.read_only",
                            "node_pool.0.node_config.0.oauth_scopes.2": "https://www.googleapis.com/auth/logging.write",
                            "node_pool.0.node_config.0.oauth_scopes.3": "https://www.googleapis.com/auth/monitoring",
                            "node_pool.0.node_config.0.service_account": "default",
                            "node_pool.0.node_config.0.tags.#": "2",
                            "node_pool.0.node_config.0.tags.0": "foo",
                            "node_pool.0.node_config.0.tags.1": "bar",
                            "node_version": "1.7.5",
                            "subnetwork": "",
                            "zone": "us-west1-a"
                        },
                        "meta": {
                            "e2bfb730-ecaa-11e6-8f88-34363bc7c4c0": {
                                "create": 1800000000000,
                                "delete": 600000000000,
                                "update": 600000000000
                            },
                            "schema_version": "1"
                        },
                        "tainted": false
                    },
                    "deposed": [],
                    "provider": ""
                },
                "google_sourcerepo_repository.kubycoderepo": {
                    "type": "google_sourcerepo_repository",
                    "depends_on": [],
                    "primary": {
                        "id": "projects/thrashingcorecode/repos/kubyrepos",
                        "attributes": {
                            "id": "projects/thrashingcorecode/repos/kubyrepos",
                            "name": "kubyrepos"
                        },
                        "meta": {},
                        "tainted": false
                    },
                    "deposed": [],
                    "provider": ""
                }
            },
            "depends_on": []
        }
    ]
}
