{
    "version": 3,
    "terraform_version": "0.10.0",
    "serial": 8,
    "lineage": "18fe72df-b86e-44e3-84bc-c7b741c0b022",
    "modules": [
        {
            "path": [
                "root"
            ],
            "outputs": {
                "azure_master_dns_fqdn": {
                    "sensitive": false,
                    "type": "string",
                    "value": "1"
                },
                "azure_ssh_command": {
                    "sensitive": false,
                    "type": "string",
                    "value": "ssh coolusername@1 -A -p 22"
                },
                "gcp_cluster_name": {
                    "sensitive": false,
                    "type": "string",
                    "value": "kubyhouse"
                }
            },
            "resources": {
                "azurerm_resource_group.kubernetes_house": {
                    "type": "azurerm_resource_group",
                    "depends_on": [],
                    "primary": {
                        "id": "/subscriptions/77ad15ff-226a-4aa9-bef3-648597374f9c/resourceGroups/kuberneteshouse",
                        "attributes": {
                            "id": "/subscriptions/77ad15ff-226a-4aa9-bef3-648597374f9c/resourceGroups/kuberneteshouse",
                            "location": "westus",
                            "name": "kuberneteshouse",
                            "tags.%": "0"
                        },
                        "meta": {},
                        "tainted": false
                    },
                    "deposed": [],
                    "provider": ""
                },
                "google_compute_network.kubynetwork": {
                    "type": "google_compute_network",
                    "depends_on": [],
                    "primary": {
                        "id": "kubeynet",
                        "attributes": {
                            "auto_create_subnetworks": "true",
                            "gateway_ipv4": "",
                            "id": "kubeynet",
                            "ipv4_range": "",
                            "name": "kubeynet",
                            "self_link": "https://www.googleapis.com/compute/v1/projects/thrashingcorecode/global/networks/kubeynet"
                        },
                        "meta": {},
                        "tainted": false
                    },
                    "deposed": [],
                    "provider": ""
                },
                "google_sourcerepo_repository.kubycoderepo": {
                    "type": "google_sourcerepo_repository",
                    "depends_on": [],
                    "primary": {
                        "id": "projects/thrashingcorecode/repos/kubyrepos",
                        "attributes": {
                            "id": "projects/thrashingcorecode/repos/kubyrepos",
                            "name": "kubyrepos",
                            "size": "0"
                        },
                        "meta": {},
                        "tainted": false
                    },
                    "deposed": [],
                    "provider": ""
                }
            },
            "depends_on": []
        }
    ]
}
