{
    "version": 3,
    "terraform_version": "0.10.0",
    "serial": 43,
    "lineage": "b42208be-51d5-4c60-be94-3ad1c81b1311",
    "modules": [
        {
            "path": [
                "root"
            ],
            "outputs": {
                "gcp_cluster_endpoint": {
                    "sensitive": false,
                    "type": "string",
                    "value": "35.197.43.147"
                },
                "gcp_ssh_command": {
                    "sensitive": false,
                    "type": "string",
                    "value": "ssh coolusername@35.197.43.147"
                }
            },
            "resources": {
                "azurerm_container_service.kubyhousecontainers": {
                    "type": "azurerm_container_service",
                    "depends_on": [
                        "azurerm_resource_group.kubernetes_house"
                    ],
                    "primary": {
                        "id": "/subscriptions/77ad15ff-226a-4aa9-bef3-648597374f9c/resourceGroups/kuberneteshouse/providers/Microsoft.ContainerService/containerServices/kubecontainers",
                        "attributes": {
                            "agent_pool_profile.#": "1",
                            "agent_pool_profile.3381225627.count": "2",
                            "agent_pool_profile.3381225627.dns_prefix": "kuby.house",
                            "agent_pool_profile.3381225627.fqdn": "",
                            "agent_pool_profile.3381225627.name": "default",
                            "agent_pool_profile.3381225627.vm_size": "Standard_A0",
                            "diagnostics_profile.#": "1",
                            "diagnostics_profile.734881840.enabled": "false",
                            "diagnostics_profile.734881840.storage_uri": "",
                            "id": "/subscriptions/77ad15ff-226a-4aa9-bef3-648597374f9c/resourceGroups/kuberneteshouse/providers/Microsoft.ContainerService/containerServices/kubecontainers",
                            "linux_profile.#": "1",
                            "linux_profile.1362204836.admin_username": "coolusername",
                            "linux_profile.1362204836.ssh_key.#": "1",
                            "linux_profile.1362204836.ssh_key.1858665892.key_data": "ssh-rsa AAAAB3NzaC1yc2EAAAADAQABAAACAQCaRP6U+UwBP6LRelSsO+tgzZGul5UNHiGMy0GlSI/CG4d8jpdt4OIbZLsWtFsyiyTyVhBzmShiZZh+V2j9vFojqPTTK34KBj35vo1EKwTgLFEDBvsDFZzjc7SrQZ/DuHN6eJnv2ot9+fSJpfB7tg8m9OUEnFs8oZFrAq+qOmT5DWFpXwIo9VgcisDHack9bTFVABq2nnHWex4Y1NA8xtM0Q/FQulQ2jX8iVRCVbEOcRE6IVnEaPMLol+7ilX/eW0Ojgg4Y5e8LBXqUGUuXQyURPfOXuaYJrZqGMrMNflrAiufh6HRXceT8/v4ExJGQvJdPnwyxIl1Dxv2HRYt0ImZhRxFvpw1+UsBgYc6Gfi3icBTsXuJDZkhIE2lL2qWiFKEsvV4zXbORjDM7EHvGk1uunVdvfJ22CpLC/7QI7VQtd3e7mBa1t+mSdkKgN121h5xkpDVuPViUMob7HiwlCNI81PowfYeuZx2S8ZOqjHTg9UEh2Q3IK7k5ZiAL7zrWpTOwID+H1BfgKJmeXfVW4v9iMOoZk9OKTXz5qACZtdntV21bxRyXUUHssTUbdpw3f+MQlKIEstvNI6BC7fTLVK1VXlEcDrfHAgNjDQi55iE0p8JrZU5rwkJBHhVSJlM6uG3rLAssyOLu2Qklltt1kxMIEg7jIKLIi1yVtEKkz2WhWQ== adronhall@gmail.com",
                            "location": "westus",
                            "master_profile.#": "1",
                            "master_profile.1771707756.count": "1",
                            "master_profile.1771707756.dns_prefix": "kubyhouse",
                            "master_profile.1771707756.fqdn": "kubyhouse.westus.cloudapp.azure.com",
                            "name": "kubecontainers",
                            "orchestration_platform": "Kubernetes",
                            "resource_group_name": "kuberneteshouse",
                            "service_principal.#": "1",
                            "service_principal.756725815.client_id": "d537b9b9-05ed-4c5e-ba48-2381b1e2b3f3",
                            "service_principal.756725815.client_secret": "",
                            "tags.%": "1",
                            "tags.Environment": "Production"
                        },
                        "meta": {},
                        "tainted": false
                    },
                    "deposed": [],
                    "provider": ""
                },
                "azurerm_resource_group.kubernetes_house": {
                    "type": "azurerm_resource_group",
                    "depends_on": [],
                    "primary": {
                        "id": "/subscriptions/77ad15ff-226a-4aa9-bef3-648597374f9c/resourceGroups/kuberneteshouse",
                        "attributes": {
                            "id": "/subscriptions/77ad15ff-226a-4aa9-bef3-648597374f9c/resourceGroups/kuberneteshouse",
                            "location": "westus",
                            "name": "kuberneteshouse",
                            "tags.%": "0"
                        },
                        "meta": {},
                        "tainted": false
                    },
                    "deposed": [],
                    "provider": ""
                },
                "google_container_cluster.primary": {
                    "type": "google_container_cluster",
                    "depends_on": [],
                    "primary": {
                        "id": "kubyhouse",
                        "attributes": {
                            "additional_zones.#": "2",
                            "additional_zones.3926883567": "us-west1-b",
                            "additional_zones.4078194094": "us-west1-c",
                            "cluster_ipv4_cidr": "10.56.0.0/14",
                            "description": "",
                            "enable_legacy_abac": "true",
                            "endpoint": "35.197.43.147",
                            "id": "kubyhouse",
                            "initial_node_count": "1",
                            "instance_group_urls.#": "3",
                            "instance_group_urls.0": "https://www.googleapis.com/compute/v1/projects/thrashingcorecode/zones/us-west1-b/instanceGroups/gke-kubyhouse-default-pool-25914724-grp",
                            "instance_group_urls.1": "https://www.googleapis.com/compute/v1/projects/thrashingcorecode/zones/us-west1-c/instanceGroups/gke-kubyhouse-default-pool-abeb0cb5-grp",
                            "instance_group_urls.2": "https://www.googleapis.com/compute/v1/projects/thrashingcorecode/zones/us-west1-a/instanceGroups/gke-kubyhouse-default-pool-fefed673-grp",
                            "logging_service": "logging.googleapis.com",
                            "master_auth.#": "1",
                            "master_auth.0.client_certificate": "LS0tLS1CRUdJTiBDRVJUSUZJQ0FURS0tLS0tCk1JSUMyakNDQWNLZ0F3SUJBZ0lRQ2JnNkhHZ0J2T3VzajZPZDdMaCtMVEFOQmdrcWhraUc5dzBCQVFzRkFEQXYKTVMwd0t3WURWUVFERXlRNVpUZGxZVE0xTlMxbVkyRmxMVFJrWW1FdE9XRmlaQzB5TlRobFkySmlZekkyTkRJdwpIaGNOTVRjd09URXlNRFUxT1RFNVdoY05Nakl3T1RFeE1EVTFPVEU1V2pBUk1ROHdEUVlEVlFRREV3WmpiR2xsCmJuUXdnZ0VpTUEwR0NTcUdTSWIzRFFFQkFRVUFBNElCRHdBd2dnRUtBb0lCQVFDcjJSYkM0TlFhOFpnRVZEcEIKQjVDR1JHRFY1VnQ2biszTnRYUzFhbnhiZnAxNlhQRW5WNWlGYkpzMUZPb1V4SVhUM05ucXRZU2ZwMFZFMXBXZQpNTzVVb3kzVDBPbW1wam43SmxmQ3VsN3ptZ1g1UVhFZTNsTmRIOWJDRXlLTm9BQlowTXFsUmhHS0h2RFROdkJFCjhiL0tsNUVWcU1xYWU4d3RDUThpaFJod2o3amZGb3lqajZRS01NaFFER2xjTWpwQ0dZZTJvSzJsRkpJZ0M1S0kKZng3ejdKQjFNUmUvUXc2Sythd2VWSENDc08vcGVPSTliUDZuUDRVbzB6WTYzTFlyUHJIL2wzdm1Rd0pTdWpVVgpVVWxTMXc5SmNUUE9lMU9DWWFHTTBkZW4zdHE2T1l6Z2UxQlFrVlUvWlB4TFBaQVE1M2lYQ2hxbGw1Um9xQTJ6CnV6QXJBZ01CQUFHakVEQU9NQXdHQTFVZEV3RUIvd1FDTUFBd0RRWUpLb1pJaHZjTkFRRUxCUUFEZ2dFQkFBZloKdGxtV1pmdmRuM2RpNkdGY2VVWE9mOGlON29qNTdBZEMwT1FDSjd6R1g3OGU3TitMWldMUC9JUXJGMENKY29YbQpFdnBoY1ZzYUZhWjR0TytHdDNaaG5SQ1orN2V4eEJCYVdMRDFXTGRaYW1xOFN1MjArUGdacVhlMEVwdkRNVkRYCnowSzlMNDNvT1RIR000S1NUcG40Q0NiTVFyRWxRVEl6a2R0bTREV2MwaC9waUpuWWd1TDJ1Yk5TQ0I4ZWVXUWsKSTlHZUdWM0pqcXJNTGVkRjNiV1lCK3RLdWZ2QnJWRXpSbFYycHRiQnkzMnRid2ZVaW9YNWRKMkRORVMxb3VwUAoxWFVEYnJualpEMktCSUpSeWpkMEVPOHBEV2lDSWRoeUExdTVlT1RsQnhuUHBZWUlIVUNCS2txV1prSVVJbW9sCkVFVFdkcnl0UWNvRUdJR0s0Y1E9Ci0tLS0tRU5EIENFUlRJRklDQVRFLS0tLS0K",
                            "master_auth.0.client_key": "LS0tLS1CRUdJTiBSU0EgUFJJVkFURSBLRVktLS0tLQpNSUlFcEFJQkFBS0NBUUVBcTlrV3d1RFVHdkdZQkZRNlFRZVFoa1JnMWVWYmVwL3R6YlYwdFdwOFczNmRlbHp4CkoxZVloV3liTlJUcUZNU0YwOXpaNnJXRW42ZEZSTmFWbmpEdVZLTXQwOURwcHFZNSt5Wlh3cnBlODVvRitVRngKSHQ1VFhSL1d3aE1pamFBQVdkREtwVVlSaWg3dzB6YndSUEcveXBlUkZhakttbnZNTFFrUElvVVljSSs0M3hhTQpvNCtrQ2pESVVBeHBYREk2UWhtSHRxQ3RwUlNTSUF1U2lIOGU4K3lRZFRFWHYwTU9pdm1zSGxSd2dyRHY2WGppClBXeitweitGS05NMk90eTJLejZ4LzVkNzVrTUNVcm8xRlZGSlV0Y1BTWEV6em50VGdtR2hqTkhYcDk3YXVqbU0KNEh0UVVKRlZQMlQ4U3oyUUVPZDRsd29hcFplVWFLZ05zN3N3S3dJREFRQUJBb0lCQVFDZmZXTjZpbDlRZ2xpcgo2K0FFNnBoZmhLYTYzWnNCTzl6Z3hrQUMvMGxiUVMrMm1QdlhuNXlXZUMyMEhpMENDVUtMVnJXSTk5NldyZy9ECnk4UWdoUmtzeENXTUtLQXhZcVQ5U3FDNHdXL09kbXlFNFErenJuT0FRa1IyNm50dkpjZ3RrM0gvNGYvMVNMSUoKMVRzNVFZVFc2Y1JsYmJwYmxmbnc4aTl4d2tUa2NYaWdvTHAvN3VXOUVPZk94M01sQ3hWQnY2NFpmUnVLNFR4agp6elhCT2lEcDJWN0loREgxR1dLUzZ5VGd3cEhQUXI3ckVqOUpSdVJrRk02KzFYd0xQYVFidk9lVFFVUndjWFEwCkpYVTNEaFJxVm5ONDlDeHYwWGp4bENvd2lIRXdjcU5vdENrcU1ad3pIWWpKckgzTUZ4alowNDE5Rnp6K010Zk0KRFd0ajNPekJBb0dCQU9JQXJRYkxFSkIvaFRta3o5aWNZK0JCNkJhNFNETmpmVDNPQmQ0bHAwNUVGM0lmTEhGegpSYVFZcWZpNHRPaWl1d0JnWUtTMm9UZGM5UlFBdWhtbHRCYjlGRnRtaTJuTWRoWkZmRnlQNjkzOEN5QWdiT2tOCnJ0SE5FaXdFU0FlZldNUUk5Sm1zN0JDaFg3Vy9MbWY0dTZyWis4WXFSeE5MT2JUaGlGaEN5VkdOQW9HQkFNS28KVEIxdDdBdVVJeXRvaWFGTDRuR0VNaTdLcGJLTjFlMDdnOVJONW5QNVhEUWM5NU1xa3dSZk1pTjRsUXhjdWRjNworNzZzWVdOZ1JkblMvbTZpdUpGVjljdzFya1BLdDJNRmJFV3labnR1bHdORHB1WmRBYzMxeE1sU0REWjlldjZqCktieHMvWSs3NFdjSnZKZUV3ZXFxVTNrL3VWS2VTQmkwcUozM2wrNlhBb0dBSmhzTEVYd25uTldEZHdhczdNN2gKb0N3OG42Z090R3R2OEgzT1MzaDV6eDUzL1l2NENHRHhPd3ZWak5SSDNIbWpvaHFkOE9mQ0l2MlBiUUg2WHR5cgprcnkxTS93RVFhQnh3S3VTbm1DOTJqM20rbEc5UzBZOVZhNklBOWZzOVN3TzRXN0pIeWdpM1dMNEtrTEQ1ay93CkJJeWdnUGNiNk1ya1BmVlE4ZURBNVBrQ2dZQUNxVXBoSEorZGlPanlMdnV5dU5iZnRtNzVOTXdQSk9GSDNRaHcKWHFCSDlhRE5GWmhNNnNnWHh6Vm9ScjNDN1lHYzc3VUJabG51Z2VKeWwrL2lrMWJ5cGJvMmtJVlJaL1FaNW5rVQpldHZyMUJjOGREQlQ5ZkdRWDB2UmRNMjE4UUU5ZWYyWUZlVmhrYkFET0o3YmMzVXpRQ0RrQjNzQkppaldMYUlnCmhzSU5BUUtCZ1FDMjE2TFdaRy8yRG1RN3FzUEZLLzJ4VGRQZUFjcjU4VnhSa044Zm9KQ29mdHN4VTRQMzdTejYKK1NrYmMrK0t2eThVREl6eFVoSjBTU1ptZTlVTVk5UlNvYTJveWNFaVozWmdnR1Bua3UwbTFNZ2tra0NuZWsyKwpCQ1JOWHBHYy81Q0phZG5WVFZ1SFc2OS9kaVBVak9RYysycFUxcUxNU3RhdkdXMUdRcmM3b0E9PQotLS0tLUVORCBSU0EgUFJJVkFURSBLRVktLS0tLQo=",
                            "master_auth.0.cluster_ca_certificate": "LS0tLS1CRUdJTiBDRVJUSUZJQ0FURS0tLS0tCk1JSURDekNDQWZPZ0F3SUJBZ0lRRVJ0K3BNUzZTdzRpZW15RDFnUnF5REFOQmdrcWhraUc5dzBCQVFzRkFEQXYKTVMwd0t3WURWUVFERXlRNVpUZGxZVE0xTlMxbVkyRmxMVFJrWW1FdE9XRmlaQzB5TlRobFkySmlZekkyTkRJdwpIaGNOTVRjd09URXlNRFExT1RFNFdoY05Nakl3T1RFeE1EVTFPVEU0V2pBdk1TMHdLd1lEVlFRREV5UTVaVGRsCllUTTFOUzFtWTJGbExUUmtZbUV0T1dGaVpDMHlOVGhsWTJKaVl6STJOREl3Z2dFaU1BMEdDU3FHU0liM0RRRUIKQVFVQUE0SUJEd0F3Z2dFS0FvSUJBUURRVk5xNEVXNnFpMll5NnhPcXNKc2tkZnJ5aDlTVGFWUXZuN09wcUI5NgpqNzdjNEhJcUFOVjQ5aEIxaFMxeWtJUTFRZWpTMGovbGJieGFUTmt3K3AwZUN5V25CRlBPK0s3U2V3aUJoaEU1CmphaTFJNFhZVFB1SFg5b0pibThRSkZZWlltcElDemtGcDl5cU9NbVlWRndpMXNWUzM4bDE0Z2drczZhbHByaEYKL0hRNE1mZGdueTl6M3ZpL1FudnBtbWMyNWdKeS9vWWVFbHp0QzdhZlovS3g3dEdxczJ5RnJHYTI1UHRiVFNvSgpWd29hdnQxMm5yVFNjUzZjMDgzYlg2Yis1bmlRUjJQbGtaTVlNTzFOU2hBZ3JzeXBWUm1HOTQxZk4vcWxVb24yCmJXbzkrRHkxR1FOLy9RWTFzVVl5WjVTK1d4ZTcxdDF2NTRHSGJzWkRvYWxwQWdNQkFBR2pJekFoTUE0R0ExVWQKRHdFQi93UUVBd0lDQkRBUEJnTlZIUk1CQWY4RUJUQURBUUgvTUEwR0NTcUdTSWIzRFFFQkN3VUFBNElCQVFCbApOb0VIK0FyV1A5QnVDa0UzUnNsRHBRejN0OWtRT2dCUUpRQnZGWFd4VDF4T3hHZitzSW05cFBDNHdBeFlPZkhQCnlrMDFaY1MzRFIxdXNEenlTbGtRRTZQcDdleXNIMVlta1hZemdJRy9TNVJFUERBNFNZVnZBY3d5d3FZUHFpZHQKdkZETVYyVHVWN1RYSjREdlNJRVRtaVpTTVVnbHlXMk1oazJEUGpsMWlUN3FJelp4N0Z4Wjd6a2Fyazh4QnFzNApMbFhUK25HRkdlQUhud3BsWThjSVFUT1BaMjVRZXdYYXl5QWltOXBKbnMybDF5Zm9Kd2IxQ0R1aTF3ZFgvMG1vClJPOGczc1VFaFI1bmt2R1hqMUZKSmYrdjU1RGUxV0o4TmkrY2pHZUpXWTFoaGFQWE01RmduUTljcExxN2Zka2gKejZTSVdPdUpIc1R2SlhZY0FUTmsKLS0tLS1FTkQgQ0VSVElGSUNBVEUtLS0tLQo=",
                            "master_auth.0.password": "superSecretNope}",
                            "master_auth.0.username": "coolusername",
                            "monitoring_service": "monitoring.googleapis.com",
                            "name": "kubyhouse",
                            "network": "default",
                            "node_config.#": "1",
                            "node_config.0.disk_size_gb": "100",
                            "node_config.0.image_type": "COS",
                            "node_config.0.labels.%": "1",
                            "node_config.0.labels.foo": "bar",
                            "node_config.0.local_ssd_count": "0",
                            "node_config.0.machine_type": "n1-standard-1",
                            "node_config.0.metadata.%": "0",
                            "node_config.0.oauth_scopes.#": "4",
                            "node_config.0.oauth_scopes.0": "https://www.googleapis.com/auth/compute",
                            "node_config.0.oauth_scopes.1": "https://www.googleapis.com/auth/devstorage.read_only",
                            "node_config.0.oauth_scopes.2": "https://www.googleapis.com/auth/logging.write",
                            "node_config.0.oauth_scopes.3": "https://www.googleapis.com/auth/monitoring",
                            "node_config.0.service_account": "default",
                            "node_config.0.tags.#": "2",
                            "node_config.0.tags.0": "foo",
                            "node_config.0.tags.1": "bar",
                            "node_pool.#": "1",
                            "node_pool.0.initial_node_count": "1",
                            "node_pool.0.name": "default-pool",
                            "node_pool.0.name_prefix": "",
                            "node_pool.0.node_config.#": "1",
                            "node_pool.0.node_config.0.disk_size_gb": "100",
                            "node_pool.0.node_config.0.image_type": "COS",
                            "node_pool.0.node_config.0.labels.%": "1",
                            "node_pool.0.node_config.0.labels.foo": "bar",
                            "node_pool.0.node_config.0.local_ssd_count": "0",
                            "node_pool.0.node_config.0.machine_type": "n1-standard-1",
                            "node_pool.0.node_config.0.metadata.%": "0",
                            "node_pool.0.node_config.0.oauth_scopes.#": "4",
                            "node_pool.0.node_config.0.oauth_scopes.0": "https://www.googleapis.com/auth/compute",
                            "node_pool.0.node_config.0.oauth_scopes.1": "https://www.googleapis.com/auth/devstorage.read_only",
                            "node_pool.0.node_config.0.oauth_scopes.2": "https://www.googleapis.com/auth/logging.write",
                            "node_pool.0.node_config.0.oauth_scopes.3": "https://www.googleapis.com/auth/monitoring",
                            "node_pool.0.node_config.0.service_account": "default",
                            "node_pool.0.node_config.0.tags.#": "2",
                            "node_pool.0.node_config.0.tags.0": "foo",
                            "node_pool.0.node_config.0.tags.1": "bar",
                            "node_version": "1.6.9",
                            "subnetwork": "",
                            "zone": "us-west1-a"
                        },
                        "meta": {
                            "e2bfb730-ecaa-11e6-8f88-34363bc7c4c0": {
                                "create": 1800000000000,
                                "delete": 600000000000,
                                "update": 600000000000
                            },
                            "schema_version": "1"
                        },
                        "tainted": false
                    },
                    "deposed": [],
                    "provider": ""
                }
            },
            "depends_on": []
        }
    ]
}
