{
    "version": 3,
    "terraform_version": "0.10.0",
    "serial": 9,
    "lineage": "c116ef32-753f-4b0c-8e5f-1ca4cb3ec0d4",
    "modules": [
        {
            "path": [
                "root"
            ],
            "outputs": {
                "gcp_cluster_endpoint": {
                    "sensitive": false,
                    "type": "string",
                    "value": "35.203.173.237"
                },
                "gcp_cluster_name": {
                    "sensitive": false,
                    "type": "string",
                    "value": "googlykubycluster"
                },
                "gcp_ssh_command": {
                    "sensitive": false,
                    "type": "string",
                    "value": "ssh coolusername@35.203.173.237"
                }
            },
            "resources": {
                "azurerm_container_service.bluekuby": {
                    "type": "azurerm_container_service",
                    "depends_on": [
                        "azurerm_resource_group.blue_kuby_group"
                    ],
                    "primary": {
                        "id": "/subscriptions/77ad15ff-226a-4aa9-bef3-648597374f9c/resourceGroups/bluekubygroup/providers/Microsoft.ContainerService/containerServices/bluekubyhouse",
                        "attributes": {
                            "agent_pool_profile.#": "1",
                            "agent_pool_profile.4286314600.count": "3",
                            "agent_pool_profile.4286314600.dns_prefix": "kuby.house",
                            "agent_pool_profile.4286314600.fqdn": "",
                            "agent_pool_profile.4286314600.name": "default",
                            "agent_pool_profile.4286314600.vm_size": "Standard_A0",
                            "diagnostics_profile.#": "1",
                            "diagnostics_profile.734881840.enabled": "false",
                            "diagnostics_profile.734881840.storage_uri": "",
                            "id": "/subscriptions/77ad15ff-226a-4aa9-bef3-648597374f9c/resourceGroups/bluekubygroup/providers/Microsoft.ContainerService/containerServices/bluekubyhouse",
                            "linux_profile.#": "1",
                            "linux_profile.1362204836.admin_username": "coolusername",
                            "linux_profile.1362204836.ssh_key.#": "1",
                            "linux_profile.1362204836.ssh_key.994404834.key_data": "ssh-rsa AAAAB3NzaC1yc2EAAAADAQABAAACAQC3Wwmr3DXQJwDeVRtuMQx2k3jGXPDOPDMHiT+AVfhmwqwGMCDCOpeJo4CK6s6nIvOqr+XREgccHgGu8ao58CX8rUi9bL0BxNtKbrTaevWd7w+JoJAG3jBXmsXYyhkH2wkyf4qw3ba740XZdq6/gBqr5S+QvB7lkL+qPa7IgfaU4dcwK2dzgW+Rs0/aS6cdio5HS7mmuDSScst8nA0FH6KlvMchdiA40AC/OhJ+FJlT6esR1hXVLf1GiZAqZfnCXDVBHOichpcFSLpsl/2a3RPvMJEsVco67gZ+xJ7Ex3buVv6qpaR3H08x9xhSYNCyCM5UfAXeu20fJeSCvZAOyCgnEMbBH6HtHY9uRHo/8yqu7XzqJpHXDe2VOmn1VPjbl21GIZUZfE9HVaXQR620YBQ/NanxTT9BXdDPXMBsPZA6EiYEIn1SKxL8Ze82aIlkVCaWkoHHGHxWAIXjOGkD3tPEJ4TuoDxtIEmu4ERnHLB4+4WKDgFZKVgAOM60xaCOvfDnZW1SA75fuyy+AHShJsZivGyY+jtaTMwSGOyeAtX7wJClWCGWM0zH8JZinWfz+RBh9qwMUCXgavHxVnu2Jc5vATTDB/Vw7oJz19XZRCZThx5deTmCAN+AeVv/0FH3PKtI4EHsVgOR57VAq9xXMrMJ6A/03t5NG23lWolijCNT9w== adron@thrashingcode.com",
                            "location": "westus",
                            "master_profile.#": "1",
                            "master_profile.1498715451.count": "1",
                            "master_profile.1498715451.dns_prefix": "bluekubycluster",
                            "master_profile.1498715451.fqdn": "bluekubycluster.westus.cloudapp.azure.com",
                            "name": "bluekubyhouse",
                            "orchestration_platform": "Kubernetes",
                            "resource_group_name": "bluekubygroup",
                            "service_principal.#": "1",
                            "service_principal.408466820.client_id": "d2fcd2db-3c91-403c-9e09-a48e57ebde42",
                            "service_principal.408466820.client_secret": "",
                            "tags.%": "1",
                            "tags.Environment": "Production"
                        },
                        "meta": {},
                        "tainted": false
                    },
                    "deposed": [],
                    "provider": ""
                },
                "azurerm_resource_group.blue_kuby_group": {
                    "type": "azurerm_resource_group",
                    "depends_on": [],
                    "primary": {
                        "id": "/subscriptions/77ad15ff-226a-4aa9-bef3-648597374f9c/resourceGroups/bluekubygroup",
                        "attributes": {
                            "id": "/subscriptions/77ad15ff-226a-4aa9-bef3-648597374f9c/resourceGroups/bluekubygroup",
                            "location": "westus",
                            "name": "bluekubygroup",
                            "tags.%": "0"
                        },
                        "meta": {},
                        "tainted": false
                    },
                    "deposed": [],
                    "provider": ""
                },
                "google_container_cluster.googlykuby": {
                    "type": "google_container_cluster",
                    "depends_on": [],
                    "primary": {
                        "id": "googlykubycluster",
                        "attributes": {
                            "additional_zones.#": "2",
                            "additional_zones.3926883567": "us-west1-b",
                            "additional_zones.4078194094": "us-west1-c",
                            "cluster_ipv4_cidr": "10.60.0.0/14",
                            "description": "",
                            "enable_legacy_abac": "true",
                            "endpoint": "35.203.173.237",
                            "id": "googlykubycluster",
                            "initial_node_count": "2",
                            "instance_group_urls.#": "3",
                            "instance_group_urls.0": "https://www.googleapis.com/compute/v1/projects/thrashingcorecode/zones/us-west1-b/instanceGroups/gke-googlykubycluster-default-pool-d546449e-grp",
                            "instance_group_urls.1": "https://www.googleapis.com/compute/v1/projects/thrashingcorecode/zones/us-west1-c/instanceGroups/gke-googlykubycluster-default-pool-853bed7d-grp",
                            "instance_group_urls.2": "https://www.googleapis.com/compute/v1/projects/thrashingcorecode/zones/us-west1-a/instanceGroups/gke-googlykubycluster-default-pool-3e91cd0f-grp",
                            "logging_service": "logging.googleapis.com",
                            "master_auth.#": "1",
                            "master_auth.0.client_certificate": "LS0tLS1CRUdJTiBDRVJUSUZJQ0FURS0tLS0tCk1JSUMyekNDQWNPZ0F3SUJBZ0lSQU8zcmx1TG1yS1JyMC9CSzc3YkRxTmN3RFFZSktvWklodmNOQVFFTEJRQXcKTHpFdE1Dc0dBMVVFQXhNa1pEYzVPVGxqTXpndFpESXdaaTAwTURBNUxUa3hOemN0TWpsbE1UQmhOV1E1TWpZMQpNQjRYRFRFM01UQXdOREF5TkRReU1sb1hEVEl5TVRBd016QXlORFF5TWxvd0VURVBNQTBHQTFVRUF4TUdZMnhwClpXNTBNSUlCSWpBTkJna3Foa2lHOXcwQkFRRUZBQU9DQVE4QU1JSUJDZ0tDQVFFQXRvMWVBWCtUajBBbFJ0bTAKYWY5L050UjRleTRlRVBhUVR4VDJWQUFWYW1GVXY1L2xQTDFjT1crSHBHSHhRNWVreC9JOGU1Ri9SaUZ3K25uNgptZHd6VHFMbHU3N2ZTNkxQQjFDTno1eW5qRDNJSTR5Vm1FajNKOHNMUkpwd1ZyRDhsOTdWUlhtQVNwQnpROHRZCkgySGcrcW11MzNWOUtLRE8rRHhMdm5heXk2OXNSRjVQUk5yM3VYdWx4dk1VckYyNlFMRXJVaHNNdlZxbmpDUFkKa0lhcGkyallVeVhZKzZOd284enlpYWhxeU1uZ29vcnE0bkY2aUZMamRJb281K2NDQWt6cnJRdG5uWE9GNHlHTQpHUzkxS2o4ajY1NG9aQUo1Ym5jL0Mzci81b0hjZlNHWkhpa2s1ZVNIUWtNNkZCWXpEUW5uRTlsdWlGUTBkV3pLCnUzYkFId0lEQVFBQm94QXdEakFNQmdOVkhSTUJBZjhFQWpBQU1BMEdDU3FHU0liM0RRRUJDd1VBQTRJQkFRQS8KUEVFMWYvek82UGIrNnRFSFdQOUF4RERHR2NQNGllWEFTTmRGdUZGbFN4N3JGRmVnME1jQm1IMDNKTGlxdzBjTQprQzNhZ3RTSUFHL3RmZ2NvSFBIb2FzUTFYcVlUQWdnR0NjZ256TW56bTIvanU3UTFHRldEU0pla3cwQzF1THVyCjk1Y25weGZxVHB2czN0YkQyOWZFZDQ2SEpvN0R2UlRmdiszOE5oU282K1czYVhrdWtwdWx3cmhPVG1MbzJNdkYKRUY4V2dSaXZSYTBUalVVSDBEWXJIbG1xbTZCMTIrRHFOaTFvd0h6cnk1aUZHbmJLbFBCMU0wT2dKaXJqbGFkUgpIT2phbnY2L1RyS0FGTjRXTTAwR25aQ3EzRWJzTVdTSHZyMlN6LzVrRHRCcHhBZEYvSDY1TFpoNkUrUVAycmIrCmtjZnlpTkpoTUZTR3VnL3NmUDVBCi0tLS0tRU5EIENFUlRJRklDQVRFLS0tLS0K",
                            "master_auth.0.client_key": "LS0tLS1CRUdJTiBSU0EgUFJJVkFURSBLRVktLS0tLQpNSUlFb3dJQkFBS0NBUUVBdG8xZUFYK1RqMEFsUnRtMGFmOS9OdFI0ZXk0ZUVQYVFUeFQyVkFBVmFtRlV2NS9sClBMMWNPVytIcEdIeFE1ZWt4L0k4ZTVGL1JpRncrbm42bWR3elRxTGx1NzdmUzZMUEIxQ056NXluakQzSUk0eVYKbUVqM0o4c0xSSnB3VnJEOGw5N1ZSWG1BU3BCelE4dFlIMkhnK3FtdTMzVjlLS0RPK0R4THZuYXl5NjlzUkY1UApSTnIzdVh1bHh2TVVyRjI2UUxFclVoc012VnFuakNQWWtJYXBpMmpZVXlYWSs2TndvOHp5aWFocXlNbmdvb3JxCjRuRjZpRkxqZElvbzUrY0NBa3pyclF0bm5YT0Y0eUdNR1M5MUtqOGo2NTRvWkFKNWJuYy9DM3IvNW9IY2ZTR1oKSGlrazVlU0hRa002RkJZekRRbm5FOWx1aUZRMGRXekt1M2JBSHdJREFRQUJBb0lCQUF2ZVRweXo3UXdFeDVyWQphV0RCT2hKK2dRT045elp6SGhoUzdKRG1VSDRlMzI3Y1VabHk3OURTaDNQZFNrUFpJQkkveUt1c3hTUys1S1N4CkJrdUVIWEhVS0poRU1pbmdzOTZoRXVQK0pvWjVOMmcrcWdHT01CQTBwTTdsenI1VUlER1NzelNKSE9ZaWg2aTEKZmhuL2F4S3Rza2pZSERZek1YVENIVER6UFFsa0k4cno5MDhFUVdIMnM0STd5MmJoOVl6OFlBdkgrVDV1MjhmMApIV1NCUFFsUDNPajNjMUp6L3RGV0lxRmYwTldUQnRMYTlwNUtNajkvNzkzSm1nc09BbytsUEhJU3E5R25TZkl3Cit0TlNHUEs1V2dRdXh5U0VmY1FCSXRkY1hKWnBnUkliWW5OZ2c5RHpObE40NXoxeTBGekQ3ZUNPb2RERjJOWnIKMXFqWnY0RUNnWUVBMm9XajJNTEhMU1J0NDVjY0tMeWdkZmc3U24rdlVyVmVLZXpQUk1rcUt3RU9TQkF2VmdheQpaV2d3cXJBUmpXS3grQkhzaHBqUldMMGVHbXE1SEp0WHlsS2UxYkRZM3BqSzgrRlF1cnZaUDZEU1ljYm4rUU42CmVKNjNtUzNFSVhXMEY3YVNJWEJoalZZbHRzSHFOMVNwU1VURDV6NGwybEEwcjd3Qjg2ZHIyeGNDZ1lFQTFkeHkKbk1naXc1TlJmY2ZkeXY2YktXM3VzOUtjcFBwVVVaR3ZsT1VsL2FxTlZQNkxFUVdkQzB3S05iWGZtYSt3NFFCbwp3ZkR4Vk5XTnBrZHgrOFhnQkFNSjcwa1BZYUh2cnlSd2s1VGt6aGpvZSt3Ny9sZ0xxY2c0WFBmUVpTVytPZStoCks1M1Y5dFlzS1FXaUdibnJLNC9mMkNhcGlPbFFwREVEWXBLZnlEa0NnWUJkeTNMeWZWaEV0aGc4MGdXU0xyU3AKTGkwMDR1MThFTUVrT2JNVmtVcjZQbS9FMnIyV3JUVXhkYkU5OG1qMlNPQ2UzQUtzR3pmd1lPeGs1bDRpTzBOSgpZb0V1czhQQ2Q4N1ZNMmNWWDcvMklhOXJySmF4T1o3OTJ4SnZPMGV1SFBsNkhERkpEUld5TnNIbFdnS1FVVlNBClVIWE44YzBKa2RlcmZvVlA4aExIYlFLQmdIdjhXV294MFkzSFcraHJObGZZc2tZYm1OY2lGSFRGT0pzdHRqakIKZlB3S28vT1J1emc4SStjSHg2ZUo4TDllRDFMeTlNanpra1pYcE02dy94RXprQU5qYTZBUm9Gdy9FUUZlUS9JYgowV2IzSTltc2hMK1pkZkdSeGJPSWJJWW5rcGh1Sitkc2t6Nk92bjF0NmFPMm1QUGhicW9YQ0JUN0J5aVp6ZGVaCklBOXBBb0dCQU1RaHhmdUFNdHVrTE9JdUdCci9rZVZ3cUZMVm8xK3BpekNxamg3dE84Ni9wRTlaeDlUV3F0TzgKbzVWQlFhUnJvUUlDcXFZZkRqNUhUWjVvS25NZ0ZmaEVRb1BKYjdYQldGdnJDdWhUV2RHU0U1VnZJNEF6aXoreQpqOXI4N1ZUd1hScExXUVI2ckdkbE9kSXFhN25VWlZlMlhNTW9KS2tJYXBXTjlZd3loVUp3Ci0tLS0tRU5EIFJTQSBQUklWQVRFIEtFWS0tLS0tCg==",
                            "master_auth.0.cluster_ca_certificate": "LS0tLS1CRUdJTiBDRVJUSUZJQ0FURS0tLS0tCk1JSURERENDQWZTZ0F3SUJBZ0lSQUxkMXZGVGsyYjJEZFV5UXJKcCtiUE13RFFZSktvWklodmNOQVFFTEJRQXcKTHpFdE1Dc0dBMVVFQXhNa1pEYzVPVGxqTXpndFpESXdaaTAwTURBNUxUa3hOemN0TWpsbE1UQmhOV1E1TWpZMQpNQjRYRFRFM01UQXdOREF4TkRReU1Wb1hEVEl5TVRBd016QXlORFF5TVZvd0x6RXRNQ3NHQTFVRUF4TWtaRGM1Ck9UbGpNemd0WkRJd1ppMDBNREE1TFRreE56Y3RNamxsTVRCaE5XUTVNalkxTUlJQklqQU5CZ2txaGtpRzl3MEIKQVFFRkFBT0NBUThBTUlJQkNnS0NBUUVBbUFWVVlZT29vRmV5Q3lNRGM2b2xjTHJaalNFTUU5SzNObGk1UzFregpjYnA5LyttZTZnbjVScXY3Q2RYOFpIUER3b0g1cDRRZzZ3Z2x2ZWQ3WjZ6YjlkcFFBMUVzcVhQK3JEelhIcmI1Ckl2QTlkWnd0dk5CMnphWUVpdkpHaUZFWHlwa3Vaa1lSSERsTkFrSWoyM05oNDE4OGhLMkQ5Yk53QVVEeTl0SUwKOGdkZGcrMzZDYkJLY28vRElIRWNRWEszSGpjK0dpUlE3cjBLdEFKMGlvZXYxbmlIL2gxR3pFWEhhc25UQXcvVwpheVNJMEFSNFRoa09IQnNZNkV3bFdRNjdzRElnTzRnTTFRNXV2U05ZMzRISkowTXNHNHlTNC9BM2lJMlVScGFwCmQrbTdjUkpyUFB1SGVwV2VVY2gyK0szMmJ6UXh2QmgyWERBR0NkKzZHd3ZBTVFJREFRQUJveU13SVRBT0JnTlYKSFE4QkFmOEVCQU1DQWdRd0R3WURWUjBUQVFIL0JBVXdBd0VCL3pBTkJna3Foa2lHOXcwQkFRc0ZBQU9DQVFFQQpKb3Y3cWN4bGZBdWZSc1FiRnJJQ2s3eXo4d0VaeU9BYndtMXJ0OWRrU04vSjhNbVk4L3YybXB5OFhBUkt3RlVhCnBiN01IYlVPY1l5Mzlxek8zZ2ZQZVpwa2NoKzI0UkRrSk81L0Y1N2Q5ZEMxRUZ5M1Rpd2t5bWlhbStjVWJ2TmoKWTB0ZzVjYS9lRlg0V0VsaVN5M1JzUzJJUGxLZFI1bHRqYmtUamZYdzZNcXd6eUZscmEwcHlydzhqZWZXMlhqKwpma0p1UFZzUzJsQldkei80STJXbzRUditucDV0WmFRZDVJVlhQaDZYVlV1ZmJzSzcyU1J2S3ZHQ0IzaUUwQU9MCk16dk5xbEszcVZydnoxMml0b0xzajJ4dEFsRDJ2b29qQ3FaTnBZNWlUN2Z3VklKa3U2TEc1d0VreGZ6U1l5Q1kKNk16enBFVXhURmY1bVgxVnBBMUhqUT09Ci0tLS0tRU5EIENFUlRJRklDQVRFLS0tLS0K",
                            "master_auth.0.password": "coolpassword}",
                            "master_auth.0.username": "coolusername",
                            "monitoring_service": "monitoring.googleapis.com",
                            "name": "googlykubycluster",
                            "network": "default",
                            "node_config.#": "1",
                            "node_config.0.disk_size_gb": "100",
                            "node_config.0.image_type": "COS",
                            "node_config.0.labels.%": "1",
                            "node_config.0.labels.this-is-for": "dev-cluster",
                            "node_config.0.local_ssd_count": "0",
                            "node_config.0.machine_type": "n1-standard-1",
                            "node_config.0.metadata.%": "0",
                            "node_config.0.oauth_scopes.#": "4",
                            "node_config.0.oauth_scopes.0": "https://www.googleapis.com/auth/compute",
                            "node_config.0.oauth_scopes.1": "https://www.googleapis.com/auth/devstorage.read_only",
                            "node_config.0.oauth_scopes.2": "https://www.googleapis.com/auth/logging.write",
                            "node_config.0.oauth_scopes.3": "https://www.googleapis.com/auth/monitoring",
                            "node_config.0.preemptible": "false",
                            "node_config.0.service_account": "default",
                            "node_config.0.tags.#": "2",
                            "node_config.0.tags.0": "dev",
                            "node_config.0.tags.1": "work",
                            "node_pool.#": "1",
                            "node_pool.0.initial_node_count": "2",
                            "node_pool.0.name": "default-pool",
                            "node_pool.0.name_prefix": "",
                            "node_pool.0.node_config.#": "1",
                            "node_pool.0.node_config.0.disk_size_gb": "100",
                            "node_pool.0.node_config.0.image_type": "COS",
                            "node_pool.0.node_config.0.labels.%": "1",
                            "node_pool.0.node_config.0.labels.this-is-for": "dev-cluster",
                            "node_pool.0.node_config.0.local_ssd_count": "0",
                            "node_pool.0.node_config.0.machine_type": "n1-standard-1",
                            "node_pool.0.node_config.0.metadata.%": "0",
                            "node_pool.0.node_config.0.oauth_scopes.#": "4",
                            "node_pool.0.node_config.0.oauth_scopes.0": "https://www.googleapis.com/auth/compute",
                            "node_pool.0.node_config.0.oauth_scopes.1": "https://www.googleapis.com/auth/devstorage.read_only",
                            "node_pool.0.node_config.0.oauth_scopes.2": "https://www.googleapis.com/auth/logging.write",
                            "node_pool.0.node_config.0.oauth_scopes.3": "https://www.googleapis.com/auth/monitoring",
                            "node_pool.0.node_config.0.preemptible": "false",
                            "node_pool.0.node_config.0.service_account": "default",
                            "node_pool.0.node_config.0.tags.#": "2",
                            "node_pool.0.node_config.0.tags.0": "dev",
                            "node_pool.0.node_config.0.tags.1": "work",
                            "node_pool.0.node_count": "2",
                            "node_version": "1.7.5",
                            "subnetwork": "",
                            "zone": "us-west1-a"
                        },
                        "meta": {
                            "e2bfb730-ecaa-11e6-8f88-34363bc7c4c0": {
                                "create": 1800000000000,
                                "delete": 600000000000,
                                "update": 600000000000
                            },
                            "schema_version": "1"
                        },
                        "tainted": false
                    },
                    "deposed": [],
                    "provider": ""
                },
                "google_sourcerepo_repository.kubycoderepo": {
                    "type": "google_sourcerepo_repository",
                    "depends_on": [],
                    "primary": {
                        "id": "projects/thrashingcorecode/repos/kubyrepos",
                        "attributes": {
                            "id": "projects/thrashingcorecode/repos/kubyrepos",
                            "name": "kubyrepos"
                        },
                        "meta": {},
                        "tainted": false
                    },
                    "deposed": [],
                    "provider": ""
                }
            },
            "depends_on": []
        }
    ]
}
