{
    "version": 3,
    "terraform_version": "0.10.0",
    "serial": 4,
    "lineage": "5cb5744f-de0a-49f6-a52a-8f108503777c",
    "modules": [
        {
            "path": [
                "root"
            ],
            "outputs": {
                "gcp_cluster_endpoint": {
                    "sensitive": false,
                    "type": "string",
                    "value": "35.197.94.37"
                },
                "gcp_cluster_name": {
                    "sensitive": false,
                    "type": "string",
                    "value": "googlykubycluster"
                },
                "gcp_ssh_command": {
                    "sensitive": false,
                    "type": "string",
                    "value": "ssh coolusername@35.197.94.37"
                }
            },
            "resources": {
                "azurerm_container_service.bluekuby": {
                    "type": "azurerm_container_service",
                    "depends_on": [
                        "azurerm_resource_group.blue_kuby_group"
                    ],
                    "primary": {
                        "id": "/subscriptions/77ad15ff-226a-4aa9-bef3-648597374f9c/resourceGroups/bluekubygroup/providers/Microsoft.ContainerService/containerServices/bluekubyhouse",
                        "attributes": {
                            "agent_pool_profile.#": "1",
                            "agent_pool_profile.3381225627.count": "2",
                            "agent_pool_profile.3381225627.dns_prefix": "kuby.house",
                            "agent_pool_profile.3381225627.fqdn": "",
                            "agent_pool_profile.3381225627.name": "default",
                            "agent_pool_profile.3381225627.vm_size": "Standard_A0",
                            "diagnostics_profile.#": "1",
                            "diagnostics_profile.734881840.enabled": "false",
                            "diagnostics_profile.734881840.storage_uri": "",
                            "id": "/subscriptions/77ad15ff-226a-4aa9-bef3-648597374f9c/resourceGroups/bluekubygroup/providers/Microsoft.ContainerService/containerServices/bluekubyhouse",
                            "linux_profile.#": "1",
                            "linux_profile.1362204836.admin_username": "coolusername",
                            "linux_profile.1362204836.ssh_key.#": "1",
                            "linux_profile.1362204836.ssh_key.1858665892.key_data": "ssh-rsa AAAAB3NzaC1yc2EAAAADAQABAAACAQCaRP6U+UwBP6LRelSsO+tgzZGul5UNHiGMy0GlSI/CG4d8jpdt4OIbZLsWtFsyiyTyVhBzmShiZZh+V2j9vFojqPTTK34KBj35vo1EKwTgLFEDBvsDFZzjc7SrQZ/DuHN6eJnv2ot9+fSJpfB7tg8m9OUEnFs8oZFrAq+qOmT5DWFpXwIo9VgcisDHack9bTFVABq2nnHWex4Y1NA8xtM0Q/FQulQ2jX8iVRCVbEOcRE6IVnEaPMLol+7ilX/eW0Ojgg4Y5e8LBXqUGUuXQyURPfOXuaYJrZqGMrMNflrAiufh6HRXceT8/v4ExJGQvJdPnwyxIl1Dxv2HRYt0ImZhRxFvpw1+UsBgYc6Gfi3icBTsXuJDZkhIE2lL2qWiFKEsvV4zXbORjDM7EHvGk1uunVdvfJ22CpLC/7QI7VQtd3e7mBa1t+mSdkKgN121h5xkpDVuPViUMob7HiwlCNI81PowfYeuZx2S8ZOqjHTg9UEh2Q3IK7k5ZiAL7zrWpTOwID+H1BfgKJmeXfVW4v9iMOoZk9OKTXz5qACZtdntV21bxRyXUUHssTUbdpw3f+MQlKIEstvNI6BC7fTLVK1VXlEcDrfHAgNjDQi55iE0p8JrZU5rwkJBHhVSJlM6uG3rLAssyOLu2Qklltt1kxMIEg7jIKLIi1yVtEKkz2WhWQ== adronhall@gmail.com",
                            "location": "westus",
                            "master_profile.#": "1",
                            "master_profile.1498715451.count": "1",
                            "master_profile.1498715451.dns_prefix": "bluekubycluster",
                            "master_profile.1498715451.fqdn": "bluekubycluster.westus.cloudapp.azure.com",
                            "name": "bluekubyhouse",
                            "orchestration_platform": "Kubernetes",
                            "resource_group_name": "bluekubygroup",
                            "service_principal.#": "1",
                            "service_principal.756725815.client_id": "d537b9b9-05ed-4c5e-ba48-2381b1e2b3f3",
                            "service_principal.756725815.client_secret": "",
                            "tags.%": "1",
                            "tags.Environment": "Production"
                        },
                        "meta": {},
                        "tainted": false
                    },
                    "deposed": [],
                    "provider": ""
                },
                "azurerm_resource_group.blue_kuby_group": {
                    "type": "azurerm_resource_group",
                    "depends_on": [],
                    "primary": {
                        "id": "/subscriptions/77ad15ff-226a-4aa9-bef3-648597374f9c/resourceGroups/bluekubygroup",
                        "attributes": {
                            "id": "/subscriptions/77ad15ff-226a-4aa9-bef3-648597374f9c/resourceGroups/bluekubygroup",
                            "location": "westus",
                            "name": "bluekubygroup",
                            "tags.%": "0"
                        },
                        "meta": {},
                        "tainted": false
                    },
                    "deposed": [],
                    "provider": ""
                },
                "google_container_cluster.googlykuby": {
                    "type": "google_container_cluster",
                    "depends_on": [],
                    "primary": {
                        "id": "googlykubycluster",
                        "attributes": {
                            "additional_zones.#": "2",
                            "additional_zones.3926883567": "us-west1-b",
                            "additional_zones.4078194094": "us-west1-c",
                            "cluster_ipv4_cidr": "10.60.0.0/14",
                            "description": "",
                            "enable_legacy_abac": "true",
                            "endpoint": "35.197.94.37",
                            "id": "googlykubycluster",
                            "initial_node_count": "1",
                            "instance_group_urls.#": "3",
                            "instance_group_urls.0": "https://www.googleapis.com/compute/v1/projects/thrashingcorecode/zones/us-west1-b/instanceGroups/gke-googlykubycluster-default-pool-0121acd6-grp",
                            "instance_group_urls.1": "https://www.googleapis.com/compute/v1/projects/thrashingcorecode/zones/us-west1-c/instanceGroups/gke-googlykubycluster-default-pool-8692844d-grp",
                            "instance_group_urls.2": "https://www.googleapis.com/compute/v1/projects/thrashingcorecode/zones/us-west1-a/instanceGroups/gke-googlykubycluster-default-pool-297d987d-grp",
                            "logging_service": "logging.googleapis.com",
                            "master_auth.#": "1",
                            "master_auth.0.client_certificate": "LS0tLS1CRUdJTiBDRVJUSUZJQ0FURS0tLS0tCk1JSUMyekNDQWNPZ0F3SUJBZ0lSQUtGbFBoT0tWTmcvQ09sVW04WVhXLzh3RFFZSktvWklodmNOQVFFTEJRQXcKTHpFdE1Dc0dBMVVFQXhNa01XRTVZemhpTVRRdE1HSTBPUzAwWmprNUxUZ3pNemt0TVRZeU5Ea3daVEJpTnpKbQpNQjRYRFRFM01UQXdNVEU0TlRNek4xb1hEVEl5TURrek1ERTROVE16TjFvd0VURVBNQTBHQTFVRUF4TUdZMnhwClpXNTBNSUlCSWpBTkJna3Foa2lHOXcwQkFRRUZBQU9DQVE4QU1JSUJDZ0tDQVFFQTlWcjZSZkxnaDM0Z2pQSlkKOGtidkEzU09nTkpyY1J1RlVDbml2TkthOXhoYWd6bWFaUGhWaEwyTC9ZcndtV1RCbzg1Vm9tMDJ0aERDSnZEYgorYjk5ZVd1VE14KytpM3NocjRoY1Njcy81VXJTVHBjMlRiT1VtUVE5bHk5TjNDdnUxVlZBZkhTMi9WSGw5TGRZCiswV25vdDZaMzYrZlhHekZIblpQcnY4ZU9VV1ZRRUQvREVCT0RUMmxLUUlvWTRtb29tTHJ4NnU3TnlFdHFoZ2QKVGtCY1NHVXRmWlhLTzNGM0xsdkhtRVdFaHdXMW51aXVCOTlNbExOd1BoeFVVN3FhV3FUVk1YNTRnL1lPV0hpSgo1dUNncm9sZGtyK2Vra0kxVzZLczEvb1BhVEJFcm5UUVRXUm5FODJCb1dJWitIZzgrK3pPK0Y2WWZ6MFNsOUh5CnlXTEJkd0lEQVFBQm94QXdEakFNQmdOVkhSTUJBZjhFQWpBQU1BMEdDU3FHU0liM0RRRUJDd1VBQTRJQkFRQTcKTWhJTmtXMjRQWUFQUGpsdXVHNnZqc3RFWFZMYU5PL04wc0hiYlFqUEk5Uk92T0lad1l6SHF4aVJUSDAzeDNaaAp6T2lyRFRhYTE5ejRITXNzNjF1TUVDVzEvVy85T09yb3QrYUZKSGFkNUlpbkJ6cGNSU29WM2svNllZcnVSdWVSCjhOYysvazVYekhMQjJUN0RVZkwwM0lXZXR4SmFSWjBZcG5RMVI2M2pBOFNQWkhLZVpiQWM3bUJTWWh4UGhmTS8KQXZ5aTFacFFzekZiVkJPeHp2bnV4NkpaZlNzSnBoYW1vU0ZIS0RrYXhQZjZaNWNsbUxNM0lTSW81Q20xWStzNApDbEczZlprSXZyVW1pQWhDczVYTkRtTGYrNnkxdHc4bFRUcWNxcFR6ZSt5VjRQcFdTUzIySGN4NlhBTlVYRFFKClJUUGY2L2tHYnhyL1ZsU3FzMjhJCi0tLS0tRU5EIENFUlRJRklDQVRFLS0tLS0K",
                            "master_auth.0.client_key": "LS0tLS1CRUdJTiBSU0EgUFJJVkFURSBLRVktLS0tLQpNSUlFb3dJQkFBS0NBUUVBOVZyNlJmTGdoMzRnalBKWThrYnZBM1NPZ05KcmNSdUZVQ25pdk5LYTl4aGFnem1hClpQaFZoTDJML1lyd21XVEJvODVWb20wMnRoRENKdkRiK2I5OWVXdVRNeCsraTNzaHI0aGNTY3MvNVVyU1RwYzIKVGJPVW1RUTlseTlOM0N2dTFWVkFmSFMyL1ZIbDlMZFkrMFdub3Q2WjM2K2ZYR3pGSG5aUHJ2OGVPVVdWUUVELwpERUJPRFQybEtRSW9ZNG1vb21Mcng2dTdOeUV0cWhnZFRrQmNTR1V0ZlpYS08zRjNMbHZIbUVXRWh3VzFudWl1CkI5OU1sTE53UGh4VVU3cWFXcVRWTVg1NGcvWU9XSGlKNXVDZ3JvbGRrcitla2tJMVc2S3MxL29QYVRCRXJuVFEKVFdSbkU4MkJvV0laK0hnOCsrek8rRjZZZnowU2w5SHl5V0xCZHdJREFRQUJBb0lCQUd5SW9xWlhvby85TUt2NAp0blR5QU4vZjZ2dThXUS9QTTBFN1RoUGwrK3ZySjNyZCs5akhhNWtNK2dTZHRnRzg2dFdwdkFMZVdmSGU1dXV2CjV6Y0t5SmZ5Q01yNE0yTmpCQXN3Z0ZhYVpManF5SzVBUUtMTm1pRzRHUUNzU2I1bjVyNFMrTFExTXc5Szc3UzUKZUZDcXh0V0tyN21kNkJwTCtVU1k1SFhPWDlISUF0cmxXK050c1U5dmUrOHpRSDZPblRVV1NLL0wwaE8rODRNNgpXOTBnMlBRamVCNmRSZzBKNG53cStJSG5pYWdITTN1TVN5L0RLVk5OSXpacVFtVjRJODRvZlJPNGJiU1QxY2tPCmJ1Unl4U0d5YytIM1hIU0N2RWJ2V01zOWxNWTJHanNZakYvOCtyaFNGaktQU1dXVXgrSk83WkkwcGp0UXJIQUMKaU5XalltVUNnWUVBKzg2R3NFaGFWYlVWdlBEb0JhK1I3L2VOQk9oOWI4TjRtRTY2ODUwcnh6MkFRS2FUd0ZtawpvM2cvVDNTNXdPQkdIUkJxRlIzalYxSm5VaGR4YjBYRTJnRHZoQ0ROOU9uTmxhUEZDQXNERUljcVJiVklEMUQzCk5uQVVaS1pIekFHMU1mQnBrcmFYeG9NeHJ3ZmxCU1RFTlhyc0F0SHJ2Y25EdEtyelliZ3ptR1VDZ1lFQStYRHkKNUJCaklIU25WaU9xcmhFNjFLWTdCR25ZaFYvdVZVWEVCUHZJelg3MVZIUzY1emxiK2tsdlZUekwydmU0ZzRkdgp3RStKTzArOStCR3pLRVpIeXYwUGlqMmVjcE96NFNZNVVnUXdQTjF4SXpucVl5M0k1TSt5N2s3VEpMbDhjQ0xiCjZOTXhONysxTHdKZEtmb2xLVXIvWUhjNldVRWV3QzR1Qy9qOXZxc0NnWUVBNzV1VWVzWStmM1B6SFhrM3I4RmoKWXk3eWw0c0xZWUJsanJqTUdPaWtNZEVKNjNzVytWL1QxR0dtRE51THJrYzdNSWpnQ1B3SnlwdjFDUjZacUVLQgprTmgzRWdtTk1kSVErS1YvNWFsazN5TmZURG0yT2l6WE1JdnlPOXdtVWJBR1ZXRHBkTndmREp6bWVDRlJBbFg4CkJzL1RLTlBNT1NwMitjSDZHakNIbUNrQ2dZQUJmUG9HQUU4SEY0c1VDWHh3TTJ3ZGJxeDFkMGd5YTRNWmdTUU4KUDQ5UUlvekdKemdpUHdaY2RPbTBJWHU1MzdaN0dtakJSZmcwb1dJcHc3bEU2VDV1YUpvYUlnbjY5d1NndUVDcApTNXNhRWR3bDhLZUVWZmFYM3VGYmFKNzczaHR1ODlaS0NsQ0YyNS95R3RxQmNKdWVKbk5sbVBDQkxkRklKajVpCkZlYzFwd0tCZ0RuM3JaNTQxRVZrY0JjcitXYUh5RzU3UWtWNDBkTmQzQ3B4T2gra3VXMExhM3ZuNGVpS0RTWFcKSjNHT0N2TG5kT0lCWXZ6SGQwQXZFa2t4eWZjRHZ6dTRtZ0hZNEpjcHZzNEkvWENLNFdoMk5sL0toNWZnWHMrcQpSa2dsTDFZTXBXWXhLeThnUUFpVStNUGJORDlYODlRSEZ1UGUzdHd2WjF1SEE0eThHc3N2Ci0tLS0tRU5EIFJTQSBQUklWQVRFIEtFWS0tLS0tCg==",
                            "master_auth.0.cluster_ca_certificate": "LS0tLS1CRUdJTiBDRVJUSUZJQ0FURS0tLS0tCk1JSURDekNDQWZPZ0F3SUJBZ0lRUmxNVzlvKzFjcUFhSTF3WkUxM1VuakFOQmdrcWhraUc5dzBCQVFzRkFEQXYKTVMwd0t3WURWUVFERXlReFlUbGpPR0l4TkMwd1lqUTVMVFJtT1RrdE9ETXpPUzB4TmpJME9UQmxNR0kzTW1ZdwpIaGNOTVRjeE1EQXhNVGMxTXpNMldoY05Nakl3T1RNd01UZzFNek0yV2pBdk1TMHdLd1lEVlFRREV5UXhZVGxqCk9HSXhOQzB3WWpRNUxUUm1PVGt0T0RNek9TMHhOakkwT1RCbE1HSTNNbVl3Z2dFaU1BMEdDU3FHU0liM0RRRUIKQVFVQUE0SUJEd0F3Z2dFS0FvSUJBUUNzVVVaVWhJVTFYeGh3cVlHdVFLVTBpVnpHY2NDQUpqblQxem9Qem5XSApzTFEwT0xwZ0pMZkFrYi9uMUhQUmE2RkcveVNqdEVKNlF6dWZERnMyNlZieS9PMVFzbnNtV3lGRnFYeDFhaWMyCmpJOWh2d01tK0Q4ZUNFeXpGRE91dTRtR3ZibjZ0aTRUb3pPbU9US1EraURXZjBCaXFEVWtLUXhxYlBmd3d5TDgKaS85eEI4YXc0bjNhcEd1SmlXWm5uV1dLRTl4Sld0ZnFyYnROZVJEZXFVcXVlMGxuYkY0Q3VhcTJ3VE9CS1Z4bQpETm96R2tqb2NqUTlRT3pXbFRseWQveVhzUE1ZT04wRmpSMVhFdzBpYVp2WmlFc1hNcFRDcjR6ekhtR2RGQUVQCnMwL2lPbkd0a0FHZWRGelRWQTBhS0xIMlFrSXdLR2c3Ui9RRnN2c2ZHZUNwQWdNQkFBR2pJekFoTUE0R0ExVWQKRHdFQi93UUVBd0lDQkRBUEJnTlZIUk1CQWY4RUJUQURBUUgvTUEwR0NTcUdTSWIzRFFFQkN3VUFBNElCQVFBYgpTOURiZ3pUSHZSajh3TmdKSE5VNTlxUG1VdG8wMW9jN2lrYTlPdnAzL2Nzd3VHeEd5bk5BR3kwN1BOekhOaDhLCnovNkl1ZStwOUVEWXp2V3ZTVXRYV1c0RzRoZitid2RSc3Q0L2FxU3M5cVp1d29WU3YzTkdJOElZNnMvY0hWRHUKZUhXdSt4WTdMcldiTDljcy9uUTN6RmFwdkVzd3ZJekxqQ1FhWkxGekk1WnFidzhEQWovaE1vcEh0RjB5cWJMYgpzMENzVGs1ck55N2s0ZElXbEkwS29YNlZhYUI0NnRHV1MrelZLMlR2OVYyR0VTejhaTSt3dlJkODN4Nm82NTF3CktudCtTcXQ3OEZxaXFsMjMzQU5IRmhvaUhmQlZYbm51UTRsQ3dnb29xNDRhb0NEV25DZ2o1NnJOamNydGYwQjgKVEtqbkM2cE9JOTRBbTVBZkVPSVcKLS0tLS1FTkQgQ0VSVElGSUNBVEUtLS0tLQo=",
                            "master_auth.0.password": "coolpassword}",
                            "master_auth.0.username": "coolusername",
                            "monitoring_service": "monitoring.googleapis.com",
                            "name": "googlykubycluster",
                            "network": "default",
                            "node_config.#": "1",
                            "node_config.0.disk_size_gb": "100",
                            "node_config.0.image_type": "COS",
                            "node_config.0.labels.%": "1",
                            "node_config.0.labels.this-is-for": "dev-cluster",
                            "node_config.0.local_ssd_count": "0",
                            "node_config.0.machine_type": "n1-standard-1",
                            "node_config.0.metadata.%": "0",
                            "node_config.0.oauth_scopes.#": "4",
                            "node_config.0.oauth_scopes.0": "https://www.googleapis.com/auth/compute",
                            "node_config.0.oauth_scopes.1": "https://www.googleapis.com/auth/devstorage.read_only",
                            "node_config.0.oauth_scopes.2": "https://www.googleapis.com/auth/logging.write",
                            "node_config.0.oauth_scopes.3": "https://www.googleapis.com/auth/monitoring",
                            "node_config.0.service_account": "default",
                            "node_config.0.tags.#": "2",
                            "node_config.0.tags.0": "dev",
                            "node_config.0.tags.1": "work",
                            "node_pool.#": "1",
                            "node_pool.0.initial_node_count": "1",
                            "node_pool.0.name": "default-pool",
                            "node_pool.0.name_prefix": "",
                            "node_pool.0.node_config.#": "1",
                            "node_pool.0.node_config.0.disk_size_gb": "100",
                            "node_pool.0.node_config.0.image_type": "COS",
                            "node_pool.0.node_config.0.labels.%": "1",
                            "node_pool.0.node_config.0.labels.this-is-for": "dev-cluster",
                            "node_pool.0.node_config.0.local_ssd_count": "0",
                            "node_pool.0.node_config.0.machine_type": "n1-standard-1",
                            "node_pool.0.node_config.0.metadata.%": "0",
                            "node_pool.0.node_config.0.oauth_scopes.#": "4",
                            "node_pool.0.node_config.0.oauth_scopes.0": "https://www.googleapis.com/auth/compute",
                            "node_pool.0.node_config.0.oauth_scopes.1": "https://www.googleapis.com/auth/devstorage.read_only",
                            "node_pool.0.node_config.0.oauth_scopes.2": "https://www.googleapis.com/auth/logging.write",
                            "node_pool.0.node_config.0.oauth_scopes.3": "https://www.googleapis.com/auth/monitoring",
                            "node_pool.0.node_config.0.service_account": "default",
                            "node_pool.0.node_config.0.tags.#": "2",
                            "node_pool.0.node_config.0.tags.0": "dev",
                            "node_pool.0.node_config.0.tags.1": "work",
                            "node_version": "1.7.5",
                            "subnetwork": "",
                            "zone": "us-west1-a"
                        },
                        "meta": {
                            "e2bfb730-ecaa-11e6-8f88-34363bc7c4c0": {
                                "create": 1800000000000,
                                "delete": 600000000000,
                                "update": 600000000000
                            },
                            "schema_version": "1"
                        },
                        "tainted": false
                    },
                    "deposed": [],
                    "provider": ""
                },
                "google_sourcerepo_repository.kubycoderepo": {
                    "type": "google_sourcerepo_repository",
                    "depends_on": [],
                    "primary": {
                        "id": "projects/thrashingcorecode/repos/kubyrepos",
                        "attributes": {
                            "id": "projects/thrashingcorecode/repos/kubyrepos",
                            "name": "kubyrepos"
                        },
                        "meta": {},
                        "tainted": false
                    },
                    "deposed": [],
                    "provider": ""
                }
            },
            "depends_on": []
        }
    ]
}
