{
    "version": 3,
    "terraform_version": "0.10.0",
    "serial": 11,
    "lineage": "b42208be-51d5-4c60-be94-3ad1c81b1311",
    "modules": [
        {
            "path": [
                "root"
            ],
            "outputs": {},
            "resources": {
                "azurerm_container_service.kubyhousecontainers": {
                    "type": "azurerm_container_service",
                    "depends_on": [
                        "azurerm_resource_group.kubernetes_house"
                    ],
                    "primary": {
                        "id": "/subscriptions/a2c16d7f-c792-4c77-9b4a-f5c646c1fa9a/resourceGroups/kuberneteshouse/providers/Microsoft.ContainerService/containerServices/kubecontainers",
                        "attributes": {
                            "agent_pool_profile.#": "1",
                            "agent_pool_profile.3381225627.count": "2",
                            "agent_pool_profile.3381225627.dns_prefix": "kuby.house",
                            "agent_pool_profile.3381225627.fqdn": "",
                            "agent_pool_profile.3381225627.name": "default",
                            "agent_pool_profile.3381225627.vm_size": "Standard_A0",
                            "diagnostics_profile.#": "1",
                            "diagnostics_profile.734881840.enabled": "false",
                            "diagnostics_profile.734881840.storage_uri": "",
                            "id": "/subscriptions/a2c16d7f-c792-4c77-9b4a-f5c646c1fa9a/resourceGroups/kuberneteshouse/providers/Microsoft.ContainerService/containerServices/kubecontainers",
                            "linux_profile.#": "1",
                            "linux_profile.1362204836.admin_username": "coolusername",
                            "linux_profile.1362204836.ssh_key.#": "1",
                            "linux_profile.1362204836.ssh_key.1858665892.key_data": "ssh-rsa AAAAB3NzaC1yc2EAAAADAQABAAACAQCaRP6U+UwBP6LRelSsO+tgzZGul5UNHiGMy0GlSI/CG4d8jpdt4OIbZLsWtFsyiyTyVhBzmShiZZh+V2j9vFojqPTTK34KBj35vo1EKwTgLFEDBvsDFZzjc7SrQZ/DuHN6eJnv2ot9+fSJpfB7tg8m9OUEnFs8oZFrAq+qOmT5DWFpXwIo9VgcisDHack9bTFVABq2nnHWex4Y1NA8xtM0Q/FQulQ2jX8iVRCVbEOcRE6IVnEaPMLol+7ilX/eW0Ojgg4Y5e8LBXqUGUuXQyURPfOXuaYJrZqGMrMNflrAiufh6HRXceT8/v4ExJGQvJdPnwyxIl1Dxv2HRYt0ImZhRxFvpw1+UsBgYc6Gfi3icBTsXuJDZkhIE2lL2qWiFKEsvV4zXbORjDM7EHvGk1uunVdvfJ22CpLC/7QI7VQtd3e7mBa1t+mSdkKgN121h5xkpDVuPViUMob7HiwlCNI81PowfYeuZx2S8ZOqjHTg9UEh2Q3IK7k5ZiAL7zrWpTOwID+H1BfgKJmeXfVW4v9iMOoZk9OKTXz5qACZtdntV21bxRyXUUHssTUbdpw3f+MQlKIEstvNI6BC7fTLVK1VXlEcDrfHAgNjDQi55iE0p8JrZU5rwkJBHhVSJlM6uG3rLAssyOLu2Qklltt1kxMIEg7jIKLIi1yVtEKkz2WhWQ== adronhall@gmail.com",
                            "location": "westus",
                            "master_profile.#": "1",
                            "master_profile.1771707756.count": "1",
                            "master_profile.1771707756.dns_prefix": "kubyhouse",
                            "master_profile.1771707756.fqdn": "kubyhouse.westus.cloudapp.azure.com",
                            "name": "kubecontainers",
                            "orchestration_platform": "Kubernetes",
                            "resource_group_name": "kuberneteshouse",
                            "service_principal.#": "1",
                            "service_principal.2369879929.client_id": "eadcc95b-505d-4d26-8c57-378ca808b757",
                            "service_principal.2369879929.client_secret": "",
                            "tags.%": "1",
                            "tags.Environment": "Production"
                        },
                        "meta": {},
                        "tainted": false
                    },
                    "deposed": [],
                    "provider": ""
                },
                "azurerm_resource_group.kubernetes_house": {
                    "type": "azurerm_resource_group",
                    "depends_on": [],
                    "primary": {
                        "id": "/subscriptions/a2c16d7f-c792-4c77-9b4a-f5c646c1fa9a/resourceGroups/kuberneteshouse",
                        "attributes": {
                            "id": "/subscriptions/a2c16d7f-c792-4c77-9b4a-f5c646c1fa9a/resourceGroups/kuberneteshouse",
                            "location": "westus",
                            "name": "kuberneteshouse",
                            "tags.%": "0"
                        },
                        "meta": {},
                        "tainted": false
                    },
                    "deposed": [],
                    "provider": ""
                }
            },
            "depends_on": []
        }
    ]
}
