{
    "version": 3,
    "terraform_version": "0.10.0",
    "serial": 38,
    "lineage": "b42208be-51d5-4c60-be94-3ad1c81b1311",
    "modules": [
        {
            "path": [
                "root"
            ],
            "outputs": {
                "gcp_cluster_endpoint": {
                    "sensitive": false,
                    "type": "string",
                    "value": "35.197.56.185"
                },
                "gcp_ssh_command": {
                    "sensitive": false,
                    "type": "string",
                    "value": "ssh coolusername@35.197.56.185"
                }
            },
            "resources": {
                "azurerm_container_service.kubyhousecontainers": {
                    "type": "azurerm_container_service",
                    "depends_on": [
                        "azurerm_resource_group.kubernetes_house"
                    ],
                    "primary": {
                        "id": "/subscriptions/77ad15ff-226a-4aa9-bef3-648597374f9c/resourceGroups/kuberneteshouse/providers/Microsoft.ContainerService/containerServices/kubecontainers",
                        "attributes": {
                            "agent_pool_profile.#": "1",
                            "agent_pool_profile.3381225627.count": "2",
                            "agent_pool_profile.3381225627.dns_prefix": "kuby.house",
                            "agent_pool_profile.3381225627.fqdn": "",
                            "agent_pool_profile.3381225627.name": "default",
                            "agent_pool_profile.3381225627.vm_size": "Standard_A0",
                            "diagnostics_profile.#": "1",
                            "diagnostics_profile.734881840.enabled": "false",
                            "diagnostics_profile.734881840.storage_uri": "",
                            "id": "/subscriptions/77ad15ff-226a-4aa9-bef3-648597374f9c/resourceGroups/kuberneteshouse/providers/Microsoft.ContainerService/containerServices/kubecontainers",
                            "linux_profile.#": "1",
                            "linux_profile.1362204836.admin_username": "coolusername",
                            "linux_profile.1362204836.ssh_key.#": "1",
                            "linux_profile.1362204836.ssh_key.1858665892.key_data": "ssh-rsa AAAAB3NzaC1yc2EAAAADAQABAAACAQCaRP6U+UwBP6LRelSsO+tgzZGul5UNHiGMy0GlSI/CG4d8jpdt4OIbZLsWtFsyiyTyVhBzmShiZZh+V2j9vFojqPTTK34KBj35vo1EKwTgLFEDBvsDFZzjc7SrQZ/DuHN6eJnv2ot9+fSJpfB7tg8m9OUEnFs8oZFrAq+qOmT5DWFpXwIo9VgcisDHack9bTFVABq2nnHWex4Y1NA8xtM0Q/FQulQ2jX8iVRCVbEOcRE6IVnEaPMLol+7ilX/eW0Ojgg4Y5e8LBXqUGUuXQyURPfOXuaYJrZqGMrMNflrAiufh6HRXceT8/v4ExJGQvJdPnwyxIl1Dxv2HRYt0ImZhRxFvpw1+UsBgYc6Gfi3icBTsXuJDZkhIE2lL2qWiFKEsvV4zXbORjDM7EHvGk1uunVdvfJ22CpLC/7QI7VQtd3e7mBa1t+mSdkKgN121h5xkpDVuPViUMob7HiwlCNI81PowfYeuZx2S8ZOqjHTg9UEh2Q3IK7k5ZiAL7zrWpTOwID+H1BfgKJmeXfVW4v9iMOoZk9OKTXz5qACZtdntV21bxRyXUUHssTUbdpw3f+MQlKIEstvNI6BC7fTLVK1VXlEcDrfHAgNjDQi55iE0p8JrZU5rwkJBHhVSJlM6uG3rLAssyOLu2Qklltt1kxMIEg7jIKLIi1yVtEKkz2WhWQ== adronhall@gmail.com",
                            "location": "westus",
                            "master_profile.#": "1",
                            "master_profile.1771707756.count": "1",
                            "master_profile.1771707756.dns_prefix": "kubyhouse",
                            "master_profile.1771707756.fqdn": "kubyhouse.westus.cloudapp.azure.com",
                            "name": "kubecontainers",
                            "orchestration_platform": "Kubernetes",
                            "resource_group_name": "kuberneteshouse",
                            "service_principal.#": "1",
                            "service_principal.756725815.client_id": "d537b9b9-05ed-4c5e-ba48-2381b1e2b3f3",
                            "service_principal.756725815.client_secret": "",
                            "tags.%": "1",
                            "tags.Environment": "Production"
                        },
                        "meta": {},
                        "tainted": false
                    },
                    "deposed": [],
                    "provider": ""
                },
                "azurerm_resource_group.kubernetes_house": {
                    "type": "azurerm_resource_group",
                    "depends_on": [],
                    "primary": {
                        "id": "/subscriptions/77ad15ff-226a-4aa9-bef3-648597374f9c/resourceGroups/kuberneteshouse",
                        "attributes": {
                            "id": "/subscriptions/77ad15ff-226a-4aa9-bef3-648597374f9c/resourceGroups/kuberneteshouse",
                            "location": "westus",
                            "name": "kuberneteshouse",
                            "tags.%": "0"
                        },
                        "meta": {},
                        "tainted": false
                    },
                    "deposed": [],
                    "provider": ""
                },
                "google_container_cluster.primary": {
                    "type": "google_container_cluster",
                    "depends_on": [],
                    "primary": {
                        "id": "kubyhouse",
                        "attributes": {
                            "additional_zones.#": "2",
                            "additional_zones.3926883567": "us-west1-b",
                            "additional_zones.4078194094": "us-west1-c",
                            "cluster_ipv4_cidr": "10.56.0.0/14",
                            "description": "",
                            "enable_legacy_abac": "true",
                            "endpoint": "35.197.56.185",
                            "id": "kubyhouse",
                            "initial_node_count": "1",
                            "instance_group_urls.#": "3",
                            "instance_group_urls.0": "https://www.googleapis.com/compute/v1/projects/thrashingcorecode/zones/us-west1-b/instanceGroups/gke-kubyhouse-default-pool-2ff7b29c-grp",
                            "instance_group_urls.1": "https://www.googleapis.com/compute/v1/projects/thrashingcorecode/zones/us-west1-c/instanceGroups/gke-kubyhouse-default-pool-a914945d-grp",
                            "instance_group_urls.2": "https://www.googleapis.com/compute/v1/projects/thrashingcorecode/zones/us-west1-a/instanceGroups/gke-kubyhouse-default-pool-62b450dc-grp",
                            "logging_service": "logging.googleapis.com",
                            "master_auth.#": "1",
                            "master_auth.0.client_certificate": "LS0tLS1CRUdJTiBDRVJUSUZJQ0FURS0tLS0tCk1JSUMyekNDQWNPZ0F3SUJBZ0lSQU9aMm5mZVEzSDZUWTB2WFFWQllGNXd3RFFZSktvWklodmNOQVFFTEJRQXcKTHpFdE1Dc0dBMVVFQXhNa1l6QTFNR1ZrTVRrdE1HVXdaQzAwWXpObUxXRTJOR0V0WXpjMFlUWXdOV0ppTjJaaApNQjRYRFRFM01Ea3hNREU1TWpNeE1Wb1hEVEl5TURrd09URTVNak14TVZvd0VURVBNQTBHQTFVRUF4TUdZMnhwClpXNTBNSUlCSWpBTkJna3Foa2lHOXcwQkFRRUZBQU9DQVE4QU1JSUJDZ0tDQVFFQXdtY1NKUVZubTlpODdUMVEKK2doM1A3d2JRZm1rN2xLOVYvYXF2OHV5Ly92ZmFIS2IzTDBqK09zS3NvZ3RBQ1JwdnYydHJ3dlIzQXhubSsxZgppVnFmUjU5QzdVNDZqRDlNbmpFY250blc0azZTRVJXZlFBZENyMDV1UjZ2dURocXg1YXhJRG9JMWRnUU8wTk5mCnRrNWlOVGxPM0hCbWxUNUIvbXJoaTJNSEhKUGVYNzA0NmJmOStrMk4rZXN6NmVvZmJoaStBMVNkRUZlbzNXb3AKSmdweEpkOU14SHBmem5QR2RhckZxQWxSaGY3MlU3dDg0Wk0zc211b0hWWlJHNlE0T3pLYXAzbVdLRWNqZHlISgo5MGM1S09NZVJEZjBFbkdrUGNMK3hBTlhmSWJhdU5BZ0k3WCtaMllNQ2ZkdGlFS3pGcnBUbk9EcGFqOEpYMFY4CmphS080d0lEQVFBQm94QXdEakFNQmdOVkhSTUJBZjhFQWpBQU1BMEdDU3FHU0liM0RRRUJDd1VBQTRJQkFRQmgKQ0RLbWRkNVZDSGd6M2FyQmxNVG5nS1ZGMzhVTlI3OUJWRFhITzJudVFPSFVuOElEKzhiaGJJTko2bkZnaitkUQpVZ1BSbFZZSGE1WklPRU1nbjZKTzRtcy9Xa0pTWTZYTjMySUdML3BGOG1uRFdTU2k1aHZTZ2lrdnd3OG4zdEVMCm5lTy9oZGVCcHJCeHNBcXlZaldweTl5RDRNVzVSQzY1ZnRxSUE3SEgyaTNKOEZtK211eG5zakx2TmJEeTc2OHYKYnIrd2dlQnZuTm84MG9XbnM2c09GRHJoRE1nd1VBakk1VVlYcWVNbmJrL0JsTHc1MEc0ZHZqd2lqMVdMQ0t1cApQQ2JTRmhPK2ZqQjlDMnRDU2d1MHpic0xnZHF3VGdGNVNQQXp0RHdaYzJiM2hXZTRDbjB1NlRFcnh6NGRwVnp2CmhYY1ZXSXMyR29TQnR1U0c2SWFOCi0tLS0tRU5EIENFUlRJRklDQVRFLS0tLS0K",
                            "master_auth.0.client_key": "LS0tLS1CRUdJTiBSU0EgUFJJVkFURSBLRVktLS0tLQpNSUlFb3dJQkFBS0NBUUVBd21jU0pRVm5tOWk4N1QxUStnaDNQN3diUWZtazdsSzlWL2Fxdjh1eS8vdmZhSEtiCjNMMGorT3NLc29ndEFDUnB2djJ0cnd2UjNBeG5tKzFmaVZxZlI1OUM3VTQ2akQ5TW5qRWNudG5XNGs2U0VSV2YKUUFkQ3IwNXVSNnZ1RGhxeDVheElEb0kxZGdRTzBOTmZ0azVpTlRsTzNIQm1sVDVCL21yaGkyTUhISlBlWDcwNAo2YmY5K2syTitlc3o2ZW9mYmhpK0ExU2RFRmVvM1dvcEpncHhKZDlNeEhwZnpuUEdkYXJGcUFsUmhmNzJVN3Q4CjRaTTNzbXVvSFZaUkc2UTRPekthcDNtV0tFY2pkeUhKOTBjNUtPTWVSRGYwRW5Ha1BjTCt4QU5YZkliYXVOQWcKSTdYK1oyWU1DZmR0aUVLekZycFRuT0RwYWo4SlgwVjhqYUtPNHdJREFRQUJBb0lCQUVQaGdiQnpwcTRBakZlNgpwVi9wUE5xQWNIUWxHN1lzSmZsbEpGSThhcEIvL282V0ZsNkpuTm42R0k0bWhyQWFCdUt0NmN2SnNNbkpleFF6CldyeTNiQTZ5U2NoYkhJNkVPOWl4QlhGaVYycEdUVEt4L2gxNWE0dVRNMmJMWGlDR3FiK3MzS3hVUXg2bVpCWCsKK05qTG5mYy92NDJ4b2VCVEVQQXBtZi8xNERIVnczd1diZk5zQ2UvbWwzWVV5b3RjQnVlNUpaSTZsVloyT3hjWQp3Z2xyOGp0SXE0SHVaSkU3OUF3a3RFNzBYSHJ3Y2tEL2RwdnpGUFhzMi93N3VCYTFWWFJEcE1qQmJ1ZlJOUW9lCm8yOVNKaHNaVXFvc0s1cFpDMjNCUGJkYnh0TVkvc0dUNzJlbDgranVGZWpaQlROVTNtcmZiSXRMa0FhUDV2VkgKRTB4ZlBZRUNnWUVBK1RYdS90UWFxTkZEaC9KRFdWV2FVR3F6YU15OG5GYkp3RXcwTnhEeGhMVjlzaElOSStnTAoxZVlndTVjbDhweUxBWkRnSG9vOFhxNUg3c2ZRQjBGVjVKaG9qcmdGeER5QWNYWTBMckIwM2xiUkxadWo4NkxaCi9uRitoQTBwKzAydXhPT25IYzlia3oydXllZkVWUWkyVjljMTFlS0k3dUtvaXBMTWVDNGk0Tk1DZ1lFQXg3TGoKNkJZaEdUNkRFbzA1VWhrWDVNN2NuWEZNOTF4bElFN0RNMWd5UVNlTGRPYXJvUEdodlRDSU14cHBjTHF1ZU8zTAprN3M5eDJ0T2hwOSt6K09OZ2h4UG14OWxtQmZsVm5VNjlSdUlnV3gwZjdpK3R6TngwUEtuUGlvT2xja1hLSTJVCk5vSjQvR3p5NjJ6T05rdk1EcVMzTWt4Ty9mT1FiL2xnV3RUTVQ3RUNnWUJzeThucHdDbGZWL1JXYmtKT3h0dFcKamk2QzZ4YlFYZWM0SjB5SVdjSkd3SUQrYzNqL0d2Zkh5dTZ4VnJ3L1hXNG1JZHhtR00xZ1BFKzFBOUJpeW5nNApFdjFhaVNZalZKSnlkanN6d3Q5U2phNUdiZk0ya3ZyK1pRZnBtR0dpajNoa0Jrclg3Y1c1MHl6eWdsY3BGR09lCmw1cXVKSGJKYTNSUEF1VjI5aFZOOXdLQmdRQ2N2K3hvMWtYd3ZNTEJveHlsTnBFc3hyc2cwamhweVpxUE80TzUKSDdlQ3NQbWtMeFAwNXZYZnZPS0x5bVdOV050dWpLbEpNcVlSakVjOUlLQzNxWlAvMXgwZFZBMjR6cmp6bmwxQwoyL1BRTTBOV3BicjlybUhlY3ptWGNBZTJ4dnRvbDRrSktHeXpKd21laGU5dmF4dW5PdCtabVpBL2dobVQ2eGtZCjh3UFVZUUtCZ0R2c2l0Qm1XSTEzQklLS3k1TmE5NzFIWi80bmtQbXUzRUxTS1I5TURyRzZ6SFZsdEowYnhVZlYKc01URjlqRVI2SmQrR0lFQkh6dmUrR2RzcThUWHJjcERjclJhOFBFakpCbUlOTERWTDZWTmJyQlVFcE1sMVBnWQphcGFKdW90QjJxd0F3b2hQbEd2RFg5Q2xIM0R3dzhMVjdVajIyU1RjU3pFcFE0UGVSeWJUCi0tLS0tRU5EIFJTQSBQUklWQVRFIEtFWS0tLS0tCg==",
                            "master_auth.0.cluster_ca_certificate": "LS0tLS1CRUdJTiBDRVJUSUZJQ0FURS0tLS0tCk1JSURDekNDQWZPZ0F3SUJBZ0lRYWcxZ2VrWU55QzM2K05ETnBEV1JZREFOQmdrcWhraUc5dzBCQVFzRkFEQXYKTVMwd0t3WURWUVFERXlSak1EVXdaV1F4T1Mwd1pUQmtMVFJqTTJZdFlUWTBZUzFqTnpSaE5qQTFZbUkzWm1FdwpIaGNOTVRjd09URXdNVGd5TXpBNVdoY05Nakl3T1RBNU1Ua3lNekE1V2pBdk1TMHdLd1lEVlFRREV5UmpNRFV3ClpXUXhPUzB3WlRCa0xUUmpNMll0WVRZMFlTMWpOelJoTmpBMVltSTNabUV3Z2dFaU1BMEdDU3FHU0liM0RRRUIKQVFVQUE0SUJEd0F3Z2dFS0FvSUJBUUM0ZExsWk5mMGtuaWlMM3hpMEZUdzBwTXg2SWF0RXRZKzVuWjQwSlBVKwo5MHptUE5oVnhJZTVPcVJ2QU8wanQ0WHB4SFZhaTIydEkzUGtObzM0cUZmRHV1eUp0djcwZTdUTkZnWmdTQUNkCkVBWTVoVVVlNEFsdXBiZllBUlhYOWNJNEl5bzJKR0RKWnhZd1djQUp6MDNudXMrdFYrM2wzZUQrdEZLMVNOQVoKeFMrQ1RSeEJRUE5GMWM5Q0V3WDcrTHpKOXg3dkV4UVY5QXpSTncxWW9wYWxhc2srcUxmVDloM2tyQjVRdkl5cgpBdGl1R0lsVk53MExFQjA4ZHRXdmViMjIyOUtEb2xsZDJVNlY4UDVaamE3L3JJZyt1d2g5Yko3aml2YUFnMkpyCk5PRXlBQlB1T3d3ZHQ1UjM2dDNoaGgwK2RWREsxdTBGdjNLOWhxTEZUTHc5QWdNQkFBR2pJekFoTUE0R0ExVWQKRHdFQi93UUVBd0lDQkRBUEJnTlZIUk1CQWY4RUJUQURBUUgvTUEwR0NTcUdTSWIzRFFFQkN3VUFBNElCQVFDYQpKZHd6dHo1TTJXRGZ3U1RrVmhqT290UFlhU3NXRFBDakltRmZWdVNnNi9wT0xRS1RFaUJZa1RiSkVJQnhVWEJZCjk3Vkp1KzU5QXJ3aFh2RkxTZzhTK1VsUGhRZ3pScDNSTWxKb2ZmWklKZ2pnME1GQ2loZmtuYm5wWHlTbitwSFcKWE51OGUzRW84eTBDbnZyVitISkVpRERVVElvQURQSHhHbDlZSC9PcnNMTlVjSitFSWMvbmU1MDUzMWhEVXBDNgphQnkwMTNZeHJ2WFJmWENZdWxVVmQ2eHZhMHAwc1NVUlhWZGFQQWNGeGM4bnYweVExeUdnbXlpTTc4aTIvcFFyCjNsVHVNdEZWaFk1eDYrSXBpN1ViMDEyaEFHcnJPVXBVQWFYd1JoaWpKNGRmTDlOSXFsNjVQcWY0Mk8xL2FQT1EKR1BTcDI1SGNtcGl1cytYSmR2blcKLS0tLS1FTkQgQ0VSVElGSUNBVEUtLS0tLQo=",
                            "master_auth.0.password": "superSecretNope}",
                            "master_auth.0.username": "coolusername",
                            "monitoring_service": "monitoring.googleapis.com",
                            "name": "kubyhouse",
                            "network": "default",
                            "node_config.#": "1",
                            "node_config.0.disk_size_gb": "100",
                            "node_config.0.image_type": "COS",
                            "node_config.0.labels.%": "1",
                            "node_config.0.labels.foo": "bar",
                            "node_config.0.local_ssd_count": "0",
                            "node_config.0.machine_type": "n1-standard-1",
                            "node_config.0.metadata.%": "0",
                            "node_config.0.oauth_scopes.#": "4",
                            "node_config.0.oauth_scopes.0": "https://www.googleapis.com/auth/compute",
                            "node_config.0.oauth_scopes.1": "https://www.googleapis.com/auth/devstorage.read_only",
                            "node_config.0.oauth_scopes.2": "https://www.googleapis.com/auth/logging.write",
                            "node_config.0.oauth_scopes.3": "https://www.googleapis.com/auth/monitoring",
                            "node_config.0.service_account": "default",
                            "node_config.0.tags.#": "2",
                            "node_config.0.tags.0": "foo",
                            "node_config.0.tags.1": "bar",
                            "node_pool.#": "1",
                            "node_pool.0.initial_node_count": "1",
                            "node_pool.0.name": "default-pool",
                            "node_pool.0.name_prefix": "",
                            "node_pool.0.node_config.#": "1",
                            "node_pool.0.node_config.0.disk_size_gb": "100",
                            "node_pool.0.node_config.0.image_type": "COS",
                            "node_pool.0.node_config.0.labels.%": "1",
                            "node_pool.0.node_config.0.labels.foo": "bar",
                            "node_pool.0.node_config.0.local_ssd_count": "0",
                            "node_pool.0.node_config.0.machine_type": "n1-standard-1",
                            "node_pool.0.node_config.0.metadata.%": "0",
                            "node_pool.0.node_config.0.oauth_scopes.#": "4",
                            "node_pool.0.node_config.0.oauth_scopes.0": "https://www.googleapis.com/auth/compute",
                            "node_pool.0.node_config.0.oauth_scopes.1": "https://www.googleapis.com/auth/devstorage.read_only",
                            "node_pool.0.node_config.0.oauth_scopes.2": "https://www.googleapis.com/auth/logging.write",
                            "node_pool.0.node_config.0.oauth_scopes.3": "https://www.googleapis.com/auth/monitoring",
                            "node_pool.0.node_config.0.service_account": "default",
                            "node_pool.0.node_config.0.tags.#": "2",
                            "node_pool.0.node_config.0.tags.0": "foo",
                            "node_pool.0.node_config.0.tags.1": "bar",
                            "node_version": "1.6.9",
                            "subnetwork": "",
                            "zone": "us-west1-a"
                        },
                        "meta": {
                            "e2bfb730-ecaa-11e6-8f88-34363bc7c4c0": {
                                "create": 1800000000000,
                                "delete": 600000000000,
                                "update": 600000000000
                            },
                            "schema_version": "1"
                        },
                        "tainted": false
                    },
                    "deposed": [],
                    "provider": ""
                }
            },
            "depends_on": []
        }
    ]
}
