{
    "version": 3,
    "terraform_version": "0.10.8",
    "serial": 20,
    "lineage": "c116ef32-753f-4b0c-8e5f-1ca4cb3ec0d4",
    "modules": [
        {
            "path": [
                "root"
            ],
            "outputs": {
                "gcp_cluster_endpoint": {
                    "sensitive": false,
                    "type": "string",
                    "value": "35.197.96.115"
                },
                "gcp_cluster_name": {
                    "sensitive": false,
                    "type": "string",
                    "value": "googlykubycluster"
                },
                "gcp_ssh_command": {
                    "sensitive": false,
                    "type": "string",
                    "value": "ssh coolusername@35.197.96.115"
                },
                "get_credentials_command": {
                    "sensitive": false,
                    "type": "string",
                    "value": "az acs kubernetes get-credentials --name=\"bluekubyhouse\" --resource-group=\"bluekubygroup\""
                }
            },
            "resources": {
                "azurerm_container_service.bluekuby": {
                    "type": "azurerm_container_service",
                    "depends_on": [
                        "azurerm_resource_group.blue_kuby_group"
                    ],
                    "primary": {
                        "id": "/subscriptions/77ad15ff-226a-4aa9-bef3-648597374f9c/resourceGroups/bluekubygroup/providers/Microsoft.ContainerService/containerServices/bluekubyhouse",
                        "attributes": {
                            "agent_pool_profile.#": "1",
                            "agent_pool_profile.4286314600.count": "3",
                            "agent_pool_profile.4286314600.dns_prefix": "kuby.house",
                            "agent_pool_profile.4286314600.fqdn": "",
                            "agent_pool_profile.4286314600.name": "default",
                            "agent_pool_profile.4286314600.vm_size": "Standard_A0",
                            "diagnostics_profile.#": "1",
                            "diagnostics_profile.734881840.enabled": "false",
                            "diagnostics_profile.734881840.storage_uri": "",
                            "id": "/subscriptions/77ad15ff-226a-4aa9-bef3-648597374f9c/resourceGroups/bluekubygroup/providers/Microsoft.ContainerService/containerServices/bluekubyhouse",
                            "linux_profile.#": "1",
                            "linux_profile.1362204836.admin_username": "coolusername",
                            "linux_profile.1362204836.ssh_key.#": "1",
                            "linux_profile.1362204836.ssh_key.994404834.key_data": "ssh-rsa AAAAB3NzaC1yc2EAAAADAQABAAACAQC3Wwmr3DXQJwDeVRtuMQx2k3jGXPDOPDMHiT+AVfhmwqwGMCDCOpeJo4CK6s6nIvOqr+XREgccHgGu8ao58CX8rUi9bL0BxNtKbrTaevWd7w+JoJAG3jBXmsXYyhkH2wkyf4qw3ba740XZdq6/gBqr5S+QvB7lkL+qPa7IgfaU4dcwK2dzgW+Rs0/aS6cdio5HS7mmuDSScst8nA0FH6KlvMchdiA40AC/OhJ+FJlT6esR1hXVLf1GiZAqZfnCXDVBHOichpcFSLpsl/2a3RPvMJEsVco67gZ+xJ7Ex3buVv6qpaR3H08x9xhSYNCyCM5UfAXeu20fJeSCvZAOyCgnEMbBH6HtHY9uRHo/8yqu7XzqJpHXDe2VOmn1VPjbl21GIZUZfE9HVaXQR620YBQ/NanxTT9BXdDPXMBsPZA6EiYEIn1SKxL8Ze82aIlkVCaWkoHHGHxWAIXjOGkD3tPEJ4TuoDxtIEmu4ERnHLB4+4WKDgFZKVgAOM60xaCOvfDnZW1SA75fuyy+AHShJsZivGyY+jtaTMwSGOyeAtX7wJClWCGWM0zH8JZinWfz+RBh9qwMUCXgavHxVnu2Jc5vATTDB/Vw7oJz19XZRCZThx5deTmCAN+AeVv/0FH3PKtI4EHsVgOR57VAq9xXMrMJ6A/03t5NG23lWolijCNT9w== adron@thrashingcode.com",
                            "location": "westus",
                            "master_profile.#": "1",
                            "master_profile.1498715451.count": "1",
                            "master_profile.1498715451.dns_prefix": "bluekubycluster",
                            "master_profile.1498715451.fqdn": "bluekubycluster.westus.cloudapp.azure.com",
                            "name": "bluekubyhouse",
                            "orchestration_platform": "Kubernetes",
                            "resource_group_name": "bluekubygroup",
                            "service_principal.#": "1",
                            "service_principal.408466820.client_id": "d2fcd2db-3c91-403c-9e09-a48e57ebde42",
                            "service_principal.408466820.client_secret": "",
                            "tags.%": "1",
                            "tags.Environment": "Production"
                        },
                        "meta": {},
                        "tainted": false
                    },
                    "deposed": [],
                    "provider": ""
                },
                "azurerm_resource_group.blue_kuby_group": {
                    "type": "azurerm_resource_group",
                    "depends_on": [],
                    "primary": {
                        "id": "/subscriptions/77ad15ff-226a-4aa9-bef3-648597374f9c/resourceGroups/bluekubygroup",
                        "attributes": {
                            "id": "/subscriptions/77ad15ff-226a-4aa9-bef3-648597374f9c/resourceGroups/bluekubygroup",
                            "location": "westus",
                            "name": "bluekubygroup",
                            "tags.%": "0"
                        },
                        "meta": {},
                        "tainted": false
                    },
                    "deposed": [],
                    "provider": ""
                },
                "google_container_cluster.googlykuby": {
                    "type": "google_container_cluster",
                    "depends_on": [],
                    "primary": {
                        "id": "googlykubycluster",
                        "attributes": {
                            "additional_zones.#": "2",
                            "additional_zones.3926883567": "us-west1-b",
                            "additional_zones.4078194094": "us-west1-c",
                            "cluster_ipv4_cidr": "10.60.0.0/14",
                            "description": "",
                            "enable_legacy_abac": "true",
                            "endpoint": "35.197.96.115",
                            "id": "googlykubycluster",
                            "initial_node_count": "2",
                            "instance_group_urls.#": "3",
                            "instance_group_urls.0": "https://www.googleapis.com/compute/v1/projects/thrashingcorecode/zones/us-west1-b/instanceGroups/gke-googlykubycluster-default-pool-5bd23598-grp",
                            "instance_group_urls.1": "https://www.googleapis.com/compute/v1/projects/thrashingcorecode/zones/us-west1-c/instanceGroups/gke-googlykubycluster-default-pool-7926e07f-grp",
                            "instance_group_urls.2": "https://www.googleapis.com/compute/v1/projects/thrashingcorecode/zones/us-west1-a/instanceGroups/gke-googlykubycluster-default-pool-0946146d-grp",
                            "logging_service": "logging.googleapis.com",
                            "master_auth.#": "1",
                            "master_auth.0.client_certificate": "LS0tLS1CRUdJTiBDRVJUSUZJQ0FURS0tLS0tCk1JSUMyekNDQWNPZ0F3SUJBZ0lSQU9lbUpiZTV3U3dSUngwMVRyTkFsbFl3RFFZSktvWklodmNOQVFFTEJRQXcKTHpFdE1Dc0dBMVVFQXhNa01qSmpPVGsyWlRBdE1XWTFOUzAwWldRekxUazBNMlF0TVRCbFlUaG1ObVprWkdabApNQjRYRFRFM01URXdOekF3TVRJeU5sb1hEVEl5TVRFd05qQXdNVEl5Tmxvd0VURVBNQTBHQTFVRUF4TUdZMnhwClpXNTBNSUlCSWpBTkJna3Foa2lHOXcwQkFRRUZBQU9DQVE4QU1JSUJDZ0tDQVFFQXNlakpNaWZpTlVEQTZ4TmgKR2pXYlQwMitJUlNkaXc5OGJzZ2hET2xRdWV4NklQcFNhL1pvc2lkMUtZdGZMc3JDaFk5RWw2L2I0dDZKVDQ2SQphYWFmTnNaaDArdTFDRCs3ekJJbnRNZlQ3Q1VGV0VKWFIxUFFWcHFSTjBpdFNWd2xLclJhaVhBTE8xTTRrQWU5CkJ2K3haREROeDJCMVZwNUNCSzQ3NDZsY2J4anQrT2NIMTdEVXB1Vzh1QnM5MmFUaG55dGRrem81VUVUYytiSmEKeXRCZmdvN2d2OUs2OG40YlhtWW5XeEpmWDRQQkZ5eDlPcmpHNjNyTTJiVTloNWpuaWcwSVdteFlKT2hERUZxcAp0ay9NQ3hOQjM4MnRHbVVLbnhadC9jbUtUc2YrZm1KTm9QUEd1UXZhRUxWc1dURTM4eTVHUk1PUWQzQUNzcXN2CkRadUFBd0lEQVFBQm94QXdEakFNQmdOVkhSTUJBZjhFQWpBQU1BMEdDU3FHU0liM0RRRUJDd1VBQTRJQkFRQkIKdEpLRldPUXBjWnk0R0RNdzdob0F0bDdMcE1oTEhRQTZXenR5eHpma0xqVmpUY2dBd1RnRUQ1YWNLZk1RbUFvawpzZFJQZUZOR2s5OFQzb3c4MXRLRzNpeXdrci9IWnJZUVltMGFRcUk3V2gyUmRCWnpZLytpa01oM0czUkY2RFJNCmJYUkFqSUVLc1lTNUJxVFNOVDJxalpreVBnZHdrZlg4dklIczIremJ3eUhEWXFVTmludVZ5NHhPRTBWeHg3NDYKbHArMmhmSUZxUWtXQUQrd0wyYnJXYlhUeFppY0xiaDN5SThkZkNxUVhDWmVRczh4SFZTODlkZ3l5bWt6eStJdwpzd2xxUFUxMUkwdEMrTzdBTTRoQ055bWV0VTZKb1hBMjYwL3l4elBqRUJneTVJVzRMcC91bW5NTFAvQ2R4dWNXClA5SHorUzZEQjAvb2htM25HTURnCi0tLS0tRU5EIENFUlRJRklDQVRFLS0tLS0K",
                            "master_auth.0.client_key": "LS0tLS1CRUdJTiBSU0EgUFJJVkFURSBLRVktLS0tLQpNSUlFcEFJQkFBS0NBUUVBc2VqSk1pZmlOVURBNnhOaEdqV2JUMDIrSVJTZGl3OThic2doRE9sUXVleDZJUHBTCmEvWm9zaWQxS1l0ZkxzckNoWTlFbDYvYjR0NkpUNDZJYWFhZk5zWmgwK3UxQ0QrN3pCSW50TWZUN0NVRldFSlgKUjFQUVZwcVJOMGl0U1Z3bEtyUmFpWEFMTzFNNGtBZTlCdit4WkRETngyQjFWcDVDQks0NzQ2bGNieGp0K09jSAoxN0RVcHVXOHVCczkyYVRobnl0ZGt6bzVVRVRjK2JKYXl0QmZnbzdndjlLNjhuNGJYbVluV3hKZlg0UEJGeXg5Ck9yakc2M3JNMmJVOWg1am5pZzBJV214WUpPaERFRnFwdGsvTUN4TkIzODJ0R21VS254WnQvY21LVHNmK2ZtSk4Kb1BQR3VRdmFFTFZzV1RFMzh5NUdSTU9RZDNBQ3Nxc3ZEWnVBQXdJREFRQUJBb0lCQUVWUXkwTHRZeWNZYVpHdApaVUhPN1FvQzRqY0ZUelJrL2pnelpSMGdza0VlTDU4MXFITkQrQnFoWVBha3hKcjRpTDE4eWw3SE44YTJxWTBECm5ZWjhVc0FHbndyd1pRSW53c1dKdFVxc0tKZHkvUmdjRU9GTGVIcWxranFWNkY0U3RyQml3SHVYMmVodFRqWmYKclhoU213ek1Md0NsUmxKUEtxMmtMTlZRb1NEdlQ2ZDE2RGdPYUw5aXRBekZyTFlkRDk1UVM5OUdkcXExZ0dBRApDb3RLaTRLcU1YMkVFSFZvYmN1UDN6bmd3OU40b2loOXhuNllJeVBZK1NuRlJPZ1BaQ2dRekdTUGI0aXRmSlQ1ClpNamtnTHd6N1JOcnZCbDhjSE16M2NVOFZ5SlJUK0JTSm9wclhIVDBJZFA4V3AyTExrRTRRUWh3UVhEL1M5WlQKY1RzRWJkRUNnWUVBOVpqeSs1WFFScnFudkozdDBUQWRGeitkQlFUcHl2UnNYWjdMTHI5R1B3bnVxZHJIWWp0MwpQNGJmbXc4eE5pTXFzMWpieExNSHlEb2RuQmc1ekxZS3F0UjgwTHRmZStlMlFEVkdMQVQxZkU2Mm9EMkJIYjJFCjY5UVNXL1NLTmd6SHhjQXRsUmFFSnYxWGFYNitGbkQyYi8wek5YN3I0SWlIZ2VJdmRTSFVCcWNDZ1lFQXVYSGkKU1FqTndnVHBTYU1YMnFDNjRlWnhNRnRIZlJYRGFZc3hmNFJYRVRNaEwzVmNZQzN4eXR1ekhYUUF5UnNFY0hKWApFVHdyblJuejJVaG4zUXRYZENoWmlCMS9lWkJDWVhtaENTWkM1UkxnMXVYWVdGNXAveE1vb283RlFDM3gxN2R0Cm5uS2l1aGtaaUZTTHhiSkZ4WDJRc0ZFMWZZSzk4Zk1vNysrSVEwVUNnWUVBdGdkODRKZHpYVmp2QmMrUCttSE0KemZScUx0UXJiQytwT2VKOStkSHZBTDRkMUdyQktMK21iTUZNYmlMZWVKK3NBRzIxeFo1a0FEV0N5TFR6OGhSaQo1NmJDTS9zTWxFdHpPemZCSU5NMEY4UkhlNURhWis2VjNDeTh4c2NDd1hqTGdIZ2wwTUIxaG1oekowKzNGKzcxCjJKODBHMHhOQzRobDF4Q0wyQ2NRZlRVQ2dZQkVYLzB6T0kvRkRkS0dXQ0FmZUV2dnB1dnRESHJiWC83aEYzVjAKc3ZMM1lJYkgzTm5taklvdVpic3hET2lOUGV6eEdQZUpYMG9sYnNBK1NUZ2loR0FHY0NveXljMktvT29ZenFQVgpuOG5pZElkNk5OMEVHQ3UwNVBlQ21HbWFORmFMVnhLUDdXeWFlVTYwdVplZm1RK290WmQzcXpteHdWY1BzcnhSClcxdytrUUtCZ1FEblBQV2pkc1FrUHVMU0VtUHNRQzlEbjhyZ2pob3h6L1VXcW9GUnZYOWRYOVFEZjAyc004eFcKTGw1R1VHZCt0QWtTTk5GdEU0SDNkMjJGdlFSdVI0OVA5T2N3a0hIRU4ySlo1d2x3cnJEaG01QlN4M3BsMXhtcgo1SEZzL25IM0l1NXBwc0E4Nk1JUGVVeFhSNzZIQXpRRm95dVRaZDhOaHZtaUtkU0crNGxHcWc9PQotLS0tLUVORCBSU0EgUFJJVkFURSBLRVktLS0tLQo=",
                            "master_auth.0.cluster_ca_certificate": "LS0tLS1CRUdJTiBDRVJUSUZJQ0FURS0tLS0tCk1JSURERENDQWZTZ0F3SUJBZ0lSQUpRS0dwOGszZjVGWDBhbVVPZVF1b2d3RFFZSktvWklodmNOQVFFTEJRQXcKTHpFdE1Dc0dBMVVFQXhNa01qSmpPVGsyWlRBdE1XWTFOUzAwWldRekxUazBNMlF0TVRCbFlUaG1ObVprWkdabApNQjRYRFRFM01URXdOakl6TVRJeU5Wb1hEVEl5TVRFd05qQXdNVEl5TlZvd0x6RXRNQ3NHQTFVRUF4TWtNakpqCk9UazJaVEF0TVdZMU5TMDBaV1F6TFRrME0yUXRNVEJsWVRobU5tWmtaR1psTUlJQklqQU5CZ2txaGtpRzl3MEIKQVFFRkFBT0NBUThBTUlJQkNnS0NBUUVBbUIrTy8vSE5pZTFCdDJ1M2tRMy9sYnVzTW11RC8vdGgvZnBnTVJMUAp1M3pkM0ZoTVF4WENRL3pTekV0V280SHdiY2xPZE8xZzlBWE9FSUphc2dFYUwvMGl3STVtclFwcjRaeDArRFVTCmZSNDBYYlFwZUJhdGFLMnFDcEFFb0FkVW11NjhHaFR4UmRFUElGaFdBakxQY3pUSVZNc2dtczNDY25STTJScy8KMzBaZnFKRVgzSGdkRzZoOGpleVRReHlTM0FHYnhWVy9OWGd4R2IwY014SVNOTWpITjV6VEtIV3R3anB6TlBORgowaWRzaU5nQytMdVV3c2RmQm40SmV5UUVDTVUzdU5DdGd2MEx1VVVENmZodjBQLzcxbTdGcFh5RHErdmR1S2pvClYxM2tMd0NSY3FRYUlZNC82UGh0SUU2SUlWWkdZYUpQd2JLc24vTTc5RnJlQ1FJREFRQUJveU13SVRBT0JnTlYKSFE4QkFmOEVCQU1DQWdRd0R3WURWUjBUQVFIL0JBVXdBd0VCL3pBTkJna3Foa2lHOXcwQkFRc0ZBQU9DQVFFQQpZdENuRW0xTE53TXJNWjRBWjlmR3orMXJJTUdXSVpZcXN2VkNwZC96ZnFZSjFNSjdXQlBKcVhIVDI5ZXpodmhhClF5Y0dHSlhsZzZXZUpXUFNBa0NFdXZ0TDFUd2tUeTUyZ2tMcnplbmNDZjEyTDRFQVBKVy9oOE82YXpXZ2lLRnAKMGlaeWFxR25VMG1CeWdKTVVkQWg4L2owck5JeDQ1VkFRSW9hRUJ0cDdHb2NwRitJc0JPS3FVN3d6SE1YZ3VoVAprQVJidWMwdENRcWZCdlRxN1VyODllV0Jud25uaUFNR3JlcWpqd1J0NDdtUUl0S05heHBnSHp5cVJWUHJWOXhjCnNpMkpDWWRJWlplNmZ4RnVodHlQQ2N4WGJJMGkxV2Y3UWova2xpNzJjdklabkZQanRwMVdocFQ2R2pOU055NFoKMndyWHJjOWdaQXZtOFhLUTYrbW5DZz09Ci0tLS0tRU5EIENFUlRJRklDQVRFLS0tLS0K",
                            "master_auth.0.password": "coolpassword}",
                            "master_auth.0.username": "coolusername",
                            "monitoring_service": "monitoring.googleapis.com",
                            "name": "googlykubycluster",
                            "network": "default",
                            "node_config.#": "1",
                            "node_config.0.disk_size_gb": "100",
                            "node_config.0.image_type": "COS",
                            "node_config.0.labels.%": "1",
                            "node_config.0.labels.this-is-for": "dev-cluster",
                            "node_config.0.local_ssd_count": "0",
                            "node_config.0.machine_type": "n1-standard-1",
                            "node_config.0.metadata.%": "0",
                            "node_config.0.oauth_scopes.#": "4",
                            "node_config.0.oauth_scopes.0": "https://www.googleapis.com/auth/compute",
                            "node_config.0.oauth_scopes.1": "https://www.googleapis.com/auth/devstorage.read_only",
                            "node_config.0.oauth_scopes.2": "https://www.googleapis.com/auth/logging.write",
                            "node_config.0.oauth_scopes.3": "https://www.googleapis.com/auth/monitoring",
                            "node_config.0.preemptible": "false",
                            "node_config.0.service_account": "default",
                            "node_config.0.tags.#": "2",
                            "node_config.0.tags.0": "dev",
                            "node_config.0.tags.1": "work",
                            "node_pool.#": "1",
                            "node_pool.0.initial_node_count": "2",
                            "node_pool.0.name": "default-pool",
                            "node_pool.0.name_prefix": "",
                            "node_pool.0.node_config.#": "1",
                            "node_pool.0.node_config.0.disk_size_gb": "100",
                            "node_pool.0.node_config.0.image_type": "COS",
                            "node_pool.0.node_config.0.labels.%": "1",
                            "node_pool.0.node_config.0.labels.this-is-for": "dev-cluster",
                            "node_pool.0.node_config.0.local_ssd_count": "0",
                            "node_pool.0.node_config.0.machine_type": "n1-standard-1",
                            "node_pool.0.node_config.0.metadata.%": "0",
                            "node_pool.0.node_config.0.oauth_scopes.#": "4",
                            "node_pool.0.node_config.0.oauth_scopes.0": "https://www.googleapis.com/auth/compute",
                            "node_pool.0.node_config.0.oauth_scopes.1": "https://www.googleapis.com/auth/devstorage.read_only",
                            "node_pool.0.node_config.0.oauth_scopes.2": "https://www.googleapis.com/auth/logging.write",
                            "node_pool.0.node_config.0.oauth_scopes.3": "https://www.googleapis.com/auth/monitoring",
                            "node_pool.0.node_config.0.preemptible": "false",
                            "node_pool.0.node_config.0.service_account": "default",
                            "node_pool.0.node_config.0.tags.#": "2",
                            "node_pool.0.node_config.0.tags.0": "dev",
                            "node_pool.0.node_config.0.tags.1": "work",
                            "node_pool.0.node_count": "2",
                            "node_version": "1.7.8-gke.0",
                            "subnetwork": "",
                            "zone": "us-west1-a"
                        },
                        "meta": {
                            "e2bfb730-ecaa-11e6-8f88-34363bc7c4c0": {
                                "create": 1800000000000,
                                "delete": 600000000000,
                                "update": 600000000000
                            },
                            "schema_version": "1"
                        },
                        "tainted": false
                    },
                    "deposed": [],
                    "provider": ""
                },
                "google_sourcerepo_repository.kubycoderepo": {
                    "type": "google_sourcerepo_repository",
                    "depends_on": [],
                    "primary": {
                        "id": "projects/thrashingcorecode/repos/kubyrepos",
                        "attributes": {
                            "id": "projects/thrashingcorecode/repos/kubyrepos",
                            "name": "kubyrepos"
                        },
                        "meta": {},
                        "tainted": false
                    },
                    "deposed": [],
                    "provider": ""
                }
            },
            "depends_on": []
        }
    ]
}
