{
    "version": 3,
    "terraform_version": "0.10.0",
    "serial": 20,
    "lineage": "18fe72df-b86e-44e3-84bc-c7b741c0b022",
    "modules": [
        {
            "path": [
                "root"
            ],
            "outputs": {
                "gcp_cluster_endpoint": {
                    "sensitive": false,
                    "type": "string",
                    "value": "35.185.231.184"
                },
                "gcp_cluster_name": {
                    "sensitive": false,
                    "type": "string",
                    "value": "googlykubycluster"
                },
                "gcp_ssh_command": {
                    "sensitive": false,
                    "type": "string",
                    "value": "ssh coolusername@35.185.231.184"
                }
            },
            "resources": {
                "azurerm_container_service.bluekuby": {
                    "type": "azurerm_container_service",
                    "depends_on": [
                        "azurerm_resource_group.blue_kuby_group"
                    ],
                    "primary": {
                        "id": "/subscriptions/77ad15ff-226a-4aa9-bef3-648597374f9c/resourceGroups/bluekubygroup/providers/Microsoft.ContainerService/containerServices/bluekubyhouse",
                        "attributes": {
                            "agent_pool_profile.#": "1",
                            "agent_pool_profile.3381225627.count": "2",
                            "agent_pool_profile.3381225627.dns_prefix": "kuby.house",
                            "agent_pool_profile.3381225627.fqdn": "",
                            "agent_pool_profile.3381225627.name": "default",
                            "agent_pool_profile.3381225627.vm_size": "Standard_A0",
                            "diagnostics_profile.#": "1",
                            "diagnostics_profile.734881840.enabled": "false",
                            "diagnostics_profile.734881840.storage_uri": "",
                            "id": "/subscriptions/77ad15ff-226a-4aa9-bef3-648597374f9c/resourceGroups/bluekubygroup/providers/Microsoft.ContainerService/containerServices/bluekubyhouse",
                            "linux_profile.#": "1",
                            "linux_profile.1362204836.admin_username": "coolusername",
                            "linux_profile.1362204836.ssh_key.#": "1",
                            "linux_profile.1362204836.ssh_key.1858665892.key_data": "ssh-rsa AAAAB3NzaC1yc2EAAAADAQABAAACAQCaRP6U+UwBP6LRelSsO+tgzZGul5UNHiGMy0GlSI/CG4d8jpdt4OIbZLsWtFsyiyTyVhBzmShiZZh+V2j9vFojqPTTK34KBj35vo1EKwTgLFEDBvsDFZzjc7SrQZ/DuHN6eJnv2ot9+fSJpfB7tg8m9OUEnFs8oZFrAq+qOmT5DWFpXwIo9VgcisDHack9bTFVABq2nnHWex4Y1NA8xtM0Q/FQulQ2jX8iVRCVbEOcRE6IVnEaPMLol+7ilX/eW0Ojgg4Y5e8LBXqUGUuXQyURPfOXuaYJrZqGMrMNflrAiufh6HRXceT8/v4ExJGQvJdPnwyxIl1Dxv2HRYt0ImZhRxFvpw1+UsBgYc6Gfi3icBTsXuJDZkhIE2lL2qWiFKEsvV4zXbORjDM7EHvGk1uunVdvfJ22CpLC/7QI7VQtd3e7mBa1t+mSdkKgN121h5xkpDVuPViUMob7HiwlCNI81PowfYeuZx2S8ZOqjHTg9UEh2Q3IK7k5ZiAL7zrWpTOwID+H1BfgKJmeXfVW4v9iMOoZk9OKTXz5qACZtdntV21bxRyXUUHssTUbdpw3f+MQlKIEstvNI6BC7fTLVK1VXlEcDrfHAgNjDQi55iE0p8JrZU5rwkJBHhVSJlM6uG3rLAssyOLu2Qklltt1kxMIEg7jIKLIi1yVtEKkz2WhWQ== adronhall@gmail.com",
                            "location": "westus",
                            "master_profile.#": "1",
                            "master_profile.1498715451.count": "1",
                            "master_profile.1498715451.dns_prefix": "bluekubycluster",
                            "master_profile.1498715451.fqdn": "bluekubycluster.westus.cloudapp.azure.com",
                            "name": "bluekubyhouse",
                            "orchestration_platform": "Kubernetes",
                            "resource_group_name": "bluekubygroup",
                            "service_principal.#": "1",
                            "service_principal.756725815.client_id": "d537b9b9-05ed-4c5e-ba48-2381b1e2b3f3",
                            "service_principal.756725815.client_secret": "",
                            "tags.%": "1",
                            "tags.Environment": "Production"
                        },
                        "meta": {},
                        "tainted": false
                    },
                    "deposed": [],
                    "provider": ""
                },
                "azurerm_resource_group.blue_kuby_group": {
                    "type": "azurerm_resource_group",
                    "depends_on": [],
                    "primary": {
                        "id": "/subscriptions/77ad15ff-226a-4aa9-bef3-648597374f9c/resourceGroups/bluekubygroup",
                        "attributes": {
                            "id": "/subscriptions/77ad15ff-226a-4aa9-bef3-648597374f9c/resourceGroups/bluekubygroup",
                            "location": "westus",
                            "name": "bluekubygroup",
                            "tags.%": "0"
                        },
                        "meta": {},
                        "tainted": false
                    },
                    "deposed": [],
                    "provider": ""
                },
                "google_container_cluster.googlykuby": {
                    "type": "google_container_cluster",
                    "depends_on": [],
                    "primary": {
                        "id": "googlykubycluster",
                        "attributes": {
                            "additional_zones.#": "2",
                            "additional_zones.3926883567": "us-west1-b",
                            "additional_zones.4078194094": "us-west1-c",
                            "cluster_ipv4_cidr": "10.60.0.0/14",
                            "description": "",
                            "enable_legacy_abac": "true",
                            "endpoint": "35.185.231.184",
                            "id": "googlykubycluster",
                            "initial_node_count": "1",
                            "instance_group_urls.#": "3",
                            "instance_group_urls.0": "https://www.googleapis.com/compute/v1/projects/thrashingcorecode/zones/us-west1-b/instanceGroups/gke-googlykubycluster-default-pool-a49bd903-grp",
                            "instance_group_urls.1": "https://www.googleapis.com/compute/v1/projects/thrashingcorecode/zones/us-west1-c/instanceGroups/gke-googlykubycluster-default-pool-86119a0c-grp",
                            "instance_group_urls.2": "https://www.googleapis.com/compute/v1/projects/thrashingcorecode/zones/us-west1-a/instanceGroups/gke-googlykubycluster-default-pool-6fde8be2-grp",
                            "logging_service": "logging.googleapis.com",
                            "master_auth.#": "1",
                            "master_auth.0.client_certificate": "LS0tLS1CRUdJTiBDRVJUSUZJQ0FURS0tLS0tCk1JSUMyakNDQWNLZ0F3SUJBZ0lRVUNkYkxCdkJmSzIwN256WDlRazJDakFOQmdrcWhraUc5dzBCQVFzRkFEQXYKTVMwd0t3WURWUVFERXlSbE4yVXhNelZqTVMwNE1ESmlMVFJqTkRNdFlUWTJNaTB5TURaaE9UaGxaR1ZsTkRNdwpIaGNOTVRjd09USTBNVGt5TVRJNFdoY05Nakl3T1RJek1Ua3lNVEk0V2pBUk1ROHdEUVlEVlFRREV3WmpiR2xsCmJuUXdnZ0VpTUEwR0NTcUdTSWIzRFFFQkFRVUFBNElCRHdBd2dnRUtBb0lCQVFEVngzdDVYVVorMGtKNW5BeHQKTitMc1ozVGc2SXIvTkd6ZnFWaWVqQ0FxYVFmaDZjd0lwcUxZampWS1RhSHRuME9yOFVtamlnR1JTVHVxaThwbQpwNkZzTmo0Zy9aN2R5alhNaGNmUmlwbHQvMjdnRVpVc0NkL0NncVhhWkFmUTZVMmxVWGtjdEhlVFdFNSt2YkhDCjFTWm9qMnJBbnBCTlJjdHoxZ2h2K09WWU1LT2l4NjB3YmF5eXE5dENGa2VJNGlaNW1jMHdRQytVb3p2eGNyZmgKcnEzTDZTYk5CanpFZElXbDlPemdENVd2V0RkQThDaUo3SnBha1NzNVY1QTFmejB3K1o4UHo1UXh0c3R1YU5tKwpaUUNNWEhEZ2l0L1V0TFI2TnNIek40QlJVdFp0dXBvYklIUUM2KzEzdzdITmZYeUZpcVdyTEZLRnhOV3RxZW1ICjIzQnZBZ01CQUFHakVEQU9NQXdHQTFVZEV3RUIvd1FDTUFBd0RRWUpLb1pJaHZjTkFRRUxCUUFEZ2dFQkFJd3gKSm5pVExjOFVoRkN0WWNlSVB2NVlhUDAxRFA3a1lFRVNaZUdnOFZ3M1VSMHdLWVk5aEM5VHlvcmV3TW5MYnZSRwpDaUYrdWFRYnU4cE9CY3AwK3JwTTNsb0VoaTZhUXR5WFQwSlYwM2xXYmRlcDJYRE4va3F0WkQ0bXVpZW5NWkVpCmhlQmNqV3N2NUczUjEvS3FVdU9VTGxKSTdvOEd2VnZ2bklRQUpNcjJkS25PeEswb1VFYnBqcFhkU1RId2FWOWkKSjh0Z3JZdE9pdjRwVTVDZTB2bVdIdEkzSUpBSTNRVjNRRXBJVFBwQzFtZXhxSm1BTEhIZVhCRFhKbk5HMWRFTQptU0FBUWJYS3lzMU92VGVXQ3RmM2YxS2FHL3lkMFN0T0dRZjMyTVh4TGVtMlZmaDNJaTFrSUdMNTlQVTJ6VWtyClRYZmRXYllIUHBId2l6VmZrbjA9Ci0tLS0tRU5EIENFUlRJRklDQVRFLS0tLS0K",
                            "master_auth.0.client_key": "LS0tLS1CRUdJTiBSU0EgUFJJVkFURSBLRVktLS0tLQpNSUlFb2dJQkFBS0NBUUVBMWNkN2VWMUdmdEpDZVp3TWJUZmk3R2QwNE9pSy96UnMzNmxZbm93Z0tta0g0ZW5NCkNLYWkySTQxU2syaDdaOURxL0ZKbzRvQmtVazdxb3ZLWnFlaGJEWStJUDJlM2NvMXpJWEgwWXFaYmY5dTRCR1YKTEFuZndvS2wybVFIME9sTnBWRjVITFIzazFoT2ZyMnh3dFVtYUk5cXdKNlFUVVhMYzlZSWIvamxXRENqb3NldApNRzJzc3F2YlFoWkhpT0ltZVpuTk1FQXZsS003OFhLMzRhNnR5K2ttelFZOHhIU0ZwZlRzNEErVnIxZzNRUEFvCmlleWFXcEVyT1ZlUU5YODlNUG1mRDgrVU1iYkxibWpadm1VQWpGeHc0SXJmMUxTMGVqYkI4emVBVVZMV2JicWEKR3lCMEF1dnRkOE94elgxOGhZcWxxeXhTaGNUVnJhbnBoOXR3YndJREFRQUJBb0lCQUdNVkJQWjRNOTg5eG8rawpzdUhBSUUzZm1YMVFhblBrTVgzc2VHVnJudERwUXowQzVvMHY1cFFtUFM3R0VvSVc2Zjk4WXR3SWI3ZU4wTGkzCjk4UmlkMSszT0U2RUhpaS91dldqSDd6UDExTHpLOGx3Zk1vZmZYVWlwb28xQ0taY0s1K3V4a3Aybm1GTmNYd3UKb1lBaTJKMW5zMXU1WWpwZVdmRERSNy9XQlQ0ODIwbUdycXNhWWh6RmpCQTl5RUh3OW1qZWZoS0R5R2t2QjNsUQp3aHByb2lJNzY4UUJOTzNDTkg2R0p2MzNvaC93Vkc5ZkdhOWxZQ2ltVDhmb2JuWUlzWno2MklCR1hLczNGdGppCjNVTy83ODMzeERrS0V2clNNQUxJODNZbWp3NXRKN0pQMG9PSVd0MEpQWDNwbUhhSDBFZkZRN3hQcDdHR0RLNEwKTHRIWEdwRUNnWUVBMXZqV09OOGdYRytoSzhWTlAxQUlyektYTXhwWVc2bjhYM0FmMUVjV2ltRUVVRUFhN1hROQpIL3pjMVV4c2xldHpIZG9WeXR4WXljYlVuRWlmNDl2Z3RSdEQvWDBlOWRiSU5FaE5QRTdQeVp3a3dHS25zRU0yCk4zQTFIMy9NU3V4MHZUSGo2TDFUbHdENUhCQUxldUYzWUliQy9mYVVmUHp0Yk42ZUtTRmxwaGNDZ1lFQS9wUmUKS0NmY2RnU1gzMW9MNHhsZ3BkZnB6cWpGMk1lalpGUGd6ZXJNRlhId2NZUTBjc3VpZVBaLzY2WW4rWnVqbUFKcgpya1ZKL1VkbWZQaFJWbW9ZUEJFd0w5UHk3akJKMXZVVGlBRzdGLzNaWlVHOEF5dXNtVzdsNmJFV0R4U2RVZTdyCnBYSTlQUnZPQUFjSWRFYlE4bjJzNnRJd1d2VFpKTlB2YjBmYjEya0NnWUFOcDhMYjIvaVBScHdEVHNZb1ptb1cKenV6aDF5T1R0d21MK25CYktLVGE1MnpCdUVDOW9xdWJVNUduanZJNjE3ajVSWGdxNmJKT0p1NHNlMFNFMGR2RgpSVlVkVGd4Z2EyTk9SdVY1Rmp5R3Z2OXFwUm1uemEwcytsaTFob1d3b0xLTnJoU2ZIUitwTU91aUI3YmkrRjEvCjZTK0x1RlVZVjJ5eGhMYWhRRGpYd3dLQmdFK0lGbXBCR2JTYzlyMUdLbFNHUnhWSWdMaVpMVVh1Q0hOOWFNdXIKd0pvcWdFMVdXZlJLL2JVQWZUSW5OSEhjVjUxVGxFUmJUU1FkUEQxcWJpNnE4bXRCaTJaRnRxMEcxT3Fjb2I5cAptd09Cd0hyTHNHcmxLQVMvQ29DWlhDVFY4ZGY0NWhGSHdTM29FOUVhWVYvQ0IrRFp0ajJkOEpGWjBNU2FtVUNRCm1IT1JBb0dBQlZGVTRWYzlNQ3FvRlFia3NMbjFGcmJYN05aTzM4NFZGM2p3cjM3UUpVZjZNaERHZ3dyc0pxMDkKejFNU0QyelB2eXZVNUZpQUwzbFgrU2E3em8xWjF4Tk9Ra0Y5OWhKdzVNbEtETGNKVC9vRlI3cituTWNtenI1WQptZzBvS3V4bFpiRGpYL3JweTc1eDRWd2NaaVlodU9TQVJYS3pvcHdJalgxUjJGZnVZbzA9Ci0tLS0tRU5EIFJTQSBQUklWQVRFIEtFWS0tLS0tCg==",
                            "master_auth.0.cluster_ca_certificate": "LS0tLS1CRUdJTiBDRVJUSUZJQ0FURS0tLS0tCk1JSURERENDQWZTZ0F3SUJBZ0lSQU1CdHBzY1E5SkR4bWt6SkFmbXVTN2d3RFFZSktvWklodmNOQVFFTEJRQXcKTHpFdE1Dc0dBMVVFQXhNa1pUZGxNVE0xWXpFdE9EQXlZaTAwWXpRekxXRTJOakl0TWpBMllUazRaV1JsWlRRegpNQjRYRFRFM01Ea3lOREU0TWpFeU5sb1hEVEl5TURreU16RTVNakV5Tmxvd0x6RXRNQ3NHQTFVRUF4TWtaVGRsCk1UTTFZekV0T0RBeVlpMDBZelF6TFdFMk5qSXRNakEyWVRrNFpXUmxaVFF6TUlJQklqQU5CZ2txaGtpRzl3MEIKQVFFRkFBT0NBUThBTUlJQkNnS0NBUUVBNjBmVk1pdlBmY2pDMGFrcW9KbnJNT3hvTXBiNzdPakhVaGIzVXBQVwphdTViTHJwcWJPa1drR05DcVZ4TGtkZGVTbm12ZTUzeGVZb0h2c2ZWaXRCNmtvbi9talhyYUNOWklPcnZuM2J2CmJjOXoxVnozY1dOOTBDb2tCZER3WlNzaGFWVGt5OTk4ZGJMQWY3eFE2M1NzQVcrWWFRU3VnajlydnFRWTNueFoKdkNJMG9NSUMvVW9jYlQ0a3dRaGdiV2NhR0JUeWIzTVdvRWpybWRBbExqbGJScDQyTTljU2N6ZVo5MG1KT2U0Ywo1QWRpWk5sOVQ2b3FkSnhnVFRGWEZuR3l4UlVtdXZyaGI1dU1pbGtvRVBMRnBjUGUwbEZod3pEUUQxaG55NFNMCkVuVG5mRnNZeWY1MW92akgwa05HWE5GbWh5WjVVM2c0YmVJamc5YUNtWkdkeHdJREFRQUJveU13SVRBT0JnTlYKSFE4QkFmOEVCQU1DQWdRd0R3WURWUjBUQVFIL0JBVXdBd0VCL3pBTkJna3Foa2lHOXcwQkFRc0ZBQU9DQVFFQQp4dERWWE5MUlhMRnVXMktWUmQ5enVjVzFpVEM4dWdhUUxvSkdQU2lzd1NGRGFZOTZOS0lvR3V6MnJMbVpGZ0dnCmlyUEV4VmR2U3oyOGFuUXJZOHovb2FDazBJUEZqTWhWMGdiT09zSURyZzlpRUFWU0dqNlZMZ2dXYTR2cTFnWEQKbEJqcFk0N2tRSE9iRVFZUll1OFFpOU9sREl6UjBjNmhwa24rV2d0S2g1ZTNLYkdoZE13TmIzSlN5NEorVHZ5bAp5cW5oZEVsZXZWTTM1OG1nM2dHODJDeHg3ZW5JU2tJZ0hENnlWRTZJVDIvS0JTbGZsWFRjSnZTdUdRdjUzY2hJClQwMC9pN3UyNm56cmlpVnU1elBvWUhJL3ByaVdMbFZsY0lJdk93K3U5OXRHRVc5ZUJIUXlNVXVianFHVmhqb0gKWDRUOGdqcVJxdFRKZEtiOHB0d09Pdz09Ci0tLS0tRU5EIENFUlRJRklDQVRFLS0tLS0K",
                            "master_auth.0.password": "coolpassword}",
                            "master_auth.0.username": "coolusername",
                            "monitoring_service": "monitoring.googleapis.com",
                            "name": "googlykubycluster",
                            "network": "default",
                            "node_config.#": "1",
                            "node_config.0.disk_size_gb": "100",
                            "node_config.0.image_type": "COS",
                            "node_config.0.labels.%": "1",
                            "node_config.0.labels.foo": "bar",
                            "node_config.0.local_ssd_count": "0",
                            "node_config.0.machine_type": "n1-standard-1",
                            "node_config.0.metadata.%": "0",
                            "node_config.0.oauth_scopes.#": "4",
                            "node_config.0.oauth_scopes.0": "https://www.googleapis.com/auth/compute",
                            "node_config.0.oauth_scopes.1": "https://www.googleapis.com/auth/devstorage.read_only",
                            "node_config.0.oauth_scopes.2": "https://www.googleapis.com/auth/logging.write",
                            "node_config.0.oauth_scopes.3": "https://www.googleapis.com/auth/monitoring",
                            "node_config.0.service_account": "default",
                            "node_config.0.tags.#": "2",
                            "node_config.0.tags.0": "foo",
                            "node_config.0.tags.1": "bar",
                            "node_pool.#": "1",
                            "node_pool.0.initial_node_count": "1",
                            "node_pool.0.name": "default-pool",
                            "node_pool.0.name_prefix": "",
                            "node_pool.0.node_config.#": "1",
                            "node_pool.0.node_config.0.disk_size_gb": "100",
                            "node_pool.0.node_config.0.image_type": "COS",
                            "node_pool.0.node_config.0.labels.%": "1",
                            "node_pool.0.node_config.0.labels.foo": "bar",
                            "node_pool.0.node_config.0.local_ssd_count": "0",
                            "node_pool.0.node_config.0.machine_type": "n1-standard-1",
                            "node_pool.0.node_config.0.metadata.%": "0",
                            "node_pool.0.node_config.0.oauth_scopes.#": "4",
                            "node_pool.0.node_config.0.oauth_scopes.0": "https://www.googleapis.com/auth/compute",
                            "node_pool.0.node_config.0.oauth_scopes.1": "https://www.googleapis.com/auth/devstorage.read_only",
                            "node_pool.0.node_config.0.oauth_scopes.2": "https://www.googleapis.com/auth/logging.write",
                            "node_pool.0.node_config.0.oauth_scopes.3": "https://www.googleapis.com/auth/monitoring",
                            "node_pool.0.node_config.0.service_account": "default",
                            "node_pool.0.node_config.0.tags.#": "2",
                            "node_pool.0.node_config.0.tags.0": "foo",
                            "node_pool.0.node_config.0.tags.1": "bar",
                            "node_version": "1.7.5",
                            "subnetwork": "",
                            "zone": "us-west1-a"
                        },
                        "meta": {
                            "e2bfb730-ecaa-11e6-8f88-34363bc7c4c0": {
                                "create": 1800000000000,
                                "delete": 600000000000,
                                "update": 600000000000
                            },
                            "schema_version": "1"
                        },
                        "tainted": false
                    },
                    "deposed": [],
                    "provider": ""
                },
                "google_sourcerepo_repository.kubycoderepo": {
                    "type": "google_sourcerepo_repository",
                    "depends_on": [],
                    "primary": {
                        "id": "projects/thrashingcorecode/repos/kubyrepos",
                        "attributes": {
                            "id": "projects/thrashingcorecode/repos/kubyrepos",
                            "name": "kubyrepos"
                        },
                        "meta": {},
                        "tainted": false
                    },
                    "deposed": [],
                    "provider": ""
                }
            },
            "depends_on": []
        }
    ]
}
