{
    "version": 3,
    "terraform_version": "0.10.0",
    "serial": 8,
    "lineage": "c116ef32-753f-4b0c-8e5f-1ca4cb3ec0d4",
    "modules": [
        {
            "path": [
                "root"
            ],
            "outputs": {
                "gcp_cluster_endpoint": {
                    "sensitive": false,
                    "type": "string",
                    "value": "35.199.167.187"
                },
                "gcp_cluster_name": {
                    "sensitive": false,
                    "type": "string",
                    "value": "googlykubycluster"
                },
                "gcp_ssh_command": {
                    "sensitive": false,
                    "type": "string",
                    "value": "ssh coolusername@35.199.167.187"
                }
            },
            "resources": {
                "azurerm_container_service.bluekuby": {
                    "type": "azurerm_container_service",
                    "depends_on": [
                        "azurerm_resource_group.blue_kuby_group"
                    ],
                    "primary": {
                        "id": "/subscriptions/77ad15ff-226a-4aa9-bef3-648597374f9c/resourceGroups/bluekubygroup/providers/Microsoft.ContainerService/containerServices/bluekubyhouse",
                        "attributes": {
                            "agent_pool_profile.#": "1",
                            "agent_pool_profile.4286314600.count": "3",
                            "agent_pool_profile.4286314600.dns_prefix": "kuby.house",
                            "agent_pool_profile.4286314600.fqdn": "",
                            "agent_pool_profile.4286314600.name": "default",
                            "agent_pool_profile.4286314600.vm_size": "Standard_A0",
                            "diagnostics_profile.#": "1",
                            "diagnostics_profile.734881840.enabled": "false",
                            "diagnostics_profile.734881840.storage_uri": "",
                            "id": "/subscriptions/77ad15ff-226a-4aa9-bef3-648597374f9c/resourceGroups/bluekubygroup/providers/Microsoft.ContainerService/containerServices/bluekubyhouse",
                            "linux_profile.#": "1",
                            "linux_profile.1362204836.admin_username": "coolusername",
                            "linux_profile.1362204836.ssh_key.#": "1",
                            "linux_profile.1362204836.ssh_key.994404834.key_data": "ssh-rsa AAAAB3NzaC1yc2EAAAADAQABAAACAQC3Wwmr3DXQJwDeVRtuMQx2k3jGXPDOPDMHiT+AVfhmwqwGMCDCOpeJo4CK6s6nIvOqr+XREgccHgGu8ao58CX8rUi9bL0BxNtKbrTaevWd7w+JoJAG3jBXmsXYyhkH2wkyf4qw3ba740XZdq6/gBqr5S+QvB7lkL+qPa7IgfaU4dcwK2dzgW+Rs0/aS6cdio5HS7mmuDSScst8nA0FH6KlvMchdiA40AC/OhJ+FJlT6esR1hXVLf1GiZAqZfnCXDVBHOichpcFSLpsl/2a3RPvMJEsVco67gZ+xJ7Ex3buVv6qpaR3H08x9xhSYNCyCM5UfAXeu20fJeSCvZAOyCgnEMbBH6HtHY9uRHo/8yqu7XzqJpHXDe2VOmn1VPjbl21GIZUZfE9HVaXQR620YBQ/NanxTT9BXdDPXMBsPZA6EiYEIn1SKxL8Ze82aIlkVCaWkoHHGHxWAIXjOGkD3tPEJ4TuoDxtIEmu4ERnHLB4+4WKDgFZKVgAOM60xaCOvfDnZW1SA75fuyy+AHShJsZivGyY+jtaTMwSGOyeAtX7wJClWCGWM0zH8JZinWfz+RBh9qwMUCXgavHxVnu2Jc5vATTDB/Vw7oJz19XZRCZThx5deTmCAN+AeVv/0FH3PKtI4EHsVgOR57VAq9xXMrMJ6A/03t5NG23lWolijCNT9w== adron@thrashingcode.com",
                            "location": "westus",
                            "master_profile.#": "1",
                            "master_profile.1498715451.count": "1",
                            "master_profile.1498715451.dns_prefix": "bluekubycluster",
                            "master_profile.1498715451.fqdn": "bluekubycluster.westus.cloudapp.azure.com",
                            "name": "bluekubyhouse",
                            "orchestration_platform": "Kubernetes",
                            "resource_group_name": "bluekubygroup",
                            "service_principal.#": "1",
                            "service_principal.408466820.client_id": "d2fcd2db-3c91-403c-9e09-a48e57ebde42",
                            "service_principal.408466820.client_secret": "",
                            "tags.%": "1",
                            "tags.Environment": "Production"
                        },
                        "meta": {},
                        "tainted": false
                    },
                    "deposed": [],
                    "provider": ""
                },
                "azurerm_resource_group.blue_kuby_group": {
                    "type": "azurerm_resource_group",
                    "depends_on": [],
                    "primary": {
                        "id": "/subscriptions/77ad15ff-226a-4aa9-bef3-648597374f9c/resourceGroups/bluekubygroup",
                        "attributes": {
                            "id": "/subscriptions/77ad15ff-226a-4aa9-bef3-648597374f9c/resourceGroups/bluekubygroup",
                            "location": "westus",
                            "name": "bluekubygroup",
                            "tags.%": "0"
                        },
                        "meta": {},
                        "tainted": false
                    },
                    "deposed": [],
                    "provider": ""
                },
                "google_container_cluster.googlykuby": {
                    "type": "google_container_cluster",
                    "depends_on": [],
                    "primary": {
                        "id": "googlykubycluster",
                        "attributes": {
                            "additional_zones.#": "2",
                            "additional_zones.3926883567": "us-west1-b",
                            "additional_zones.4078194094": "us-west1-c",
                            "cluster_ipv4_cidr": "10.60.0.0/14",
                            "description": "",
                            "enable_legacy_abac": "true",
                            "endpoint": "35.199.167.187",
                            "id": "googlykubycluster",
                            "initial_node_count": "2",
                            "instance_group_urls.#": "3",
                            "instance_group_urls.0": "https://www.googleapis.com/compute/v1/projects/thrashingcorecode/zones/us-west1-b/instanceGroups/gke-googlykubycluster-default-pool-14c46395-grp",
                            "instance_group_urls.1": "https://www.googleapis.com/compute/v1/projects/thrashingcorecode/zones/us-west1-c/instanceGroups/gke-googlykubycluster-default-pool-66349531-grp",
                            "instance_group_urls.2": "https://www.googleapis.com/compute/v1/projects/thrashingcorecode/zones/us-west1-a/instanceGroups/gke-googlykubycluster-default-pool-5003b9b2-grp",
                            "logging_service": "logging.googleapis.com",
                            "master_auth.#": "1",
                            "master_auth.0.client_certificate": "LS0tLS1CRUdJTiBDRVJUSUZJQ0FURS0tLS0tCk1JSUMyekNDQWNPZ0F3SUJBZ0lSQUx1QVhkWXVleGRoeGJjbXZ1YkJXQ3N3RFFZSktvWklodmNOQVFFTEJRQXcKTHpFdE1Dc0dBMVVFQXhNa01XSTVPRGt6TURFdE5URmxZeTAwWkRVNUxXRTFaRGd0TXpSaE9UTTFZak15TXpRNApNQjRYRFRFM01UQXdNekU0TWpneE5Gb1hEVEl5TVRBd01qRTRNamd4TkZvd0VURVBNQTBHQTFVRUF4TUdZMnhwClpXNTBNSUlCSWpBTkJna3Foa2lHOXcwQkFRRUZBQU9DQVE4QU1JSUJDZ0tDQVFFQW9ua2JoaEhveUYvR2J3YkcKYkl4eXgxNE9zZy9qVkFZUDdqRk5FK01xT1dIWXloVFY0S1BQbVZ5NkU2WXg0UUhFRDh3emE5bnRXeFdWUzJNQwpKTlVPQmtBSFVrVzRoT1g1bGZJVWd0Sk5peGVVY3ZSZTdwbVV5bXh1RWxBQ3hDUWtacEcyNVl6NUdVTGU2YTB1CjRLellqb1NCWEh4TFFtRk9mekpoR1VKVm9hWUROTWtXNGF1ZUxXK0xUQ0JVbTN0KzgzUGFsMi8yS1pJMGpTSEwKb3NNcjU3ZE83RldMcHJwK1ViU0tveHNHa01qK0hhbTVBZy8rZUt3UlY0VGtYanpmc0VNWS9wejlIRzg5QjlJYwpzUTFpTGhyTjYxU2VtVlZIT1grVytvSHkvTmpPSGorc0tLSDdybnJKZXMvUjVOWld4bW9YbzFaWGFaam13bHFiClo4bTd2UUlEQVFBQm94QXdEakFNQmdOVkhSTUJBZjhFQWpBQU1BMEdDU3FHU0liM0RRRUJDd1VBQTRJQkFRQXEKTXlmaDVLeGdNYkl1TndGUE02aTFnNy9jNDE5eWFGMXpiYWdzbkJ6aFRyV3hIYnFPZEMvWVNZa3RRR0ZhTVBULwo5c0hUaXc5Sks1RDBLRUhlWWJDaXFnVC9vVSs5Z05hZVN1UzJVMTRHc0d1RndsQzRibTU0VkozRGJvNVJ1dzJTCjloSzNJVGZIRkhabkt0Q01Xc0Y1Q29tYXMyTG8vZnd5SmVwVHBTajNUK0J6b2lUcjl3Z01qQWVOOGdXekhXaysKVjVPTC9LMXplVCtVQklDR1gzTWRmUHg2UURCc0Q4YzZpbm4wczc1R2lHcVZUdC9KUGtDdlF1VFJSNEpyVEZDNgo4aXRCQVBwT3gyMU1ueTVTQm5IUkdhaHFHY1hLRlJvcUV4T3NGcmVSQU1PdkE4M2FVTFVWazJSNTJXc1FERkFICjJZVnhQN2tYMXpYdnhrb2RUU25ECi0tLS0tRU5EIENFUlRJRklDQVRFLS0tLS0K",
                            "master_auth.0.client_key": "LS0tLS1CRUdJTiBSU0EgUFJJVkFURSBLRVktLS0tLQpNSUlFcEFJQkFBS0NBUUVBb25rYmhoSG95Ri9HYndiR2JJeHl4MTRPc2cvalZBWVA3akZORStNcU9XSFl5aFRWCjRLUFBtVnk2RTZZeDRRSEVEOHd6YTludFd4V1ZTMk1DSk5VT0JrQUhVa1c0aE9YNWxmSVVndEpOaXhlVWN2UmUKN3BtVXlteHVFbEFDeENRa1pwRzI1WXo1R1VMZTZhMHU0S3pZam9TQlhIeExRbUZPZnpKaEdVSlZvYVlETk1rVwo0YXVlTFcrTFRDQlVtM3QrODNQYWwyLzJLWkkwalNITG9zTXI1N2RPN0ZXTHBycCtVYlNLb3hzR2tNaitIYW01CkFnLytlS3dSVjRUa1hqemZzRU1ZL3B6OUhHODlCOUljc1ExaUxock42MVNlbVZWSE9YK1crb0h5L05qT0hqK3MKS0tIN3Juckplcy9SNU5aV3htb1hvMVpYYVpqbXdscWJaOG03dlFJREFRQUJBb0lCQUFpWlNVUWd1WVcxVCs2NwpXSkFSSk5mNVdlVEJvNEhrYWo1c2ZJeFRadjR2ZUFaRjhRWFpGWmtqeDdOWGhlZEhMU1c2NUhQT1Rsb1dPOWNJCkQrcDhIaWhsaGgyc0UvWndwM053b3ZaRGhCZ2E4Ti9lb0JHWHJrRENXVmI5eGcrMGEvckR0bjdTcGJKWkVDd2sKM3NqRVRSZkoyb0RYRVRLYnJNaGRsYmI5QkVRd1MveStvc2pUNTRPeE1LYmdOWUhXVUNINHE2S2JEcDQxVlBWVQp4Tk1NbEhOOEwwbVdUNXRtcXFhRU0rQUl3aEJGd2NLN1pRZUx5VStLT0p3VWJPMFBIOVNRdDN6eTBpRWdnV1Z4CmJJWWR2NklqZldIVUtRYjB6N3hRM3VybTE3UWJ1WncyenNvL1d1T3YySmpZNVdxSTdHdC9UOGg4UC8rVmZDMVEKK004Y0dQRUNnWUVBMHNXLzRTQ3dmWE5vOUVic3pvUnRKWjZOQ0daRjR0Yi9WdXdTZDhyVk01SFZLUXBRYlhEUQo3b0hwRjQ0ZzFEQVNBRUlQV0lXcHVYS3UwSlJ6VzgzVEh4Sy9DOVF4dlRJaGNscHFaenRJcmdyK2F5ZEFsUzFnCjFZdTVycWVlT0xQMjR6TnZqMXdkK25CdHQySFpCUEJpb3FJdGx2djZlcm5PRWNZd0FVVnFUK1VDZ1lFQXhWWW4KWlJxUm9kaFlhcWhKMG5vZVZKWkZ1cW9DWXp4dmJRK3VFejBnVG5hdVBkQXdOUUJZVjZyNXp2Uk96emMyS0txeAp3U1FIY0NPN0x6OWJhZmppSTlYQTNWT1VuT0VSYW0vS0dKM3ZyWW9zWm9Hdmhhclp0ak1HSTY1M0NmYU9VS0RBCjZHMjhrV0oxSGlhVS9KbzhEbk5OdHovRW9lbGM4MmlCR0VPOWp2a0NnWUE1N1plYTdEMFZmWTZ1OUg5SkV5UmMKWG9Nc2Q4OWxWT25BbmdsRld6M1ZlcE0zUUZweWVic3lrZ25hSzNuaVY0UGJCa3pwYTNNR1FQckM0TW9EeFVIdApIRjNkaG1oVk0xMzE2OXVxbTZTU0VQdHp2OG9FTmdDVE1GL01ITTFqa0RLZXB4aFdNbDhhNGFPRjd5S1NOTzhtCis2UEVCMlVFTGVUeEJhTlQ5aHdOOFFLQmdRQ0NZUjIrS3dPMVR0OTcrSnh0dDhsNlVaN1lhYU1TTmNmWTR0YzgKVnRLVmhNd3lndTZXMWhlSU5LckFGYUpNUGtwR0xDRXRYc1NiVHNCSnd5NStvYldudjM2aHZLc2Z5NFJhTW1udwpRY2t0ZTNGQ2VNU2pKL0tYOHJaSHRPbHBaOEUzZkQ1NFVxaVgxZGxUaG1KQlV4WUM1aU9ld3o4RFNzL2k4bFQ0CjF5alM0UUtCZ1FETlZwTThnWjZJaHFseFg4U1VKZEFBRXk5OU9XY3FCRFNTUjJuZFpUR2xyMEV0blZvTGxWdlIKTmgvTmpXU3MvMTJFSVFRTU9xd1RBc2lnanlnaUViRkcvUm5sYzJJMVBGbUxVS2tud2lYM0ozNGRaKzgyTXBxSApjb3QxZ2N1U0lhanh0VTMzY0lwYlRJbUpVSW9acEp4VkRVb0g0cEdnSzI0alZOYmdPbmU0c2c9PQotLS0tLUVORCBSU0EgUFJJVkFURSBLRVktLS0tLQo=",
                            "master_auth.0.cluster_ca_certificate": "LS0tLS1CRUdJTiBDRVJUSUZJQ0FURS0tLS0tCk1JSURDekNDQWZPZ0F3SUJBZ0lRVlRPNEZHaW5mUWFjWFJ0YXhka3NKREFOQmdrcWhraUc5dzBCQVFzRkFEQXYKTVMwd0t3WURWUVFERXlReFlqazRPVE13TVMwMU1XVmpMVFJrTlRrdFlUVmtPQzB6TkdFNU16VmlNekl6TkRndwpIaGNOTVRjeE1EQXpNVGN5T0RFeVdoY05Nakl4TURBeU1UZ3lPREV5V2pBdk1TMHdLd1lEVlFRREV5UXhZams0Ck9UTXdNUzAxTVdWakxUUmtOVGt0WVRWa09DMHpOR0U1TXpWaU16SXpORGd3Z2dFaU1BMEdDU3FHU0liM0RRRUIKQVFVQUE0SUJEd0F3Z2dFS0FvSUJBUUN2R0xmZGx4MjUxeVdINnRaQlJZY21zV3lzUGZ5NlMxR2lYQVFMSCtGMQpmRHNINEU5Wm9IY3lOU3dmVzZUaURseXRodlZ0QkxueXhFNzdVZjF6N256QkJxdXZJYWttY2FHRndycER0bVEzCi9VL2QzUkxjclVGUmFJZkx6NG5IeDVPdjNJQ25NUnBzVWRHRTlMUm11alNZUXhyaHB4Wno2Q0dpTlYyZkpoR3kKN29OOGNGdlF0UDQ3eGZLTlZXVjBoM3lWTlhSTGJ1c1UwVzROOVd1cHlyOVFsTnFyU2d4U2JYOHFieDhaYnh2UApkOW1qa1F5MTVmU1cyYjhaZG1aZUI0UnJPWloyRzJqcHN6WFBLbFlDRWhjSlhaYkdqMFN3WjhFUExxeUhiM3BWClV2b0h0VVo2dnI0VC9zby8wUElIOUZGNE1MbzVGd2QzS3NneW5KbFRKOGVaQWdNQkFBR2pJekFoTUE0R0ExVWQKRHdFQi93UUVBd0lDQkRBUEJnTlZIUk1CQWY4RUJUQURBUUgvTUEwR0NTcUdTSWIzRFFFQkN3VUFBNElCQVFDdQp0K2l2c29GczlONUVWRXpGUnVwV2JkT0Q4MEFVVHJtSE5tMHdHTzBCa0JzUURSSkNQbk8xK0pHYm50Zks1bnhUCnZpMTJPZ0lMYVg3MEVNNXUyYVB3bktzaWZtSFliTFhDY0ZJYzJJL2EySDF1OWFxT2V3Qm1LUVZ2dGZzOWM2TEIKSGhZa3dmU2VWWEpFWTA0UFpJZTlINnRFYVB6TG0xNXJ3aXpKUjlWbWwzTG5FZld2T1N6b2VWMFNTU2psc3lmdAorQ2prbGloRzlvVWtlY0U0MTdRRUNYQkN0VkY3TUEzQURZZmo1R1VHVHhHWWVrNDZoelF5RU1Cb1N5K0l4TEZBCkVMemhNR3dxWHpqanI3VmNncEQ4b01QMElINlRDeWxIcVdZS2s1M0UzN29pSHg3U2NBdDNxV0JoQnhxM2pyRUwKWjZIZ1JTbFhaM28wYmlFRmJweUYKLS0tLS1FTkQgQ0VSVElGSUNBVEUtLS0tLQo=",
                            "master_auth.0.password": "coolpassword}",
                            "master_auth.0.username": "coolusername",
                            "monitoring_service": "monitoring.googleapis.com",
                            "name": "googlykubycluster",
                            "network": "default",
                            "node_config.#": "1",
                            "node_config.0.disk_size_gb": "100",
                            "node_config.0.image_type": "COS",
                            "node_config.0.labels.%": "1",
                            "node_config.0.labels.this-is-for": "dev-cluster",
                            "node_config.0.local_ssd_count": "0",
                            "node_config.0.machine_type": "n1-standard-1",
                            "node_config.0.metadata.%": "0",
                            "node_config.0.oauth_scopes.#": "4",
                            "node_config.0.oauth_scopes.0": "https://www.googleapis.com/auth/compute",
                            "node_config.0.oauth_scopes.1": "https://www.googleapis.com/auth/devstorage.read_only",
                            "node_config.0.oauth_scopes.2": "https://www.googleapis.com/auth/logging.write",
                            "node_config.0.oauth_scopes.3": "https://www.googleapis.com/auth/monitoring",
                            "node_config.0.preemptible": "false",
                            "node_config.0.service_account": "default",
                            "node_config.0.tags.#": "2",
                            "node_config.0.tags.0": "dev",
                            "node_config.0.tags.1": "work",
                            "node_pool.#": "1",
                            "node_pool.0.initial_node_count": "2",
                            "node_pool.0.name": "default-pool",
                            "node_pool.0.name_prefix": "",
                            "node_pool.0.node_config.#": "1",
                            "node_pool.0.node_config.0.disk_size_gb": "100",
                            "node_pool.0.node_config.0.image_type": "COS",
                            "node_pool.0.node_config.0.labels.%": "1",
                            "node_pool.0.node_config.0.labels.this-is-for": "dev-cluster",
                            "node_pool.0.node_config.0.local_ssd_count": "0",
                            "node_pool.0.node_config.0.machine_type": "n1-standard-1",
                            "node_pool.0.node_config.0.metadata.%": "0",
                            "node_pool.0.node_config.0.oauth_scopes.#": "4",
                            "node_pool.0.node_config.0.oauth_scopes.0": "https://www.googleapis.com/auth/compute",
                            "node_pool.0.node_config.0.oauth_scopes.1": "https://www.googleapis.com/auth/devstorage.read_only",
                            "node_pool.0.node_config.0.oauth_scopes.2": "https://www.googleapis.com/auth/logging.write",
                            "node_pool.0.node_config.0.oauth_scopes.3": "https://www.googleapis.com/auth/monitoring",
                            "node_pool.0.node_config.0.preemptible": "false",
                            "node_pool.0.node_config.0.service_account": "default",
                            "node_pool.0.node_config.0.tags.#": "2",
                            "node_pool.0.node_config.0.tags.0": "dev",
                            "node_pool.0.node_config.0.tags.1": "work",
                            "node_pool.0.node_count": "2",
                            "node_version": "1.7.5",
                            "subnetwork": "",
                            "zone": "us-west1-a"
                        },
                        "meta": {
                            "e2bfb730-ecaa-11e6-8f88-34363bc7c4c0": {
                                "create": 1800000000000,
                                "delete": 600000000000,
                                "update": 600000000000
                            },
                            "schema_version": "1"
                        },
                        "tainted": false
                    },
                    "deposed": [],
                    "provider": ""
                },
                "google_sourcerepo_repository.kubycoderepo": {
                    "type": "google_sourcerepo_repository",
                    "depends_on": [],
                    "primary": {
                        "id": "projects/thrashingcorecode/repos/kubyrepos",
                        "attributes": {
                            "id": "projects/thrashingcorecode/repos/kubyrepos",
                            "name": "kubyrepos",
                            "size": "0"
                        },
                        "meta": {},
                        "tainted": false
                    },
                    "deposed": [],
                    "provider": ""
                }
            },
            "depends_on": []
        }
    ]
}
