{
    "version": 3,
    "terraform_version": "0.10.0",
    "serial": 18,
    "lineage": "c116ef32-753f-4b0c-8e5f-1ca4cb3ec0d4",
    "modules": [
        {
            "path": [
                "root"
            ],
            "outputs": {
                "gcp_cluster_endpoint": {
                    "sensitive": false,
                    "type": "string",
                    "value": "35.203.151.60"
                },
                "gcp_cluster_name": {
                    "sensitive": false,
                    "type": "string",
                    "value": "googlykubycluster"
                },
                "gcp_ssh_command": {
                    "sensitive": false,
                    "type": "string",
                    "value": "ssh coolusername@35.203.151.60"
                }
            },
            "resources": {
                "azurerm_container_service.bluekuby": {
                    "type": "azurerm_container_service",
                    "depends_on": [
                        "azurerm_resource_group.blue_kuby_group"
                    ],
                    "primary": {
                        "id": "/subscriptions/77ad15ff-226a-4aa9-bef3-648597374f9c/resourceGroups/bluekubygroup/providers/Microsoft.ContainerService/containerServices/bluekubyhouse",
                        "attributes": {
                            "agent_pool_profile.#": "1",
                            "agent_pool_profile.4286314600.count": "3",
                            "agent_pool_profile.4286314600.dns_prefix": "kuby.house",
                            "agent_pool_profile.4286314600.fqdn": "",
                            "agent_pool_profile.4286314600.name": "default",
                            "agent_pool_profile.4286314600.vm_size": "Standard_A0",
                            "diagnostics_profile.#": "1",
                            "diagnostics_profile.734881840.enabled": "false",
                            "diagnostics_profile.734881840.storage_uri": "",
                            "id": "/subscriptions/77ad15ff-226a-4aa9-bef3-648597374f9c/resourceGroups/bluekubygroup/providers/Microsoft.ContainerService/containerServices/bluekubyhouse",
                            "linux_profile.#": "1",
                            "linux_profile.1362204836.admin_username": "coolusername",
                            "linux_profile.1362204836.ssh_key.#": "1",
                            "linux_profile.1362204836.ssh_key.994404834.key_data": "ssh-rsa AAAAB3NzaC1yc2EAAAADAQABAAACAQC3Wwmr3DXQJwDeVRtuMQx2k3jGXPDOPDMHiT+AVfhmwqwGMCDCOpeJo4CK6s6nIvOqr+XREgccHgGu8ao58CX8rUi9bL0BxNtKbrTaevWd7w+JoJAG3jBXmsXYyhkH2wkyf4qw3ba740XZdq6/gBqr5S+QvB7lkL+qPa7IgfaU4dcwK2dzgW+Rs0/aS6cdio5HS7mmuDSScst8nA0FH6KlvMchdiA40AC/OhJ+FJlT6esR1hXVLf1GiZAqZfnCXDVBHOichpcFSLpsl/2a3RPvMJEsVco67gZ+xJ7Ex3buVv6qpaR3H08x9xhSYNCyCM5UfAXeu20fJeSCvZAOyCgnEMbBH6HtHY9uRHo/8yqu7XzqJpHXDe2VOmn1VPjbl21GIZUZfE9HVaXQR620YBQ/NanxTT9BXdDPXMBsPZA6EiYEIn1SKxL8Ze82aIlkVCaWkoHHGHxWAIXjOGkD3tPEJ4TuoDxtIEmu4ERnHLB4+4WKDgFZKVgAOM60xaCOvfDnZW1SA75fuyy+AHShJsZivGyY+jtaTMwSGOyeAtX7wJClWCGWM0zH8JZinWfz+RBh9qwMUCXgavHxVnu2Jc5vATTDB/Vw7oJz19XZRCZThx5deTmCAN+AeVv/0FH3PKtI4EHsVgOR57VAq9xXMrMJ6A/03t5NG23lWolijCNT9w== adron@thrashingcode.com",
                            "location": "westus",
                            "master_profile.#": "1",
                            "master_profile.1498715451.count": "1",
                            "master_profile.1498715451.dns_prefix": "bluekubycluster",
                            "master_profile.1498715451.fqdn": "bluekubycluster.westus.cloudapp.azure.com",
                            "name": "bluekubyhouse",
                            "orchestration_platform": "Kubernetes",
                            "resource_group_name": "bluekubygroup",
                            "service_principal.#": "1",
                            "service_principal.408466820.client_id": "d2fcd2db-3c91-403c-9e09-a48e57ebde42",
                            "service_principal.408466820.client_secret": "",
                            "tags.%": "1",
                            "tags.Environment": "Production"
                        },
                        "meta": {},
                        "tainted": false
                    },
                    "deposed": [],
                    "provider": ""
                },
                "azurerm_resource_group.blue_kuby_group": {
                    "type": "azurerm_resource_group",
                    "depends_on": [],
                    "primary": {
                        "id": "/subscriptions/77ad15ff-226a-4aa9-bef3-648597374f9c/resourceGroups/bluekubygroup",
                        "attributes": {
                            "id": "/subscriptions/77ad15ff-226a-4aa9-bef3-648597374f9c/resourceGroups/bluekubygroup",
                            "location": "westus",
                            "name": "bluekubygroup",
                            "tags.%": "0"
                        },
                        "meta": {},
                        "tainted": false
                    },
                    "deposed": [],
                    "provider": ""
                },
                "google_container_cluster.googlykuby": {
                    "type": "google_container_cluster",
                    "depends_on": [],
                    "primary": {
                        "id": "googlykubycluster",
                        "attributes": {
                            "additional_zones.#": "2",
                            "additional_zones.3926883567": "us-west1-b",
                            "additional_zones.4078194094": "us-west1-c",
                            "cluster_ipv4_cidr": "10.60.0.0/14",
                            "description": "",
                            "enable_legacy_abac": "true",
                            "endpoint": "35.203.151.60",
                            "id": "googlykubycluster",
                            "initial_node_count": "2",
                            "instance_group_urls.#": "3",
                            "instance_group_urls.0": "https://www.googleapis.com/compute/v1/projects/thrashingcorecode/zones/us-west1-b/instanceGroups/gke-googlykubycluster-default-pool-a867dcc0-grp",
                            "instance_group_urls.1": "https://www.googleapis.com/compute/v1/projects/thrashingcorecode/zones/us-west1-c/instanceGroups/gke-googlykubycluster-default-pool-666a2b2f-grp",
                            "instance_group_urls.2": "https://www.googleapis.com/compute/v1/projects/thrashingcorecode/zones/us-west1-a/instanceGroups/gke-googlykubycluster-default-pool-72a12b4c-grp",
                            "logging_service": "logging.googleapis.com",
                            "master_auth.#": "1",
                            "master_auth.0.client_certificate": "LS0tLS1CRUdJTiBDRVJUSUZJQ0FURS0tLS0tCk1JSUMyekNDQWNPZ0F3SUJBZ0lSQUpQaUtBRkp6cFlDdU1VdmczeU5wUGN3RFFZSktvWklodmNOQVFFTEJRQXcKTHpFdE1Dc0dBMVVFQXhNa01tVmhZalEzTVdVdFlUY3dNeTAwWW1RM0xXRTNPVFl0TkRjeU1qRTBaV0l5WkdVNApNQjRYRFRFM01UQXhNekF5TkRReE5Wb1hEVEl5TVRBeE1qQXlORFF4TlZvd0VURVBNQTBHQTFVRUF4TUdZMnhwClpXNTBNSUlCSWpBTkJna3Foa2lHOXcwQkFRRUZBQU9DQVE4QU1JSUJDZ0tDQVFFQXl0TElsYjVXUjBhS25HeFMKSGJWS012YUYrT3ppRDdXaDdyR0YrcVIzN283SGZRS1cvTTgvSHZOeUF0VHVxVUswdGFTOXFEbGl4cmtvVXZWTgpuUGFUdGJGQ1RvOUMraFg2NGNNTC9Yd0ZIZG41N0t1T1BmY2FDRCs1ZG1tKzAram84U094R1ZrSFpMalA5TnZhCmNZYlIxdTJwVm5wdVhZVkl1anRlb1d4aHBibVlReGwwejRTT0NPWWpzMUNoRC9sK1VMYTVjTDdjSzFPVWI4SngKSm1CSXlGYk14ejlxT1E1UW1DUjhDTDRnaml2czJTNEw5dmpNUEFlYzIyRzBJOFpDU2RrWEZFajdKNkhtdjBkTwpGeUFtVExjN3BMeWc2d3RBc2h5MUF2aTFOMUVTVk54d1FieXRydzhkbThsZ3FHQkVkUlBkMG5wQm5QZ0x0UVdzCkR2bk5MUUlEQVFBQm94QXdEakFNQmdOVkhSTUJBZjhFQWpBQU1BMEdDU3FHU0liM0RRRUJDd1VBQTRJQkFRQUcKc2loMFAzRFJYeGFBc2huZzBGZnArOWJodTV1QUN6b3JDWEluaHJFbTRxV1NCckNvL2NIQ2ZEM2JmWGNmblVVTQpDRnRwUFRtcjVBMTFjUkRhM0QrK28rLzdPTkRrdW0rdWJJZThQSjkvZGp4K1FDeHZOdk9yL0xBNUFHOTU0cjZiCjlodXphSGdDVGFsWjZ2VHNEb05BWjI1TjlGbzI3aXoveWhKTjJGOFE0VlVyZHFDN2JOSVMyM2hjWUc3QkxzZUgKdzZxbHZFakFQbGQ3RU1QcmZZbG1TL3Y0VXpJWU9QNkNITm1yTFBjd1d2eXVhOFpJWTMzUXgrOWdaOEd1MjVISQo4dkNoVTh5VzZBb0pEc2tIRGR2eDhEc05KemFET0p2dnluazcvQUpsUEhNQ20xbzRwdlVtUHdxbEtFZDdBWlV6Cnc5eGVxYnpRL3FJTGFJT1UwZFZlCi0tLS0tRU5EIENFUlRJRklDQVRFLS0tLS0K",
                            "master_auth.0.client_key": "LS0tLS1CRUdJTiBSU0EgUFJJVkFURSBLRVktLS0tLQpNSUlFcEFJQkFBS0NBUUVBeXRMSWxiNVdSMGFLbkd4U0hiVktNdmFGK096aUQ3V2g3ckdGK3FSMzdvN0hmUUtXCi9NOC9Idk55QXRUdXFVSzB0YVM5cURsaXhya29VdlZOblBhVHRiRkNUbzlDK2hYNjRjTUwvWHdGSGRuNTdLdU8KUGZjYUNEKzVkbW0rMCtqbzhTT3hHVmtIWkxqUDlOdmFjWWJSMXUycFZucHVYWVZJdWp0ZW9XeGhwYm1ZUXhsMAp6NFNPQ09ZanMxQ2hEL2wrVUxhNWNMN2NLMU9VYjhKeEptQkl5RmJNeHo5cU9RNVFtQ1I4Q0w0Z2ppdnMyUzRMCjl2ak1QQWVjMjJHMEk4WkNTZGtYRkVqN0o2SG12MGRPRnlBbVRMYzdwTHlnNnd0QXNoeTFBdmkxTjFFU1ZOeHcKUWJ5dHJ3OGRtOGxncUdCRWRSUGQwbnBCblBnTHRRV3NEdm5OTFFJREFRQUJBb0lCQUE1L1g1Z1lpVmxCNlJHQwpTcUpWL1k1RUFkS0h1Q2J3VURsY0Zod1Myb0hDVWU4VkdzN0tUNVE2U1lsN1IrM3dWek51cWFIWExFRFJKbGs3CnNJY0tOd2V6T202Y0hlajdYam41ODZiMFVQZFB4K1lMWXpqNXF6SXd2K1IvYllUL0xudGlGandlR1lHeEZpaEYKK01qSm5zRXlycnFBT05oVmVSdmF0NHBwVVZlRG1vOXFtNlIrekhOTHFrVklwRVJsdXFVNVRPZGJ5bzd3Q1pvUwpxbGxYTHAzRXM2dzBQOUY5aWh1YWsvL1JBdmd2V0RzWFAxTWNZV3MvMGdwS1BCUW0ySTY3MHlZc1NkM0NzRjBxCjY1WE41bm5PN3ZGdVA3UytFbVVRN2VDNjRkMG1Ca3lnb3hpTXVGanRHVXZIWk5zUUszWGJPK2pjekFCM24zdjkKRGoyeG9kRUNnWUVBNjFlOEN3N0RTbVBqMS96VVFmOG8xY3ZXTGh1ODAvZzVPME9YUVNQU3FWOHRmTTFyRmhpUwpBNW83ZDdyUWk1aFEwTkt0NVdxRU5hUGRjazUySy80NU1OSTZqQkVkVHJFQllmNjFQQTdteVVFTDhxSDNVRFo2CkYrMnIwY2oxb0ZnSzZsNWhZL25LcUVjWDVoYVMyRUs5eStHN3RvWkRxYm1kM2hyOU1IcjZyYVVDZ1lFQTNLQlMKMWQ1MW9rcFFWSFdZZ3krakRVc0k3Q0lDcWo4bHk0U2hORytvS0NUQWF3OHNnSi8xNDB0UE5CbWhDQUw3VFV0YgowR2RCaTR4ZitwNHNoQTNrZDMzR0QyWGxhOC9QWDJodlJlR1Bxa2VSanpiSkZCblFyaThEeVFxWEpWL1FIbDBkCkdHY2E0Rmk0eE4vNU5jVm5pQkVpVm5RMFhES2M0UWlIb3dWREd1a0NnWUVBMG1ncExmV3Y4alZtZ2plQUNkVTMKekJXbTBxaG41VmQ2eTVwOWczYWtwRnI4enlUVXhmZUhyQUxiZ2dzYTRvTjJWWXpXZmxNQ0N2Y0xTR1FQMFB0RQpaSHJBYjNQcHNPNGQzMkFhNXF3bjkrelk0citkM2pBbWJuaEdjcFBwenNhSVU4dTM1T3R5SFlzYU9kTWF6SkMzCklhNGE1bkFaMUllb05lZ0pUNnZUclNVQ2dZQmZMUXFQR0pqR21paHRSdzIwQ2lqYzR6SEdMQ1hhSzhPeU9GVVMKdWRoZytQbkpOWktOS25SNHlWUXh0Wnl5U0JjQkVURmFoakRRY280MUgyYzAwSWx1d3VOZVlTYkhpNjU2Q2lOMgprZ2ZYL1dmZDBGU09SMVN1ejdsaVVSOURFRUpIMXdObU01UjBrOUdobkwxMVpPTjAzMjlndkdDYUpYdG4yTFlxCnJXcDFnUUtCZ1FDTThjYmJBWkg3S09zaFh2TFpkVVFMaFFuQ2VGT201WmkxQy8yd3lVRkNRQW5KeGMvRVBkbFAKVVNheE5uM3RTQWJpbEJ2ZEQyQnlKVGR0SWNadHdYcTRuWGV4TFR2Q1gvQzg3TkNuaWJLN2lTbUtGaExFRzJESQpMZnBBNVV1TllCa2Rwd3p2RnZLRThUdmxkQUY4NTIvQlFPdmFEZ1FMR1Z0N3I4alQzeFloSHc9PQotLS0tLUVORCBSU0EgUFJJVkFURSBLRVktLS0tLQo=",
                            "master_auth.0.cluster_ca_certificate": "LS0tLS1CRUdJTiBDRVJUSUZJQ0FURS0tLS0tCk1JSURERENDQWZTZ0F3SUJBZ0lSQUlQTnpPcjgxclJoWVg0cXpPbm1YMjB3RFFZSktvWklodmNOQVFFTEJRQXcKTHpFdE1Dc0dBMVVFQXhNa01tVmhZalEzTVdVdFlUY3dNeTAwWW1RM0xXRTNPVFl0TkRjeU1qRTBaV0l5WkdVNApNQjRYRFRFM01UQXhNekF4TkRReE5Wb1hEVEl5TVRBeE1qQXlORFF4TlZvd0x6RXRNQ3NHQTFVRUF4TWtNbVZoCllqUTNNV1V0WVRjd015MDBZbVEzTFdFM09UWXRORGN5TWpFMFpXSXlaR1U0TUlJQklqQU5CZ2txaGtpRzl3MEIKQVFFRkFBT0NBUThBTUlJQkNnS0NBUUVBcXROU29DTGc1US9DNDU1NmpWWjVzWjJnZFluaGJaOUpBTVpmTnhUVQpZL0QvNjluV0JkK24wNnA0bzM0QWhSM1ZTdjIvSUc5WTNHU0pQSHVFWlo3eTlZbG9EcXl4czRzVkg1OGlSQnVCCkpoK2hxZzFRVzk1UXQ5dk1LRzJTaDVFaWNZQ1hjbGtMdnUzcFJzSklUYkIyVm54U1JsN2NuZ1VRdWcwYkZwRGQKNm55R2NMWDlML2VHMlU5ektQdi9WU3h2QXBhZW5PY21pdGpQTU1WeDh3UEpib21lZTNWU0VkaGpFWnd6bWR6cQpkWTFnWWdQbitLQU5wVWxLcUVDQndNRnROcWs3S3UrZzcxemhwNjFMSTluTlpDakQ1R09rckxQd1FlOTdnaUcyCmgvb2x0NkprNjZLVlc4VkFMbXR1cVZJOTVLQUpjWk1iWkpEWkVtVlVSaWJXS1FJREFRQUJveU13SVRBT0JnTlYKSFE4QkFmOEVCQU1DQWdRd0R3WURWUjBUQVFIL0JBVXdBd0VCL3pBTkJna3Foa2lHOXcwQkFRc0ZBQU9DQVFFQQpjNGlMVUtjaUgveHJRVEFuNC9GYldpU2FFM0FjUkozTnF0V2JvU1VJaXVhclV4S1gyOWw5Q3hBanc2SHRQcGVZCmRVYkErSDIwQ0srMlBGQU9xM3QvKzh3Rllnb2lsd2ZDdUlQMlVtZ0czVFJQbktoNHE4QnRVcGlIYU5DSTFqazMKR1BoMG9OY09QMkVnc0xPSkZSYlRuNG9RdlgwNng2QXJPb1dWODlWWjE1UWdjRjlQWlYrckc4RnFlMzMvdzl2cwpRNUZVQVlwYUdtWC9oZThMZnlUdGdiRTVURzJSWmZJd1ZEdzVtWDBMcTdkZHBHTWZQKy8xTnZOVTI2OGpUQ0srCm5naDA5bm1XVWt6Y1FHY0xXRmRTSnJmR1hmRjVMc1dmYUhWM2NUME03QzNXSmsrMkZXdGQ2U005UDJqOHl2dk8KR0U5czdSOENaUXl3RU5MTVVDK0tIUT09Ci0tLS0tRU5EIENFUlRJRklDQVRFLS0tLS0K",
                            "master_auth.0.password": "coolpassword}",
                            "master_auth.0.username": "coolusername",
                            "monitoring_service": "monitoring.googleapis.com",
                            "name": "googlykubycluster",
                            "network": "default",
                            "node_config.#": "1",
                            "node_config.0.disk_size_gb": "100",
                            "node_config.0.image_type": "COS",
                            "node_config.0.labels.%": "1",
                            "node_config.0.labels.this-is-for": "dev-cluster",
                            "node_config.0.local_ssd_count": "0",
                            "node_config.0.machine_type": "n1-standard-1",
                            "node_config.0.metadata.%": "0",
                            "node_config.0.oauth_scopes.#": "4",
                            "node_config.0.oauth_scopes.0": "https://www.googleapis.com/auth/compute",
                            "node_config.0.oauth_scopes.1": "https://www.googleapis.com/auth/devstorage.read_only",
                            "node_config.0.oauth_scopes.2": "https://www.googleapis.com/auth/logging.write",
                            "node_config.0.oauth_scopes.3": "https://www.googleapis.com/auth/monitoring",
                            "node_config.0.preemptible": "false",
                            "node_config.0.service_account": "default",
                            "node_config.0.tags.#": "2",
                            "node_config.0.tags.0": "dev",
                            "node_config.0.tags.1": "work",
                            "node_pool.#": "1",
                            "node_pool.0.initial_node_count": "2",
                            "node_pool.0.name": "default-pool",
                            "node_pool.0.name_prefix": "",
                            "node_pool.0.node_config.#": "1",
                            "node_pool.0.node_config.0.disk_size_gb": "100",
                            "node_pool.0.node_config.0.image_type": "COS",
                            "node_pool.0.node_config.0.labels.%": "1",
                            "node_pool.0.node_config.0.labels.this-is-for": "dev-cluster",
                            "node_pool.0.node_config.0.local_ssd_count": "0",
                            "node_pool.0.node_config.0.machine_type": "n1-standard-1",
                            "node_pool.0.node_config.0.metadata.%": "0",
                            "node_pool.0.node_config.0.oauth_scopes.#": "4",
                            "node_pool.0.node_config.0.oauth_scopes.0": "https://www.googleapis.com/auth/compute",
                            "node_pool.0.node_config.0.oauth_scopes.1": "https://www.googleapis.com/auth/devstorage.read_only",
                            "node_pool.0.node_config.0.oauth_scopes.2": "https://www.googleapis.com/auth/logging.write",
                            "node_pool.0.node_config.0.oauth_scopes.3": "https://www.googleapis.com/auth/monitoring",
                            "node_pool.0.node_config.0.preemptible": "false",
                            "node_pool.0.node_config.0.service_account": "default",
                            "node_pool.0.node_config.0.tags.#": "2",
                            "node_pool.0.node_config.0.tags.0": "dev",
                            "node_pool.0.node_config.0.tags.1": "work",
                            "node_pool.0.node_count": "2",
                            "node_version": "1.7.6",
                            "subnetwork": "",
                            "zone": "us-west1-a"
                        },
                        "meta": {
                            "e2bfb730-ecaa-11e6-8f88-34363bc7c4c0": {
                                "create": 1800000000000,
                                "delete": 600000000000,
                                "update": 600000000000
                            },
                            "schema_version": "1"
                        },
                        "tainted": false
                    },
                    "deposed": [],
                    "provider": ""
                },
                "google_sourcerepo_repository.kubycoderepo": {
                    "type": "google_sourcerepo_repository",
                    "depends_on": [],
                    "primary": {
                        "id": "projects/thrashingcorecode/repos/kubyrepos",
                        "attributes": {
                            "id": "projects/thrashingcorecode/repos/kubyrepos",
                            "name": "kubyrepos"
                        },
                        "meta": {},
                        "tainted": false
                    },
                    "deposed": [],
                    "provider": ""
                }
            },
            "depends_on": []
        }
    ]
}
