{
    "version": 3,
    "terraform_version": "0.10.0",
    "serial": 11,
    "lineage": "c116ef32-753f-4b0c-8e5f-1ca4cb3ec0d4",
    "modules": [
        {
            "path": [
                "root"
            ],
            "outputs": {
                "gcp_cluster_endpoint": {
                    "sensitive": false,
                    "type": "string",
                    "value": "35.197.7.92"
                },
                "gcp_cluster_name": {
                    "sensitive": false,
                    "type": "string",
                    "value": "googlykubycluster"
                },
                "gcp_ssh_command": {
                    "sensitive": false,
                    "type": "string",
                    "value": "ssh coolusername@35.197.7.92"
                }
            },
            "resources": {
                "azurerm_container_service.bluekuby": {
                    "type": "azurerm_container_service",
                    "depends_on": [
                        "azurerm_resource_group.blue_kuby_group"
                    ],
                    "primary": {
                        "id": "/subscriptions/77ad15ff-226a-4aa9-bef3-648597374f9c/resourceGroups/bluekubygroup/providers/Microsoft.ContainerService/containerServices/bluekubyhouse",
                        "attributes": {
                            "agent_pool_profile.#": "1",
                            "agent_pool_profile.4286314600.count": "3",
                            "agent_pool_profile.4286314600.dns_prefix": "kuby.house",
                            "agent_pool_profile.4286314600.fqdn": "",
                            "agent_pool_profile.4286314600.name": "default",
                            "agent_pool_profile.4286314600.vm_size": "Standard_A0",
                            "diagnostics_profile.#": "1",
                            "diagnostics_profile.734881840.enabled": "false",
                            "diagnostics_profile.734881840.storage_uri": "",
                            "id": "/subscriptions/77ad15ff-226a-4aa9-bef3-648597374f9c/resourceGroups/bluekubygroup/providers/Microsoft.ContainerService/containerServices/bluekubyhouse",
                            "linux_profile.#": "1",
                            "linux_profile.1362204836.admin_username": "coolusername",
                            "linux_profile.1362204836.ssh_key.#": "1",
                            "linux_profile.1362204836.ssh_key.994404834.key_data": "ssh-rsa AAAAB3NzaC1yc2EAAAADAQABAAACAQC3Wwmr3DXQJwDeVRtuMQx2k3jGXPDOPDMHiT+AVfhmwqwGMCDCOpeJo4CK6s6nIvOqr+XREgccHgGu8ao58CX8rUi9bL0BxNtKbrTaevWd7w+JoJAG3jBXmsXYyhkH2wkyf4qw3ba740XZdq6/gBqr5S+QvB7lkL+qPa7IgfaU4dcwK2dzgW+Rs0/aS6cdio5HS7mmuDSScst8nA0FH6KlvMchdiA40AC/OhJ+FJlT6esR1hXVLf1GiZAqZfnCXDVBHOichpcFSLpsl/2a3RPvMJEsVco67gZ+xJ7Ex3buVv6qpaR3H08x9xhSYNCyCM5UfAXeu20fJeSCvZAOyCgnEMbBH6HtHY9uRHo/8yqu7XzqJpHXDe2VOmn1VPjbl21GIZUZfE9HVaXQR620YBQ/NanxTT9BXdDPXMBsPZA6EiYEIn1SKxL8Ze82aIlkVCaWkoHHGHxWAIXjOGkD3tPEJ4TuoDxtIEmu4ERnHLB4+4WKDgFZKVgAOM60xaCOvfDnZW1SA75fuyy+AHShJsZivGyY+jtaTMwSGOyeAtX7wJClWCGWM0zH8JZinWfz+RBh9qwMUCXgavHxVnu2Jc5vATTDB/Vw7oJz19XZRCZThx5deTmCAN+AeVv/0FH3PKtI4EHsVgOR57VAq9xXMrMJ6A/03t5NG23lWolijCNT9w== adron@thrashingcode.com",
                            "location": "westus",
                            "master_profile.#": "1",
                            "master_profile.1498715451.count": "1",
                            "master_profile.1498715451.dns_prefix": "bluekubycluster",
                            "master_profile.1498715451.fqdn": "bluekubycluster.westus.cloudapp.azure.com",
                            "name": "bluekubyhouse",
                            "orchestration_platform": "Kubernetes",
                            "resource_group_name": "bluekubygroup",
                            "service_principal.#": "1",
                            "service_principal.408466820.client_id": "d2fcd2db-3c91-403c-9e09-a48e57ebde42",
                            "service_principal.408466820.client_secret": "",
                            "tags.%": "1",
                            "tags.Environment": "Production"
                        },
                        "meta": {},
                        "tainted": false
                    },
                    "deposed": [],
                    "provider": ""
                },
                "azurerm_resource_group.blue_kuby_group": {
                    "type": "azurerm_resource_group",
                    "depends_on": [],
                    "primary": {
                        "id": "/subscriptions/77ad15ff-226a-4aa9-bef3-648597374f9c/resourceGroups/bluekubygroup",
                        "attributes": {
                            "id": "/subscriptions/77ad15ff-226a-4aa9-bef3-648597374f9c/resourceGroups/bluekubygroup",
                            "location": "westus",
                            "name": "bluekubygroup",
                            "tags.%": "0"
                        },
                        "meta": {},
                        "tainted": false
                    },
                    "deposed": [],
                    "provider": ""
                },
                "google_container_cluster.googlykuby": {
                    "type": "google_container_cluster",
                    "depends_on": [],
                    "primary": {
                        "id": "googlykubycluster",
                        "attributes": {
                            "additional_zones.#": "2",
                            "additional_zones.3926883567": "us-west1-b",
                            "additional_zones.4078194094": "us-west1-c",
                            "cluster_ipv4_cidr": "10.60.0.0/14",
                            "description": "",
                            "enable_legacy_abac": "true",
                            "endpoint": "35.197.7.92",
                            "id": "googlykubycluster",
                            "initial_node_count": "2",
                            "instance_group_urls.#": "3",
                            "instance_group_urls.0": "https://www.googleapis.com/compute/v1/projects/thrashingcorecode/zones/us-west1-b/instanceGroups/gke-googlykubycluster-default-pool-201e32bf-grp",
                            "instance_group_urls.1": "https://www.googleapis.com/compute/v1/projects/thrashingcorecode/zones/us-west1-c/instanceGroups/gke-googlykubycluster-default-pool-3e750293-grp",
                            "instance_group_urls.2": "https://www.googleapis.com/compute/v1/projects/thrashingcorecode/zones/us-west1-a/instanceGroups/gke-googlykubycluster-default-pool-891fb79e-grp",
                            "logging_service": "logging.googleapis.com",
                            "master_auth.#": "1",
                            "master_auth.0.client_certificate": "LS0tLS1CRUdJTiBDRVJUSUZJQ0FURS0tLS0tCk1JSUMyekNDQWNPZ0F3SUJBZ0lSQU9IZlk5WlRGbW9YMWlrcldqSGwwaUF3RFFZSktvWklodmNOQVFFTEJRQXcKTHpFdE1Dc0dBMVVFQXhNa1lUTTJNMkUxWTJRdE5qUTRZeTAwTVRkaExUazNaV010WW1FeU9EQmtZV00wWldWbApNQjRYRFRFM01UQXdOVEl6TWpjeU0xb1hEVEl5TVRBd05ESXpNamN5TTFvd0VURVBNQTBHQTFVRUF4TUdZMnhwClpXNTBNSUlCSWpBTkJna3Foa2lHOXcwQkFRRUZBQU9DQVE4QU1JSUJDZ0tDQVFFQTNYWEwvWlJCbHZtdnVPbFYKcnRqcEpjdkJJd2tZWm41d3ZOTytpRkp4WDJwU2xtZ3l3ZktGRzc1REhQTitjU0hOV3RDOU5aeVgvcVpEK3RUYgozbjZpTWFJWThJSlh0VlFYdFVUbzhiN1phWGJwcmp5R3V4MDlaTG90SE51ckpPbFEvTG9NN1hZY2gvZXYxdFNPCi9jeHFTd2NoWHltbXRETFRxUHRrNFArMkRmNlhrbmJsN2YwK2VyRFdmaXpMa3RraDV4bXc4RUQzSjFJT2phY0sKMGhvdHQwTFNHZWdES3BZOFNUL2hnSDBzZEpiUlduR28wV2k2MnNnQlZaY1ZBaHRxbGZibFBVaUd3VlB4U1lYSwp3U0RqV1FLWWdKM1lzM3I0Z2dHTkZnbm03cnBPUXVodWJma3prVDk2Q3M5a0dSa1pZRW1RRUNZamZYOUhXeVVFCjQ1dEdBUUlEQVFBQm94QXdEakFNQmdOVkhSTUJBZjhFQWpBQU1BMEdDU3FHU0liM0RRRUJDd1VBQTRJQkFRQUYKS1Z0M3hkRWUzMU5ZTldlQVZvcjBJNmJJUjVINmdieTRjUTFtZUFqZkFvZU9OMEdkeng4NUpheWFtYm5pa2cyaQpyaVlwSTQxdWJ3U0ZreWtyWE10YXJIYWVCd1dlK1pDYUFlYWxMNmovWG9GaklFZWtTdDYwK3hpWjlhVXlYelJHCjdBeDkyZ09rOThNQUNpcWsyQXNVN3ZHTXVyUXpNckJzaWhpaUROT2p2VUVTdFp1VVo0NFlYQmNkRXNmYWVnVjkKNFU3WU9TQ0hmQ21uN1pic0ZBdHEyaTB6QjVHWDYvT3hYcGdiSFhSK1ZldnBtUkpYM0R2WWJMSHdkVEhOby9NSgppaVNPN2VyS0YxNUNzM0UxRmIvMTJVSzlCdzd1c21PT1V0TTRsUGM4ZUc1NXJpMmE2a1BJeGsvZUg1Y091SXBxCllkRTJVc001bXZpZ2tYeU5RSzR2Ci0tLS0tRU5EIENFUlRJRklDQVRFLS0tLS0K",
                            "master_auth.0.client_key": "LS0tLS1CRUdJTiBSU0EgUFJJVkFURSBLRVktLS0tLQpNSUlFb3dJQkFBS0NBUUVBM1hYTC9aUkJsdm12dU9sVnJ0anBKY3ZCSXdrWVpuNXd2Tk8raUZKeFgycFNsbWd5CndmS0ZHNzVESFBOK2NTSE5XdEM5Tlp5WC9xWkQrdFRiM242aU1hSVk4SUpYdFZRWHRVVG84YjdaYVhicHJqeUcKdXgwOVpMb3RITnVySk9sUS9Mb003WFljaC9ldjF0U08vY3hxU3djaFh5bW10RExUcVB0azRQKzJEZjZYa25ibAo3ZjArZXJEV2ZpekxrdGtoNXhtdzhFRDNKMUlPamFjSzBob3R0MExTR2VnREtwWThTVC9oZ0gwc2RKYlJXbkdvCjBXaTYyc2dCVlpjVkFodHFsZmJsUFVpR3dWUHhTWVhLd1NEaldRS1lnSjNZczNyNGdnR05GZ25tN3JwT1F1aHUKYmZremtUOTZDczlrR1JrWllFbVFFQ1lqZlg5SFd5VUU0NXRHQVFJREFRQUJBb0lCQUM0TlZDZHQrRXE1THV1MApwL0wxVzl4V2Q5bjlodk92V09uSFhZQnpKbXpKU3hYSVlyKzJteXYyLzNWS2hERnA3azV6aUZrWThIbU5vU2JNCnMxRWNBOFh1OTZFeDlhTzVNam5wYzhocm44SGc3cnlqRFFCbGx2SDJqakdKVTVoWUpWVjhxZm9LWE9vQVhYSSsKM3VKVHF3bmhtSFMxMEZyNkU4NDR3dFJRRUk5dGpoZXN2L3BKeFdkOVpxZ0Z0b1JOS1R4ZUNrbTRKYXU3bGxVOQpUQjI0Q2pGYStHVkF1TnJUbzlBbTF3K3QxMXYxSlYvaEZMdEN6Q3pZc3ozVjd6Tmo1M3hhRDdCSTJ6N1FkRysvClgvd0R1S0hhRmZIZklOTkUvYnRhMHNJVWdJNlNhcEVZYWhhU0d1VEZDWjdoeFkydEdXR0ticXRoQk9SQ1ZKdUkKN25WNjRJMENnWUVBN3NnbENZVVhiK210ek1zL0xiSmNscVMxNVplS0YybUcwcWhEUndvc1UyWWVCOVFQT2poVQo5aDErVytGMnhESG9udkZLVlJwQ2c5NWRFWGM3NjcwcHBOWGNGLzU4SzVQMURGZXJEYmw4ZmxZbC9hZUN3UyszCmduVEViNmRUMm1kNy83c1JoY0lOSEF6L3NsbDZPS1JtMkEranVBcXBCQ0llaFlKQ1g0SFNPSTBDZ1lFQTdXM2wKODFOK0pVb2xjWlFtK0VOVHhyVURMWStwQnZUUVJZekREbjNKMWMwZmhEQTIyS3NEeTJLYnlObkFmc3ZZU0RXdgpWWXpGV0NJZHFrM2Q5allzVWtnclhuRnRKcWhBSUJIajZRZXFubThlRXAwOC9Cd3FhMFNCcExobkRyaFJoQmxnCnBjVlVVRTMxWUcwbTBmZW90MXF4RUVvTzNjMmNuZGIvSzZDTUtFVUNnWUVBbWlFby94Y2d4TVZpd1dHa1cxdloKTmdnRnZiaHVrNlF6T2NFUkJFY0Z5Nk9MMk9QQ0hJT0dIQU4zcjlrK0wzQkR4bXpiM1VrQkRGdTVXVy9NaHVObwpnUlRtWjdxRjdoOG9PeHBQdUtFMVFkdGIxSHFQQlNKRzR2ZDZZTlB5WlhVTTdrcVRDZkx6UVZzR3BkbnA4YXYxCkVwd3R3cnRtMDlzdU5tR1pkRXE1Sm5VQ2dZQm8wNWV1R2RQZEZPSjVSZ2I2bjRjeWVTTGhEOGQ1NmNhMm5sSlUKYUpjZlRVUTM4YTJWZGRQa0RUSm91RE0wQ0Q0Q2k2bFE1U2tRSTJmamxDT0duQjV2YWF1ME0vSVVHajdOcWZodApIMVJtUlBzTER0OHBGQ3BxVjhIQmZ5VUpLN25aei9hSzJoZkNxTmpJYlFpeHRWMkpMb0owaGE0UW9jSWZNaGhSCkk3NGQzUUtCZ0gyT1dMU3N2dDhDWWxTbUh5OVdwcmRMcm9KZjA0SERZVGFjOE1tVnVBSWhmRk1Jb0pWZ0I2bUUKa0t6VnRCMlBUbitmcDFRRVkvUFVMRlIvb016NEY0bm5NYXUwY0ZJZllmNlVTR3pRL0p0cGJKa05FOUhiNGVXMQpEbGpTMEV2NCtXbzlEOGhhNjB1WGYxUjlDUUg1UWhReVpENWVzOHMrcUNhUGRaMy91ZE9tCi0tLS0tRU5EIFJTQSBQUklWQVRFIEtFWS0tLS0tCg==",
                            "master_auth.0.cluster_ca_certificate": "LS0tLS1CRUdJTiBDRVJUSUZJQ0FURS0tLS0tCk1JSURDekNDQWZPZ0F3SUJBZ0lRTzBtbENZRDhUcDlxdGRnTEtFM0RGakFOQmdrcWhraUc5dzBCQVFzRkFEQXYKTVMwd0t3WURWUVFERXlSaE16WXpZVFZqWkMwMk5EaGpMVFF4TjJFdE9UZGxZeTFpWVRJNE1HUmhZelJsWldVdwpIaGNOTVRjeE1EQTFNakl5TnpJeVdoY05Nakl4TURBME1qTXlOekl5V2pBdk1TMHdLd1lEVlFRREV5UmhNell6CllUVmpaQzAyTkRoakxUUXhOMkV0T1RkbFl5MWlZVEk0TUdSaFl6UmxaV1V3Z2dFaU1BMEdDU3FHU0liM0RRRUIKQVFVQUE0SUJEd0F3Z2dFS0FvSUJBUUNYRmhqWTdRaUx5T0pmMkNSK1Q5K1ppSGdKMjhUb3ZTQm0zdDdIWEIxOQpnUTNHUkdwYUpiMjVKYzd3TVlVWWdXZEVCa0ZnbCtVVDcyYkpjWWozcm9nWTkvNlpNNVlRYnRDaTZaeC9NaGIyCnBPd3NKcm9vRG8vVUhscmxvUVlIeXBQTVdRSUtCY2k3MEYrS2VZR2JtSXF5N0hiTUZNMmVCNEpjVzhHMkNVS3cKV2Q1N21xVkI3SkVnZlh6NjgzUlJHVDd5d05KYjVhQ01QVy9LSmxyOGk3U0VIOFJSUStpMTJVb1NDY3JmdWpJKwpWeHZXRHVoZlpFN2NpNlo4VSt6MnNQTitXWXFNMXh6QWRmZk83T2swNTRZaHMrSDM4TnMvZWNNSGVNcmJsRFA4CnNjWGdDVVJxaHFOUU16SmJGZGd1NDFTOWNvTldSZ1l0ZC8ySWJWb1BNamh2QWdNQkFBR2pJekFoTUE0R0ExVWQKRHdFQi93UUVBd0lDQkRBUEJnTlZIUk1CQWY4RUJUQURBUUgvTUEwR0NTcUdTSWIzRFFFQkN3VUFBNElCQVFBQgpnVmNhOEdUbm1qY0RRWHVTTXc2UTNnOCtHUDVVdStNSDlab1hibms1WW1KUjI5RVJncURHc1BDUEIyWmlaM3gzCjkybmRYRTRMZy9KMVFaUTRCRTRFbXF2VmZRUzE1ZjhnSTU3RjlqaHBYM1RibmxtTnFESVZJaWZLWjVoUGQ3UTgKTm8vOHNtaTV6cTdPdHZEZG1xRGtOajlFOUJ1R3FvSjhOaVNCekJ3eFJtNVZvRXU0aFY2bVR0V2Z5TkNRTzhCaQpiTUVIM3FhNmRScnZtcGhFT01XVEVKcWtEVW53Ny9VY3FxNXRlaWdJNHRqV2hjVHlkbzY2dkcwSVk3dmxqRGc5CnFJNGg3Zm01a2p6Z210c0k5N3hYZGI4TkJTWW9mUWVrQ2tXSDlHWlVPQ3pkdVg4QlhJQlJkdWE2UjV1bCs4K3UKWERibEN4Q1F3Y2VRN0o4Q2tCZEoKLS0tLS1FTkQgQ0VSVElGSUNBVEUtLS0tLQo=",
                            "master_auth.0.password": "coolpassword}",
                            "master_auth.0.username": "coolusername",
                            "monitoring_service": "monitoring.googleapis.com",
                            "name": "googlykubycluster",
                            "network": "default",
                            "node_config.#": "1",
                            "node_config.0.disk_size_gb": "100",
                            "node_config.0.image_type": "COS",
                            "node_config.0.labels.%": "1",
                            "node_config.0.labels.this-is-for": "dev-cluster",
                            "node_config.0.local_ssd_count": "0",
                            "node_config.0.machine_type": "n1-standard-1",
                            "node_config.0.metadata.%": "0",
                            "node_config.0.oauth_scopes.#": "4",
                            "node_config.0.oauth_scopes.0": "https://www.googleapis.com/auth/compute",
                            "node_config.0.oauth_scopes.1": "https://www.googleapis.com/auth/devstorage.read_only",
                            "node_config.0.oauth_scopes.2": "https://www.googleapis.com/auth/logging.write",
                            "node_config.0.oauth_scopes.3": "https://www.googleapis.com/auth/monitoring",
                            "node_config.0.preemptible": "false",
                            "node_config.0.service_account": "default",
                            "node_config.0.tags.#": "2",
                            "node_config.0.tags.0": "dev",
                            "node_config.0.tags.1": "work",
                            "node_pool.#": "1",
                            "node_pool.0.initial_node_count": "2",
                            "node_pool.0.name": "default-pool",
                            "node_pool.0.name_prefix": "",
                            "node_pool.0.node_config.#": "1",
                            "node_pool.0.node_config.0.disk_size_gb": "100",
                            "node_pool.0.node_config.0.image_type": "COS",
                            "node_pool.0.node_config.0.labels.%": "1",
                            "node_pool.0.node_config.0.labels.this-is-for": "dev-cluster",
                            "node_pool.0.node_config.0.local_ssd_count": "0",
                            "node_pool.0.node_config.0.machine_type": "n1-standard-1",
                            "node_pool.0.node_config.0.metadata.%": "0",
                            "node_pool.0.node_config.0.oauth_scopes.#": "4",
                            "node_pool.0.node_config.0.oauth_scopes.0": "https://www.googleapis.com/auth/compute",
                            "node_pool.0.node_config.0.oauth_scopes.1": "https://www.googleapis.com/auth/devstorage.read_only",
                            "node_pool.0.node_config.0.oauth_scopes.2": "https://www.googleapis.com/auth/logging.write",
                            "node_pool.0.node_config.0.oauth_scopes.3": "https://www.googleapis.com/auth/monitoring",
                            "node_pool.0.node_config.0.preemptible": "false",
                            "node_pool.0.node_config.0.service_account": "default",
                            "node_pool.0.node_config.0.tags.#": "2",
                            "node_pool.0.node_config.0.tags.0": "dev",
                            "node_pool.0.node_config.0.tags.1": "work",
                            "node_pool.0.node_count": "2",
                            "node_version": "1.7.6",
                            "subnetwork": "",
                            "zone": "us-west1-a"
                        },
                        "meta": {
                            "e2bfb730-ecaa-11e6-8f88-34363bc7c4c0": {
                                "create": 1800000000000,
                                "delete": 600000000000,
                                "update": 600000000000
                            },
                            "schema_version": "1"
                        },
                        "tainted": false
                    },
                    "deposed": [],
                    "provider": ""
                },
                "google_sourcerepo_repository.kubycoderepo": {
                    "type": "google_sourcerepo_repository",
                    "depends_on": [],
                    "primary": {
                        "id": "projects/thrashingcorecode/repos/kubyrepos",
                        "attributes": {
                            "id": "projects/thrashingcorecode/repos/kubyrepos",
                            "name": "kubyrepos",
                            "size": "0"
                        },
                        "meta": {},
                        "tainted": false
                    },
                    "deposed": [],
                    "provider": ""
                }
            },
            "depends_on": []
        }
    ]
}
