{
    "version": 3,
    "terraform_version": "0.10.0",
    "serial": 4,
    "lineage": "18fe72df-b86e-44e3-84bc-c7b741c0b022",
    "modules": [
        {
            "path": [
                "root"
            ],
            "outputs": {},
            "resources": {
                "google_compute_network.kubynetwork": {
                    "type": "google_compute_network",
                    "depends_on": [],
                    "primary": {
                        "id": "kubeynet",
                        "attributes": {
                            "auto_create_subnetworks": "true",
                            "gateway_ipv4": "",
                            "id": "kubeynet",
                            "ipv4_range": "",
                            "name": "kubeynet",
                            "self_link": "https://www.googleapis.com/compute/v1/projects/thrashingcorecode/global/networks/kubeynet"
                        },
                        "meta": {},
                        "tainted": false
                    },
                    "deposed": [],
                    "provider": ""
                }
            },
            "depends_on": []
        }
    ]
}
