{
    "version": 3,
    "terraform_version": "0.10.8",
    "serial": 22,
    "lineage": "c116ef32-753f-4b0c-8e5f-1ca4cb3ec0d4",
    "modules": [
        {
            "path": [
                "root"
            ],
            "outputs": {
                "gcp_cluster_endpoint": {
                    "sensitive": false,
                    "type": "string",
                    "value": "35.203.143.145"
                },
                "gcp_cluster_name": {
                    "sensitive": false,
                    "type": "string",
                    "value": "googlykubycluster"
                },
                "gcp_ssh_command": {
                    "sensitive": false,
                    "type": "string",
                    "value": "ssh coolusername@35.203.143.145"
                }
            },
            "resources": {
                "azurerm_resource_group.blue_kuby_group": {
                    "type": "azurerm_resource_group",
                    "depends_on": [],
                    "primary": {
                        "id": "/subscriptions/77ad15ff-226a-4aa9-bef3-648597374f9c/resourceGroups/bluekubygroup",
                        "attributes": {
                            "id": "/subscriptions/77ad15ff-226a-4aa9-bef3-648597374f9c/resourceGroups/bluekubygroup",
                            "location": "westus",
                            "name": "bluekubygroup",
                            "tags.%": "0"
                        },
                        "meta": {},
                        "tainted": false
                    },
                    "deposed": [],
                    "provider": ""
                },
                "google_container_cluster.googlykuby": {
                    "type": "google_container_cluster",
                    "depends_on": [],
                    "primary": {
                        "id": "googlykubycluster",
                        "attributes": {
                            "additional_zones.#": "2",
                            "additional_zones.3926883567": "us-west1-b",
                            "additional_zones.4078194094": "us-west1-c",
                            "cluster_ipv4_cidr": "10.60.0.0/14",
                            "description": "",
                            "enable_legacy_abac": "true",
                            "endpoint": "35.203.143.145",
                            "id": "googlykubycluster",
                            "initial_node_count": "2",
                            "instance_group_urls.#": "3",
                            "instance_group_urls.0": "https://www.googleapis.com/compute/v1/projects/thrashingcorecode/zones/us-west1-b/instanceGroups/gke-googlykubycluster-default-pool-b7d283e1-grp",
                            "instance_group_urls.1": "https://www.googleapis.com/compute/v1/projects/thrashingcorecode/zones/us-west1-c/instanceGroups/gke-googlykubycluster-default-pool-91c7df7d-grp",
                            "instance_group_urls.2": "https://www.googleapis.com/compute/v1/projects/thrashingcorecode/zones/us-west1-a/instanceGroups/gke-googlykubycluster-default-pool-6b94bf70-grp",
                            "logging_service": "logging.googleapis.com",
                            "master_auth.#": "1",
                            "master_auth.0.client_certificate": "LS0tLS1CRUdJTiBDRVJUSUZJQ0FURS0tLS0tCk1JSUMyekNDQWNPZ0F3SUJBZ0lSQU9zQkR5dUVreHZxdzhHQVlxdlFFdFl3RFFZSktvWklodmNOQVFFTEJRQXcKTHpFdE1Dc0dBMVVFQXhNa04yTmlOekZtWXpndE9XVXhZeTAwTjJKaUxXSm1ZakF0WkRkak9HSTROMlZrTXpZegpNQjRYRFRFM01URXpNREF6TWpJd00xb1hEVEl5TVRFeU9UQXpNakl3TTFvd0VURVBNQTBHQTFVRUF4TUdZMnhwClpXNTBNSUlCSWpBTkJna3Foa2lHOXcwQkFRRUZBQU9DQVE4QU1JSUJDZ0tDQVFFQXFZOWJrdCtJQkN4dUdKWkcKS3N1cjFJY2REblVJUmVvOENNVXBnRWNPWTd1ay9RM3NoTnpIaVZHK3NramY2Z0Vtc0hHdkJMbUhFL3plOElsMQpwK1FpOG1zL1ZEMXNpN0hXUmF1ZEhZQS9BNXF6eS9HTG1jUWhzcnFFdHA4WjlEREhGRk5WSURpSThUUFJrSk5DCkV0bC8vZVQ2ZEZreHpKT1I1K2Y0QXdQejVHUFZHQ0ZteG10MmhjeVN5T2MvQXVZMnZiVWlhclFCWGkzK2YwaE8KbXIwdTV6WGw3N2I5UFZ4STRHVmpaMnNuU2xlNkZCbzdMN2dudlhiQk1zZTdSeDZxdm8yZDZhQTlvZlR4TmxWQgozTkZWYW1laVZPeUVQd2NIbGh1STJiMWsvYUZGbkEwMzZRM3F4d1pCWm9qZmx1QlZOVndDTzVBS1hNZ25MNmZaCjBraUprd0lEQVFBQm94QXdEakFNQmdOVkhSTUJBZjhFQWpBQU1BMEdDU3FHU0liM0RRRUJDd1VBQTRJQkFRQ1EKMGlwR1Q0YTJGVUU4d2EwSzcva2pzQkhCUjFVTWh2b3EyS0dyYm5Va2tKR1o2U1hZR3NhdHJGRmxYT1NCZzFIQwpaVWJGTEZ0YzVud3krcVowRldkNUJZT3pMUENOS0tpenFndXFCN3QrUHB6K1p6WWdJelhMY3RnaVBTZ3FObUo1Cjh2S2JlUzZmNEhwdW5ucmZUaDFKWWVSNWZzMHdWelAwWXpBcFZrOUE3RFE1bFNBVUFLU0MvazJYOXJTc3k4dmQKN3A0YkI0TUpWeUxUVEg4emwvQTIySDZVckRTRENSY0dRb3BTOHpaZWlnWmFZcndVZWtIVlo2R0x0WG84Wjlqdgp6S2x2N01zQTJDNkowaFlRbUtnSVZwSVYzaFVJSm12Y2xLZGpIVi9WU3J3a0hMVjNrU3M5Vy9lNENLWTAxRWwvCkZ5WlAvZ2ZjQk12bFoxM0F5NEhqCi0tLS0tRU5EIENFUlRJRklDQVRFLS0tLS0K",
                            "master_auth.0.client_key": "LS0tLS1CRUdJTiBSU0EgUFJJVkFURSBLRVktLS0tLQpNSUlFcFFJQkFBS0NBUUVBcVk5Ymt0K0lCQ3h1R0paR0tzdXIxSWNkRG5VSVJlbzhDTVVwZ0VjT1k3dWsvUTNzCmhOekhpVkcrc2tqZjZnRW1zSEd2QkxtSEUvemU4SWwxcCtRaThtcy9WRDFzaTdIV1JhdWRIWUEvQTVxenkvR0wKbWNRaHNycUV0cDhaOURESEZGTlZJRGlJOFRQUmtKTkNFdGwvL2VUNmRGa3h6Sk9SNStmNEF3UHo1R1BWR0NGbQp4bXQyaGN5U3lPYy9BdVkydmJVaWFyUUJYaTMrZjBoT21yMHU1elhsNzdiOVBWeEk0R1ZqWjJzblNsZTZGQm83Ckw3Z252WGJCTXNlN1J4NnF2bzJkNmFBOW9mVHhObFZCM05GVmFtZWlWT3lFUHdjSGxodUkyYjFrL2FGRm5BMDMKNlEzcXh3WkJab2pmbHVCVk5Wd0NPNUFLWE1nbkw2Zlowa2lKa3dJREFRQUJBb0lCQUJ5QzZwY0wxMGM4WVZicApEZXRzUy94MHE4SWVrOEdOM1lKc0JNcDVLRVpFNnoxUjlnOXhRR3dxdnJJajV1TG1ScWNzdG8xSTFSbmJUM0dLCjY2bkxoc1RVbTlXQ2Jwb2UwVFR0NG9GdmF5a2ovayt3MGhTTkVrMkhaNEY5eDFOMFVFVnVyY1c1TysyekZPNEcKbFBtdWNRTTBXWmp1MXB6Ync1RUhSSURkVFVsOTZZSFpqdGVMREliOVlDZ2Y2c0Nlb0hNTmNFY2FhUiszaGR2Qgo5N0tDb0QwM3d6THJtQjdqVjQveWlhSHgvYlZIT25RU0QzVWFnVUdTQUFCanVHS2c1ekZQTThTd3Vhc1RUS2VVCnhXQStnV0lrMDVKR20vUGRrNTB4cUd3c3RDbUgxYjVvRmc4UUZLV20xbDJFUE1wUjdqSEl5S1owTnhjZ1JnV2IKK2lOMDlXRUNnWUVBNkFsZzliZXM5aHdBWEdkSG85eEtDYzJVVzdDUGs5djRWR3ZTTGE3VmxnalNRT2I5Yy9lUAozNllIL2NjWVVKcFNwS21QUFZ1blR0TVMvay9wR2E2QTl1NTFrMkd3WXY5Wjlyb1M5RXcwZTZVMDRVRzhaMkdxCmlaVERRYlExdU1aQnYxcjE4ZjQ4dmJoeGVTemFzaTlYWDl3ZEVXWUxQZi9Kdm5iNExuR1hXMzBDZ1lFQXV4STIKS0YzMmNHSWlSeXBWUzJsTHhmRURiYkgrNGN3cEZWTWQ5VlI3RitXTFVBcUVyNWQ5Und5Wk03ZEl0OXErQVN6cwpla1V5L04vb0kzZ3pvd2RCa3cyTmVDNXhEYjh6N3l6SEVQVEpDekNRa01iQlpCUU9pdk13N3pNcDBFK2dOd2hkCnNuaEpuQTczQUJBdFBiTUVjSkhiN0J6YzJqbFRsNEttOE0yMTVrOENnWUVBaFozWStzWXhVR3VoZlpSdnVabEIKL1ZFbnpJRG92UUZmaCtXcTIybWhUc3QzbjY0a1oySTR0RlljcGZPL09iTVVRZ1B1R3l3ck5RWHhHd2NUT1JtMgo0L3MvTTRaK2x4TnFUOXlveTRzU2NkMFpqVmxZVDhQNiswengvMlR4eHB4TUFoQTBMb3p6bDJDZDMyU0g3ekc1Cnc5YXgybklEcVVraGVJOXpyUEwyY05VQ2dZRUFvUmlFeE94dHpjZmtodTVndDJrODFIL0JtUlNBVHdoV2xNT1gKOSszQmR3bTRsN3dIR1lOV1lmbnFjSXUwdG9kTHVvMXFNNzBsdEhoSlcwb25CWXk1SHA2OEpqT3dMY3RyT051UgpyZnR1cWhFdlhVMmJ1c2crNGMrZFkwL25BVG1nMmVOOWRMUjdoMFduMVVrWS9Kb09CN2JEOGFmRlZMT3JWYjB3CmNBeG1TYWNDZ1lFQXZrYktqL2ViZ0dVZGhGNUN3V0lxWHJ5cktSN1ozT0thVEpHMkp1b1grRE1NdlpKRzgxZ04KWDJJN0g1a3QwUEpvOHdZSmVXRUtqd3B5Z3U0TTlHMUdzaGw2QUtiK0c1Q2JuRlRLTlEzZ3kreHNWakdhdVNJLwpKck9CU1U5UzZKS3MrTldUYU1wUFR4WkxvWnZyV0tBNDhJcUs0TmVOSWRXekhqeVk2eFdDLy9vPQotLS0tLUVORCBSU0EgUFJJVkFURSBLRVktLS0tLQo=",
                            "master_auth.0.cluster_ca_certificate": "LS0tLS1CRUdJTiBDRVJUSUZJQ0FURS0tLS0tCk1JSURERENDQWZTZ0F3SUJBZ0lSQUtJZVV2QThzWTNjRm9Ndkd1bzRFa0V3RFFZSktvWklodmNOQVFFTEJRQXcKTHpFdE1Dc0dBMVVFQXhNa04yTmlOekZtWXpndE9XVXhZeTAwTjJKaUxXSm1ZakF0WkRkak9HSTROMlZrTXpZegpNQjRYRFRFM01URXpNREF5TWpJd01sb1hEVEl5TVRFeU9UQXpNakl3TWxvd0x6RXRNQ3NHQTFVRUF4TWtOMk5pCk56Rm1Zemd0T1dVeFl5MDBOMkppTFdKbVlqQXRaRGRqT0dJNE4yVmtNell6TUlJQklqQU5CZ2txaGtpRzl3MEIKQVFFRkFBT0NBUThBTUlJQkNnS0NBUUVBeVcrZXVRRW0xWFh5YVYvb0NEc0VKSm5KSDZ0eEl1d3BOSGxBZjY5bwpJRkpIanZTWnZjM0d2OWJ4OXlGOHVwZDJKd1ZSTFNPaTVGQ0piNlZmYkp2NStZcSs1OG5mMWpGdTBSVXJ0d0pGCll1M0daOGdSaEs5WXZ5N0xhalhON014Z3MxN3lLK2ZBZUlxaUpZa0pNNkZpeEFWazAzdENoZlV0d1hWRTR3MmwKMi9CMEMxYVpGTkdsN0NRYngrRlhGS2xheUJzMEpQeWtBTHZmcDFLU09jcnN4M0U1c1pHRVg4ejQ4WlV6cmJuWAowNmF0NzBJeGhtUTIwQzJBVHNxd290S1Qvd3lObzl1WjZpTUxtQUpHUGVjYTNNV1pFQ1ZPTkRTZklQZkluNC81Ck5xdU12YURrZXdOS0N1RFY2Q2FLT2dJQjV1VmtkMUZLRlowS1pnTjVMUCtxQXdJREFRQUJveU13SVRBT0JnTlYKSFE4QkFmOEVCQU1DQWdRd0R3WURWUjBUQVFIL0JBVXdBd0VCL3pBTkJna3Foa2lHOXcwQkFRc0ZBQU9DQVFFQQp4dDV2djJZckptT2NkRWtFajd4eUhDTFcvaTlCYU56S041bE1BeXA3QVF5N21aRGp2SXNkVm1xUGRtcXJISGFRClJBZTA4MWFHeGtzZTFBejJPTTFwWEVIejc3ZjV6cW1TS0w2aFJCNzY3U04rWWNYMnBSeG82eHpPVzZGdmh2c2wKVFNnUDVLeHhyQW5iSHFTTktJMUpuVklkMjdwNU1VWFZYMGFxSDExdGZ3djAvOHJyNVlDL1plMkdKTFdvRDNITQpGN0EvbE56MFZiYUxnNEM5KzRyS2lZNGF2ekdtOUptZGNwU1VUUHhueFdTTDZSWmlGb2REWEtLdU9kSi9BL2pICkhQQzliYjhoY0k0YkM1Z2JrVXllNzBwRjFsTzlQV2NaNjFseTZydmdoL0h2cGJraWZIc0wyWXlsM2xoNk40SlEKdkpBQzhON3p1K2FTSVFqU3Fjb2dMdz09Ci0tLS0tRU5EIENFUlRJRklDQVRFLS0tLS0K",
                            "master_auth.0.password": "coolpassword}",
                            "master_auth.0.username": "coolusername",
                            "monitoring_service": "monitoring.googleapis.com",
                            "name": "googlykubycluster",
                            "network": "default",
                            "node_config.#": "1",
                            "node_config.0.disk_size_gb": "100",
                            "node_config.0.image_type": "COS",
                            "node_config.0.labels.%": "1",
                            "node_config.0.labels.this-is-for": "dev-cluster",
                            "node_config.0.local_ssd_count": "0",
                            "node_config.0.machine_type": "n1-standard-1",
                            "node_config.0.metadata.%": "0",
                            "node_config.0.oauth_scopes.#": "4",
                            "node_config.0.oauth_scopes.0": "https://www.googleapis.com/auth/compute",
                            "node_config.0.oauth_scopes.1": "https://www.googleapis.com/auth/devstorage.read_only",
                            "node_config.0.oauth_scopes.2": "https://www.googleapis.com/auth/logging.write",
                            "node_config.0.oauth_scopes.3": "https://www.googleapis.com/auth/monitoring",
                            "node_config.0.preemptible": "false",
                            "node_config.0.service_account": "default",
                            "node_config.0.tags.#": "2",
                            "node_config.0.tags.0": "dev",
                            "node_config.0.tags.1": "work",
                            "node_pool.#": "1",
                            "node_pool.0.initial_node_count": "2",
                            "node_pool.0.name": "default-pool",
                            "node_pool.0.name_prefix": "",
                            "node_pool.0.node_config.#": "1",
                            "node_pool.0.node_config.0.disk_size_gb": "100",
                            "node_pool.0.node_config.0.image_type": "COS",
                            "node_pool.0.node_config.0.labels.%": "1",
                            "node_pool.0.node_config.0.labels.this-is-for": "dev-cluster",
                            "node_pool.0.node_config.0.local_ssd_count": "0",
                            "node_pool.0.node_config.0.machine_type": "n1-standard-1",
                            "node_pool.0.node_config.0.metadata.%": "0",
                            "node_pool.0.node_config.0.oauth_scopes.#": "4",
                            "node_pool.0.node_config.0.oauth_scopes.0": "https://www.googleapis.com/auth/compute",
                            "node_pool.0.node_config.0.oauth_scopes.1": "https://www.googleapis.com/auth/devstorage.read_only",
                            "node_pool.0.node_config.0.oauth_scopes.2": "https://www.googleapis.com/auth/logging.write",
                            "node_pool.0.node_config.0.oauth_scopes.3": "https://www.googleapis.com/auth/monitoring",
                            "node_pool.0.node_config.0.preemptible": "false",
                            "node_pool.0.node_config.0.service_account": "default",
                            "node_pool.0.node_config.0.tags.#": "2",
                            "node_pool.0.node_config.0.tags.0": "dev",
                            "node_pool.0.node_config.0.tags.1": "work",
                            "node_pool.0.node_count": "2",
                            "node_version": "1.7.8-gke.0",
                            "subnetwork": "",
                            "zone": "us-west1-a"
                        },
                        "meta": {
                            "e2bfb730-ecaa-11e6-8f88-34363bc7c4c0": {
                                "create": 1800000000000,
                                "delete": 600000000000,
                                "update": 600000000000
                            },
                            "schema_version": "1"
                        },
                        "tainted": false
                    },
                    "deposed": [],
                    "provider": ""
                }
            },
            "depends_on": []
        }
    ]
}
