{
    "version": 3,
    "terraform_version": "0.10.0",
    "serial": 4,
    "lineage": "c116ef32-753f-4b0c-8e5f-1ca4cb3ec0d4",
    "modules": [
        {
            "path": [
                "root"
            ],
            "outputs": {
                "gcp_cluster_name": {
                    "sensitive": false,
                    "type": "string",
                    "value": "googlykubycluster"
                }
            },
            "resources": {
                "azurerm_container_service.bluekuby": {
                    "type": "azurerm_container_service",
                    "depends_on": [
                        "azurerm_resource_group.blue_kuby_group"
                    ],
                    "primary": {
                        "id": "/subscriptions/77ad15ff-226a-4aa9-bef3-648597374f9c/resourceGroups/bluekubygroup/providers/Microsoft.ContainerService/containerServices/bluekubyhouse",
                        "attributes": {
                            "agent_pool_profile.#": "1",
                            "agent_pool_profile.4286314600.count": "3",
                            "agent_pool_profile.4286314600.dns_prefix": "kuby.house",
                            "agent_pool_profile.4286314600.fqdn": "",
                            "agent_pool_profile.4286314600.name": "default",
                            "agent_pool_profile.4286314600.vm_size": "Standard_A0",
                            "diagnostics_profile.#": "1",
                            "diagnostics_profile.734881840.enabled": "false",
                            "diagnostics_profile.734881840.storage_uri": "",
                            "id": "/subscriptions/77ad15ff-226a-4aa9-bef3-648597374f9c/resourceGroups/bluekubygroup/providers/Microsoft.ContainerService/containerServices/bluekubyhouse",
                            "linux_profile.#": "1",
                            "linux_profile.1362204836.admin_username": "coolusername",
                            "linux_profile.1362204836.ssh_key.#": "1",
                            "linux_profile.1362204836.ssh_key.994404834.key_data": "ssh-rsa AAAAB3NzaC1yc2EAAAADAQABAAACAQC3Wwmr3DXQJwDeVRtuMQx2k3jGXPDOPDMHiT+AVfhmwqwGMCDCOpeJo4CK6s6nIvOqr+XREgccHgGu8ao58CX8rUi9bL0BxNtKbrTaevWd7w+JoJAG3jBXmsXYyhkH2wkyf4qw3ba740XZdq6/gBqr5S+QvB7lkL+qPa7IgfaU4dcwK2dzgW+Rs0/aS6cdio5HS7mmuDSScst8nA0FH6KlvMchdiA40AC/OhJ+FJlT6esR1hXVLf1GiZAqZfnCXDVBHOichpcFSLpsl/2a3RPvMJEsVco67gZ+xJ7Ex3buVv6qpaR3H08x9xhSYNCyCM5UfAXeu20fJeSCvZAOyCgnEMbBH6HtHY9uRHo/8yqu7XzqJpHXDe2VOmn1VPjbl21GIZUZfE9HVaXQR620YBQ/NanxTT9BXdDPXMBsPZA6EiYEIn1SKxL8Ze82aIlkVCaWkoHHGHxWAIXjOGkD3tPEJ4TuoDxtIEmu4ERnHLB4+4WKDgFZKVgAOM60xaCOvfDnZW1SA75fuyy+AHShJsZivGyY+jtaTMwSGOyeAtX7wJClWCGWM0zH8JZinWfz+RBh9qwMUCXgavHxVnu2Jc5vATTDB/Vw7oJz19XZRCZThx5deTmCAN+AeVv/0FH3PKtI4EHsVgOR57VAq9xXMrMJ6A/03t5NG23lWolijCNT9w== adron@thrashingcode.com",
                            "location": "westus",
                            "master_profile.#": "1",
                            "master_profile.1498715451.count": "1",
                            "master_profile.1498715451.dns_prefix": "bluekubycluster",
                            "master_profile.1498715451.fqdn": "bluekubycluster.westus.cloudapp.azure.com",
                            "name": "bluekubyhouse",
                            "orchestration_platform": "Kubernetes",
                            "resource_group_name": "bluekubygroup",
                            "service_principal.#": "1",
                            "service_principal.408466820.client_id": "d2fcd2db-3c91-403c-9e09-a48e57ebde42",
                            "service_principal.408466820.client_secret": "",
                            "tags.%": "1",
                            "tags.Environment": "Production"
                        },
                        "meta": {},
                        "tainted": false
                    },
                    "deposed": [],
                    "provider": ""
                },
                "azurerm_resource_group.blue_kuby_group": {
                    "type": "azurerm_resource_group",
                    "depends_on": [],
                    "primary": {
                        "id": "/subscriptions/77ad15ff-226a-4aa9-bef3-648597374f9c/resourceGroups/bluekubygroup",
                        "attributes": {
                            "id": "/subscriptions/77ad15ff-226a-4aa9-bef3-648597374f9c/resourceGroups/bluekubygroup",
                            "location": "westus",
                            "name": "bluekubygroup",
                            "tags.%": "0"
                        },
                        "meta": {},
                        "tainted": false
                    },
                    "deposed": [],
                    "provider": ""
                }
            },
            "depends_on": []
        }
    ]
}
