{
    "version": 3,
    "terraform_version": "0.10.0",
    "serial": 28,
    "lineage": "b42208be-51d5-4c60-be94-3ad1c81b1311",
    "modules": [
        {
            "path": [
                "root"
            ],
            "outputs": {
                "azure_master_dns_fqdn": {
                    "sensitive": false,
                    "type": "string",
                    "value": "1"
                },
                "azure_ssh_command": {
                    "sensitive": false,
                    "type": "string",
                    "value": "ssh coolusername@1 -A -p 22"
                },
                "gcp_cluster_endpoint": {
                    "sensitive": false,
                    "type": "string",
                    "value": "104.199.115.20"
                },
                "gcp_ssh_command": {
                    "sensitive": false,
                    "type": "string",
                    "value": "ssh coolusername@104.199.115.20"
                }
            },
            "resources": {
                "azurerm_container_service.kubyhousecontainers": {
                    "type": "azurerm_container_service",
                    "depends_on": [
                        "azurerm_resource_group.kubernetes_house"
                    ],
                    "primary": {
                        "id": "/subscriptions/a2c16d7f-c792-4c77-9b4a-f5c646c1fa9a/resourceGroups/kuberneteshouse/providers/Microsoft.ContainerService/containerServices/kubecontainers",
                        "attributes": {
                            "agent_pool_profile.#": "1",
                            "agent_pool_profile.3381225627.count": "2",
                            "agent_pool_profile.3381225627.dns_prefix": "kuby.house",
                            "agent_pool_profile.3381225627.fqdn": "",
                            "agent_pool_profile.3381225627.name": "default",
                            "agent_pool_profile.3381225627.vm_size": "Standard_A0",
                            "diagnostics_profile.#": "1",
                            "diagnostics_profile.734881840.enabled": "false",
                            "diagnostics_profile.734881840.storage_uri": "",
                            "id": "/subscriptions/a2c16d7f-c792-4c77-9b4a-f5c646c1fa9a/resourceGroups/kuberneteshouse/providers/Microsoft.ContainerService/containerServices/kubecontainers",
                            "linux_profile.#": "1",
                            "linux_profile.1362204836.admin_username": "coolusername",
                            "linux_profile.1362204836.ssh_key.#": "1",
                            "linux_profile.1362204836.ssh_key.994404834.key_data": "ssh-rsa AAAAB3NzaC1yc2EAAAADAQABAAACAQC3Wwmr3DXQJwDeVRtuMQx2k3jGXPDOPDMHiT+AVfhmwqwGMCDCOpeJo4CK6s6nIvOqr+XREgccHgGu8ao58CX8rUi9bL0BxNtKbrTaevWd7w+JoJAG3jBXmsXYyhkH2wkyf4qw3ba740XZdq6/gBqr5S+QvB7lkL+qPa7IgfaU4dcwK2dzgW+Rs0/aS6cdio5HS7mmuDSScst8nA0FH6KlvMchdiA40AC/OhJ+FJlT6esR1hXVLf1GiZAqZfnCXDVBHOichpcFSLpsl/2a3RPvMJEsVco67gZ+xJ7Ex3buVv6qpaR3H08x9xhSYNCyCM5UfAXeu20fJeSCvZAOyCgnEMbBH6HtHY9uRHo/8yqu7XzqJpHXDe2VOmn1VPjbl21GIZUZfE9HVaXQR620YBQ/NanxTT9BXdDPXMBsPZA6EiYEIn1SKxL8Ze82aIlkVCaWkoHHGHxWAIXjOGkD3tPEJ4TuoDxtIEmu4ERnHLB4+4WKDgFZKVgAOM60xaCOvfDnZW1SA75fuyy+AHShJsZivGyY+jtaTMwSGOyeAtX7wJClWCGWM0zH8JZinWfz+RBh9qwMUCXgavHxVnu2Jc5vATTDB/Vw7oJz19XZRCZThx5deTmCAN+AeVv/0FH3PKtI4EHsVgOR57VAq9xXMrMJ6A/03t5NG23lWolijCNT9w== adron@thrashingcode.com",
                            "location": "westus",
                            "master_profile.#": "1",
                            "master_profile.1771707756.count": "1",
                            "master_profile.1771707756.dns_prefix": "kubyhouse",
                            "master_profile.1771707756.fqdn": "kubyhouse.westus.cloudapp.azure.com",
                            "name": "kubecontainers",
                            "orchestration_platform": "Kubernetes",
                            "resource_group_name": "kuberneteshouse",
                            "service_principal.#": "1",
                            "service_principal.2369879929.client_id": "eadcc95b-505d-4d26-8c57-378ca808b757",
                            "service_principal.2369879929.client_secret": "",
                            "tags.%": "1",
                            "tags.Environment": "Production"
                        },
                        "meta": {},
                        "tainted": false
                    },
                    "deposed": [],
                    "provider": ""
                },
                "azurerm_resource_group.kubernetes_house": {
                    "type": "azurerm_resource_group",
                    "depends_on": [],
                    "primary": {
                        "id": "/subscriptions/a2c16d7f-c792-4c77-9b4a-f5c646c1fa9a/resourceGroups/kuberneteshouse",
                        "attributes": {
                            "id": "/subscriptions/a2c16d7f-c792-4c77-9b4a-f5c646c1fa9a/resourceGroups/kuberneteshouse",
                            "location": "westus",
                            "name": "kuberneteshouse",
                            "tags.%": "0"
                        },
                        "meta": {},
                        "tainted": false
                    },
                    "deposed": [],
                    "provider": ""
                },
                "google_container_cluster.primary": {
                    "type": "google_container_cluster",
                    "depends_on": [],
                    "primary": {
                        "id": "kubyhouse",
                        "attributes": {
                            "additional_zones.#": "2",
                            "additional_zones.3926883567": "us-west1-b",
                            "additional_zones.4078194094": "us-west1-c",
                            "cluster_ipv4_cidr": "10.56.0.0/14",
                            "description": "",
                            "enable_legacy_abac": "true",
                            "endpoint": "104.199.115.20",
                            "id": "kubyhouse",
                            "initial_node_count": "1",
                            "instance_group_urls.#": "3",
                            "instance_group_urls.0": "https://www.googleapis.com/compute/v1/projects/that-big-universe/zones/us-west1-b/instanceGroups/gke-kubyhouse-default-pool-90b546f0-grp",
                            "instance_group_urls.1": "https://www.googleapis.com/compute/v1/projects/that-big-universe/zones/us-west1-c/instanceGroups/gke-kubyhouse-default-pool-474373f7-grp",
                            "instance_group_urls.2": "https://www.googleapis.com/compute/v1/projects/that-big-universe/zones/us-west1-a/instanceGroups/gke-kubyhouse-default-pool-91ec5647-grp",
                            "logging_service": "logging.googleapis.com",
                            "master_auth.#": "1",
                            "master_auth.0.client_certificate": "LS0tLS1CRUdJTiBDRVJUSUZJQ0FURS0tLS0tCk1JSUMyekNDQWNPZ0F3SUJBZ0lSQUxucTBnVXgwZWZWbUkvM1JuV29sM013RFFZSktvWklodmNOQVFFTEJRQXcKTHpFdE1Dc0dBMVVFQXhNa01qSTFNbVUxWmpNdFl6SmhNQzAwTlRJNExUbG1OREV0WWpSbU1HWXdZekkzWmpWaApNQjRYRFRFM01Ea3dNVEl5TVRZMU9Gb1hEVEl5TURnek1USXlNVFkxT0Zvd0VURVBNQTBHQTFVRUF4TUdZMnhwClpXNTBNSUlCSWpBTkJna3Foa2lHOXcwQkFRRUZBQU9DQVE4QU1JSUJDZ0tDQVFFQXM1dHBtZ3lsN3RCYk9CTFMKMGNVVjNsdVplMXhROHFwTzVPUlN5bFJ3N2o5d1pWUEdYd1hVWDBoaXJNa0p2dVZ1YlVEYzBpL0hpd2Zvd1g0bAo0SXgrZzNmN3JYbHNIVHlvREs3UFp3ZU84R3B5czB2MXhoTDVDVjF4M1pJa1loS1h4MmZKeHlBOXVsZUJ6dW95CkxNcHRKNVFqbnBDVUZXbHVkQnV1ODI3bXRvSTJGcnZ3bnd3V09DU05jVDlva0xlZ0JVdm1oYURVR3FSTTZLWWMKSDJ0eFNETkJQV0RSbjRORml2OURKK1NIdi9JTHc1WXpadWFtTGxtZlp0Z2syVEtXZk4ydjhBcmYyRGJXcTd2NQpFUUpOelQ0NkJUbnFuK3ViS1RkSkp0Q0xHTzBuVDdWYjhjYWRaOCtXNnlGL3RGZUszQ2t4d2FSd0ZxMndXczlHCnlwT3JMUUlEQVFBQm94QXdEakFNQmdOVkhSTUJBZjhFQWpBQU1BMEdDU3FHU0liM0RRRUJDd1VBQTRJQkFRQkMKZGgrT3hNWGwvWGhKa0loL1N1UjhsTmNyL1ptNmNTdzFNL25EQ0psVm55RW9uamExSWNQMmpVNUMwY3dZSlAwUwpwc2pwTkpQMHYyYmlMMUFNSlNkT2x0WlVyTDVrakEwY2tPTW5COEpvdWZyVTdBdm9NaEw2eUN6dFVKNHJKVnBlCmRGeVQvNmd2NTNTc0k0UEkvY3Y5R1dUQXJBWGRGbjdjVW1ZVENncjRKQnhqS2I3dndyQzlUaXMrbnJLakVWeHgKYW5DbHNNMVNGajB3OWhHMnowbFVyaE5OS0ZORmJ3TUIwa0o1QXM3U1JOc3FJVlFWczRkanhvZnN1V1drWU1HUQpUV2NKeHhOdnVmanZETFozbFR6ZUF2S08vMzR4RSt0MW5IeUZncG5RZm1BcnNoZ1dhcFdjWi9zMkN5MHpZZXlhCnV5Nk5NMSthQzlBSGk5dEN3WGNzCi0tLS0tRU5EIENFUlRJRklDQVRFLS0tLS0K",
                            "master_auth.0.client_key": "LS0tLS1CRUdJTiBSU0EgUFJJVkFURSBLRVktLS0tLQpNSUlFcFFJQkFBS0NBUUVBczV0cG1neWw3dEJiT0JMUzBjVVYzbHVaZTF4UThxcE81T1JTeWxSdzdqOXdaVlBHClh3WFVYMGhpck1rSnZ1VnViVURjMGkvSGl3Zm93WDRsNEl4K2czZjdyWGxzSFR5b0RLN1Bad2VPOEdweXMwdjEKeGhMNUNWMXgzWklrWWhLWHgyZkp4eUE5dWxlQnp1b3lMTXB0SjVRam5wQ1VGV2x1ZEJ1dTgyN210b0kyRnJ2dwpud3dXT0NTTmNUOW9rTGVnQlV2bWhhRFVHcVJNNktZY0gydHhTRE5CUFdEUm40TkZpdjlESitTSHYvSUx3NVl6Clp1YW1MbG1mWnRnazJUS1dmTjJ2OEFyZjJEYldxN3Y1RVFKTnpUNDZCVG5xbit1YktUZEpKdENMR08wblQ3VmIKOGNhZFo4K1c2eUYvdEZlSzNDa3h3YVJ3RnEyd1dzOUd5cE9yTFFJREFRQUJBb0lCQVFDY0k4bWtZTWFJWEo1UQpteHludkp5TVdEbVA0dXVFYXNaM2VuNzI0bjNpd1VmbTd2T1BmRFBxT2JWKzNLOGFRNzdDUUJjNHFzemdjeG5ICnpQRUV5MTdZMEIvOTZZY3h5NStVbHd3N1Yzak9UTncyUHgwRSswMkE5TG1lbEFRSk5ueTRuK1BzdG55eldJdkMKNUJxR2tkeGZBZ3dOTjBkbGJlaldDNU1Ha2kwRUQ2NHpqQ2FNb3ZnY1BOVGUyN2x4ZlVQQlZ0cXhJdHkwQ2c1SgpETlJ1TVlWT2lwTW5GVnBsL3VsZXFGTHBFMFRsNTRjWGhyWm1JblZsOWlZLzZMdDhSN0J2dzltSENoY2tUcjVsCk12THEwNHlJOGtmOS95cGtBTHdvNFo2d2d6YXgvazFPVzFKVVpRKzBidDJkdTVEUndCZVRlUnVSRTlqOFpLU04KYzUrdU1hVEpBb0dCQU5ORVFITWtSSnZCamNvZDBiTnBqSGgzZVlpeUU5MVZneEtXTys4QjRMbUQ2Yjg1c2VtTApwL3QrU1VKQmNtV3VmS09YU1FTRCtPWTQ3ZnFpQnZOY0lVQmNZRUc2cCtGNnp3OU02ZzlMUW43V3JjRk4wdUhyCkVGNzZFVk1SMFh4SVdZTEJuZ3pxSUttcVg1TUNlWDJoL1NCdGw0WnJYUWFaYy9CU25iRytBajhuQW9HQkFObWoKREwxS0l4eGxRalFaZlZNdEZtaHZLQ2s0R0I4WS8zYkFaV3kzdHlaTkZMMTlLNUlFS1FJQm9jU0tTYlBqUkF4YwpsazZkT2FKb3M3bE5oblJ4WEtpVXZSOFQ4dzVuY2FKR0xvbDkwK2UrN3hQcHVOUHc3M2phcUYzNW1NUjQrS2VpCmJML3lmTmFTYUVsZlNGRVg4cDExbzJ3TFBCL3FSM05Mbm5lY0pqZUxBb0dBWXRMS1V4SGtCZmZFRzRkWFVGVlAKSUFyRER1NDkzSXJqaFE1QmVzdW1FeUZoZGRISEp6ZnNtL2UyelFkUU84QWpEV0wzQk9XMngvcFpWNlB6SEdNOApLcDhMWjdPb1ZCRGVTb252OHJlQm8xTkljK096Z1hvemJqb0xZSkExTGEycU1UL2dicW9XSFVkVTdhOTZwUW5oCkhnb2xsdnNoeUxSL1J5dGVHSWFKQm9FQ2dZRUFwMHZwSFJFQ1VHK2VKb0o1amhpWW93cmZhbUFPV3NsU2h5eDYKU3NvbVpiRFhBcHBYaGRUZzJRUDhJQ0xWYVF5SVlLQkRnb2JscU95blN3aEhGUGVYYkpkNWtZdzZTSlpJQ1orOQpZajl4UnpIRWdpQWx6ZlhsZjVkRjJZZG1ZWkZFUTBoZUpHYjRnOURqalpOSytkdFl5cVdGVENhT3YxSE9QdGlnCkpmM0lldVVDZ1lFQW81NUh2Q1hLdVpPRXdNM09WMUxhanRPVk0wRlI5eDNyVGg5UVRTQzBOMTJTRHc4OGNCM1gKZWRhS21JOXhRK1NQcFo0aFN1TktXVkt6SXZYbFh5RWljZWxZRXhaWU1Wbmx2REk2c0tzbitMUHhGNlc5RG5EegprRmpvYWtRZEtrMjJORC9LbVhJZ1o1T1BCZVZSQlRFR3FOaDcrQ05uMllUUUZ4Uk84QnJNWDJnPQotLS0tLUVORCBSU0EgUFJJVkFURSBLRVktLS0tLQo=",
                            "master_auth.0.cluster_ca_certificate": "LS0tLS1CRUdJTiBDRVJUSUZJQ0FURS0tLS0tCk1JSURDekNDQWZPZ0F3SUJBZ0lRQWlhc1VKb0tGRFFhQW55aEloT2NoakFOQmdrcWhraUc5dzBCQVFzRkFEQXYKTVMwd0t3WURWUVFERXlReU1qVXlaVFZtTXkxak1tRXdMVFExTWpndE9XWTBNUzFpTkdZd1pqQmpNamRtTldFdwpIaGNOTVRjd09UQXhNakV4TmpVM1doY05Nakl3T0RNeE1qSXhOalUzV2pBdk1TMHdLd1lEVlFRREV5UXlNalV5ClpUVm1NeTFqTW1Fd0xUUTFNamd0T1dZME1TMWlOR1l3WmpCak1qZG1OV0V3Z2dFaU1BMEdDU3FHU0liM0RRRUIKQVFVQUE0SUJEd0F3Z2dFS0FvSUJBUUNyL1dmUFp2Vkd4UWtHZmhJNk1BQWlQTWdseUR2SzRUYXVIYWZVWm1kYgpMeUFET09hNDQwRzdCSGhQVFBFamJwcy9wOGY3cXpjSnhXeHVWTGVkU3V5OGtMQks2TUVaUmI3T3YySG9rUGhUCmpPdmxqL1dQSWhuTXRML014R2xUN25zUCtvTWZTSFR4VUdqeEtTRWlEcSswTHZsU0dZWGo5S1dSL3IrdTlBY0oKbmZST29CZXYrZkxpZEl6d28yME1zSkZ6QmRjVzM0NXNiTlJnUWc0ZEFZWkJXVlFvTUtOSXFPOU5lN1NzT09abAplL0lmR1Foa1dZdlNwbnJYS3NJOXVvWTl4cnJLWHlFSnhaSXBDYmR4NGFNT1Bjb2JoVnpjMWU2aVJoekl3Mm5DCkZCeHkvY0FScHBkcTc5SWVaTG9rc2dsVWNJczYzUmk2VFdWdjJLNzJJNDNIQWdNQkFBR2pJekFoTUE0R0ExVWQKRHdFQi93UUVBd0lDQkRBUEJnTlZIUk1CQWY4RUJUQURBUUgvTUEwR0NTcUdTSWIzRFFFQkN3VUFBNElCQVFCUQpyOCtURzRvVnNPVG5ualZ4clR4MWxuQ0EyTzg0cEZVTU5RS1Q3WG1OSEdsMkU3dE15RzE1ZVN2U1MzOGFqMXN5CjVxNmlvajY4dDF0d0RwSS8reVJnZHBXYjZvM2NTcDM4cFg5NjFyVWhsTFhYZHB2RVh3TFZoRTZORFRTTUQwVWkKTG5yRnQybWJXR1VHQmxGd3M0QlZMdDBQT1MxVWpBTWZzN2ZkbGpiM1gvVzZTR0FSbXJLbUxBVmQrZDNwMjVYagpoeXEwNmNQbllBMXlTM3BtUjJrZ0dmZXIwb2dTR3ozR1czYUJRS2o4VGphVUpBdFVYcmVGb2tRMWdLZjl5bm9vCjY0NnIvOVJoZ21qTlNsMkM4Tzh0Mm5jQjg4cVhiUTlzbDhXMHRreU5ZM1Urc3kwcXUwRnM5SW5OTzE3d2g3emQKOUFVZ0VCRSsvSEErVjREdzVBOEEKLS0tLS1FTkQgQ0VSVElGSUNBVEUtLS0tLQo=",
                            "master_auth.0.password": "this should be an environment variable}",
                            "master_auth.0.username": "coolusername",
                            "monitoring_service": "monitoring.googleapis.com",
                            "name": "kubyhouse",
                            "network": "default",
                            "node_config.#": "1",
                            "node_config.0.disk_size_gb": "100",
                            "node_config.0.image_type": "COS",
                            "node_config.0.labels.%": "1",
                            "node_config.0.labels.foo": "bar",
                            "node_config.0.local_ssd_count": "0",
                            "node_config.0.machine_type": "n1-standard-1",
                            "node_config.0.metadata.%": "0",
                            "node_config.0.oauth_scopes.#": "4",
                            "node_config.0.oauth_scopes.0": "https://www.googleapis.com/auth/compute",
                            "node_config.0.oauth_scopes.1": "https://www.googleapis.com/auth/devstorage.read_only",
                            "node_config.0.oauth_scopes.2": "https://www.googleapis.com/auth/logging.write",
                            "node_config.0.oauth_scopes.3": "https://www.googleapis.com/auth/monitoring",
                            "node_config.0.service_account": "default",
                            "node_config.0.tags.#": "2",
                            "node_config.0.tags.0": "foo",
                            "node_config.0.tags.1": "bar",
                            "node_pool.#": "1",
                            "node_pool.0.initial_node_count": "1",
                            "node_pool.0.name": "default-pool",
                            "node_pool.0.name_prefix": "",
                            "node_pool.0.node_config.#": "1",
                            "node_pool.0.node_config.0.disk_size_gb": "100",
                            "node_pool.0.node_config.0.image_type": "COS",
                            "node_pool.0.node_config.0.labels.%": "1",
                            "node_pool.0.node_config.0.labels.foo": "bar",
                            "node_pool.0.node_config.0.local_ssd_count": "0",
                            "node_pool.0.node_config.0.machine_type": "n1-standard-1",
                            "node_pool.0.node_config.0.metadata.%": "0",
                            "node_pool.0.node_config.0.oauth_scopes.#": "4",
                            "node_pool.0.node_config.0.oauth_scopes.0": "https://www.googleapis.com/auth/compute",
                            "node_pool.0.node_config.0.oauth_scopes.1": "https://www.googleapis.com/auth/devstorage.read_only",
                            "node_pool.0.node_config.0.oauth_scopes.2": "https://www.googleapis.com/auth/logging.write",
                            "node_pool.0.node_config.0.oauth_scopes.3": "https://www.googleapis.com/auth/monitoring",
                            "node_pool.0.node_config.0.service_account": "default",
                            "node_pool.0.node_config.0.tags.#": "2",
                            "node_pool.0.node_config.0.tags.0": "foo",
                            "node_pool.0.node_config.0.tags.1": "bar",
                            "node_version": "1.6.7",
                            "subnetwork": "",
                            "zone": "us-west1-a"
                        },
                        "meta": {
                            "e2bfb730-ecaa-11e6-8f88-34363bc7c4c0": {
                                "create": 1800000000000,
                                "delete": 600000000000,
                                "update": 600000000000
                            },
                            "schema_version": "1"
                        },
                        "tainted": false
                    },
                    "deposed": [],
                    "provider": ""
                }
            },
            "depends_on": []
        }
    ]
}
